// !$*UTF8*$!
{
	archiveVersion = 1;
	classes = {
	};
	objectVersion = 46;
	objects = {

/* Begin PBXBuildFile section */
		1D3B055B1B71CEBF00675F9E /* LoadingViewController.m in Sources */ = {isa = PBXBuildFile; fileRef = 1D3B055A1B71CEBF00675F9E /* LoadingViewController.m */; };
		1D487B391B4A344000A64137 /* Story1.storyboard in Resources */ = {isa = PBXBuildFile; fileRef = 1D487B381B4A344000A64137 /* Story1.storyboard */; };
		1D4FA3BE1B727B1D001181C6 /* blue_minimalistic_gradient_colors_1200x1920.png in Resources */ = {isa = PBXBuildFile; fileRef = 1D4FA3BD1B727B1D001181C6 /* blue_minimalistic_gradient_colors_1200x1920.png */; };
		1D4FA3C01B727B23001181C6 /* blue_minimalistic_gradient_colors_1920x1200.png in Resources */ = {isa = PBXBuildFile; fileRef = 1D4FA3BF1B727B23001181C6 /* blue_minimalistic_gradient_colors_1920x1200.png */; };
		1D725B701B8794A90006521E /* iStock_000019163656_Double.jpg in Resources */ = {isa = PBXBuildFile; fileRef = 1D725B6F1B8794A90006521E /* iStock_000019163656_Double.jpg */; };
		1D725B721B8795730006521E /* iStock_000024540608_Double.jpg in Resources */ = {isa = PBXBuildFile; fileRef = 1D725B711B8795730006521E /* iStock_000024540608_Double.jpg */; };
		1D725B741B8796B30006521E /* iStock_000047232464_Full.jpg in Resources */ = {isa = PBXBuildFile; fileRef = 1D725B731B8796B30006521E /* iStock_000047232464_Full.jpg */; };
		1D8617AD1AFACA650047DE56 /* main.m in Sources */ = {isa = PBXBuildFile; fileRef = 1D8617AC1AFACA650047DE56 /* main.m */; };
		1D8617BB1AFACA650047DE56 /* Images.xcassets in Resources */ = {isa = PBXBuildFile; fileRef = 1D8617BA1AFACA650047DE56 /* Images.xcassets */; };
		1D8617BE1AFACA650047DE56 /* LaunchScreen.xib in Resources */ = {isa = PBXBuildFile; fileRef = 1D8617BC1AFACA650047DE56 /* LaunchScreen.xib */; };
		1D8A32CA1B57F9A1006343E1 /* Icon-72.png in Resources */ = {isa = PBXBuildFile; fileRef = 1D8A32C81B57F9A1006343E1 /* Icon-72.png */; };
		1D8A32CB1B57F9A1006343E1 /* Icon.png in Resources */ = {isa = PBXBuildFile; fileRef = 1D8A32C91B57F9A1006343E1 /* Icon.png */; };
		1DAB27E41B37213600A2FA5D /* MessageUI.framework in Frameworks */ = {isa = PBXBuildFile; fileRef = 1DAB27E31B37213600A2FA5D /* MessageUI.framework */; };
		1DAB4BC21B6DDFF1008F186F /* 01-refresh.png in Resources */ = {isa = PBXBuildFile; fileRef = 1DAB4B741B6DDFF0008F186F /* 01-refresh.png */; };
		1DAB4BC31B6DDFF1008F186F /* 06-magnify.png in Resources */ = {isa = PBXBuildFile; fileRef = 1DAB4B751B6DDFF0008F186F /* 06-magnify.png */; };
		1DAB4BC41B6DDFF1008F186F /* 08-chat.png in Resources */ = {isa = PBXBuildFile; fileRef = 1DAB4B761B6DDFF0008F186F /* 08-chat.png */; };
		1DAB4BC51B6DDFF1008F186F /* 111-user.png in Resources */ = {isa = PBXBuildFile; fileRef = 1DAB4B771B6DDFF0008F186F /* 111-user.png */; };
		1DAB4BC61B6DDFF1008F186F /* 117-todo.png in Resources */ = {isa = PBXBuildFile; fileRef = 1DAB4B781B6DDFF0008F186F /* 117-todo.png */; };
		1DAB4BC71B6DDFF1008F186F /* 13-target.png in Resources */ = {isa = PBXBuildFile; fileRef = 1DAB4B791B6DDFF0008F186F /* 13-target.png */; };
		1DAB4BC81B6DDFF1008F186F /* 18-envelope.png in Resources */ = {isa = PBXBuildFile; fileRef = 1DAB4B7A1B6DDFF0008F186F /* 18-envelope.png */; };
		1DAB4BC91B6DDFF1008F186F /* 187-pencil.png in Resources */ = {isa = PBXBuildFile; fileRef = 1DAB4B7B1B6DDFF0008F186F /* 187-pencil.png */; };
		1DAB4BCA1B6DDFF1008F186F /* 19-gear.png in Resources */ = {isa = PBXBuildFile; fileRef = 1DAB4B7C1B6DDFF0008F186F /* 19-gear.png */; };
		1DAB4BCB1B6DDFF1008F186F /* 1x.png in Resources */ = {isa = PBXBuildFile; fileRef = 1DAB4B7D1B6DDFF0008F186F /* 1x.png */; };
		1DAB4BCC1B6DDFF1008F186F /* 28-star.png in Resources */ = {isa = PBXBuildFile; fileRef = 1DAB4B7E1B6DDFF0008F186F /* 28-star.png */; };
		1DAB4BCD1B6DDFF1008F186F /* 2x.png in Resources */ = {isa = PBXBuildFile; fileRef = 1DAB4B7F1B6DDFF0008F186F /* 2x.png */; };
		1DAB4BCE1B6DDFF1008F186F /* 3x.png in Resources */ = {isa = PBXBuildFile; fileRef = 1DAB4B801B6DDFF0008F186F /* 3x.png */; };
		1DAB4BCF1B6DDFF1008F186F /* 53-house.png in Resources */ = {isa = PBXBuildFile; fileRef = 1DAB4B811B6DDFF0008F186F /* 53-house.png */; };
		1DAB4BD01B6DDFF1008F186F /* 5starsgray.png in Resources */ = {isa = PBXBuildFile; fileRef = 1DAB4B821B6DDFF0008F186F /* 5starsgray.png */; };
		1DAB4BD11B6DDFF1008F186F /* 76-baby.png in Resources */ = {isa = PBXBuildFile; fileRef = 1DAB4B831B6DDFF0008F186F /* 76-baby.png */; };
		1DAB4BD21B6DDFF1008F186F /* 81-dashboard.png in Resources */ = {isa = PBXBuildFile; fileRef = 1DAB4B841B6DDFF0008F186F /* 81-dashboard.png */; };
		1DAB4BD31B6DDFF1008F186F /* 85-trophy.png in Resources */ = {isa = PBXBuildFile; fileRef = 1DAB4B851B6DDFF0008F186F /* 85-trophy.png */; };
		1DAB4BD41B6DDFF1008F186F /* 86-camera.png in Resources */ = {isa = PBXBuildFile; fileRef = 1DAB4B861B6DDFF0008F186F /* 86-camera.png */; };
		1DAB4BD51B6DDFF1008F186F /* Accords.png in Resources */ = {isa = PBXBuildFile; fileRef = 1DAB4B871B6DDFF0008F186F /* Accords.png */; };
		1DAB4BD61B6DDFF1008F186F /* accountsShot.png in Resources */ = {isa = PBXBuildFile; fileRef = 1DAB4B881B6DDFF0008F186F /* accountsShot.png */; };
		1DAB4BD71B6DDFF1008F186F /* addToFavoritesShot.png in Resources */ = {isa = PBXBuildFile; fileRef = 1DAB4B891B6DDFF0008F186F /* addToFavoritesShot.png */; };
		1DAB4BD81B6DDFF1008F186F /* Baby with tongue out.jpg in Resources */ = {isa = PBXBuildFile; fileRef = 1DAB4B8A1B6DDFF0008F186F /* Baby with tongue out.jpg */; };
		1DAB4BD91B6DDFF1008F186F /* Badge1000.png in Resources */ = {isa = PBXBuildFile; fileRef = 1DAB4B8B1B6DDFF0008F186F /* Badge1000.png */; };
		1DAB4BDA1B6DDFF1008F186F /* Badge150.png in Resources */ = {isa = PBXBuildFile; fileRef = 1DAB4B8C1B6DDFF0008F186F /* Badge150.png */; };
		1DAB4BDB1B6DDFF1008F186F /* Badge1500.png in Resources */ = {isa = PBXBuildFile; fileRef = 1DAB4B8D1B6DDFF0008F186F /* Badge1500.png */; };
		1DAB4BDC1B6DDFF1008F186F /* Badge2000.png in Resources */ = {isa = PBXBuildFile; fileRef = 1DAB4B8E1B6DDFF0008F186F /* Badge2000.png */; };
		1DAB4BDD1B6DDFF1008F186F /* Badge2500.png in Resources */ = {isa = PBXBuildFile; fileRef = 1DAB4B8F1B6DDFF0008F186F /* Badge2500.png */; };
		1DAB4BDE1B6DDFF1008F186F /* Badge3000.png in Resources */ = {isa = PBXBuildFile; fileRef = 1DAB4B901B6DDFF0008F186F /* Badge3000.png */; };
		1DAB4BDF1B6DDFF1008F186F /* Badge3500.png in Resources */ = {isa = PBXBuildFile; fileRef = 1DAB4B911B6DDFF0008F186F /* Badge3500.png */; };
		1DAB4BE01B6DDFF1008F186F /* Badge400.png in Resources */ = {isa = PBXBuildFile; fileRef = 1DAB4B921B6DDFF0008F186F /* Badge400.png */; };
		1DAB4BE11B6DDFF1008F186F /* Badge4000.png in Resources */ = {isa = PBXBuildFile; fileRef = 1DAB4B931B6DDFF0008F186F /* Badge4000.png */; };
		1DAB4BE21B6DDFF1008F186F /* Badge4500.png in Resources */ = {isa = PBXBuildFile; fileRef = 1DAB4B941B6DDFF0008F186F /* Badge4500.png */; };
		1DAB4BE31B6DDFF1008F186F /* Badge5000.png in Resources */ = {isa = PBXBuildFile; fileRef = 1DAB4B951B6DDFF0008F186F /* Badge5000.png */; };
		1DAB4BE41B6DDFF1008F186F /* Badge700.png in Resources */ = {isa = PBXBuildFile; fileRef = 1DAB4B961B6DDFF0008F186F /* Badge700.png */; };
		1DAB4BE51B6DDFF1008F186F /* badges.png in Resources */ = {isa = PBXBuildFile; fileRef = 1DAB4B971B6DDFF0008F186F /* badges.png */; };
		1DAB4BE61B6DDFF1008F186F /* badgesShot.png in Resources */ = {isa = PBXBuildFile; fileRef = 1DAB4B981B6DDFF0008F186F /* badgesShot.png */; };
		1DAB4BE71B6DDFF1008F186F /* BB3120.png in Resources */ = {isa = PBXBuildFile; fileRef = 1DAB4B991B6DDFF0008F186F /* BB3120.png */; };
		1DAB4BE81B6DDFF1008F186F /* BB3152.png in Resources */ = {isa = PBXBuildFile; fileRef = 1DAB4B9A1B6DDFF0008F186F /* BB3152.png */; };
		1DAB4BE91B6DDFF1008F186F /* BB357.png in Resources */ = {isa = PBXBuildFile; fileRef = 1DAB4B9B1B6DDFF1008F186F /* BB357.png */; };
		1DAB4BEA1B6DDFF1008F186F /* BB372.png in Resources */ = {isa = PBXBuildFile; fileRef = 1DAB4B9C1B6DDFF1008F186F /* BB372.png */; };
		1DAB4BEB1B6DDFF1008F186F /* BB376.png in Resources */ = {isa = PBXBuildFile; fileRef = 1DAB4B9D1B6DDFF1008F186F /* BB376.png */; };
		1DAB4BEC1B6DDFF1008F186F /* BB3_AbousUs.png in Resources */ = {isa = PBXBuildFile; fileRef = 1DAB4B9E1B6DDFF1008F186F /* BB3_AbousUs.png */; };
		1DAB4BED1B6DDFF1008F186F /* BB3_AboutUs.png in Resources */ = {isa = PBXBuildFile; fileRef = 1DAB4B9F1B6DDFF1008F186F /* BB3_AboutUs.png */; };
		1DAB4BEE1B6DDFF1008F186F /* BB3_logo-icon_WEB_rgb.png in Resources */ = {isa = PBXBuildFile; fileRef = 1DAB4BA01B6DDFF1008F186F /* BB3_logo-icon_WEB_rgb.png */; };
		1DAB4BEF1B6DDFF1008F186F /* BB3_logo-icon_WEB_rgb_28x28.png in Resources */ = {isa = PBXBuildFile; fileRef = 1DAB4BA11B6DDFF1008F186F /* BB3_logo-icon_WEB_rgb_28x28.png */; };
		1DAB4BF01B6DDFF1008F186F /* BB3_logo_horiz_WEB_rgb.png in Resources */ = {isa = PBXBuildFile; fileRef = 1DAB4BA21B6DDFF1008F186F /* BB3_logo_horiz_WEB_rgb.png */; };
		1DAB4BF11B6DDFF1008F186F /* BB3_logo_vert-tag_WEB_rgb_1024.png in Resources */ = {isa = PBXBuildFile; fileRef = 1DAB4BA31B6DDFF1008F186F /* BB3_logo_vert-tag_WEB_rgb_1024.png */; };
		1DAB4BF21B6DDFF1008F186F /* childrens.png in Resources */ = {isa = PBXBuildFile; fileRef = 1DAB4BA41B6DDFF1008F186F /* childrens.png */; };
		1DAB4BF31B6DDFF1008F186F /* daniels.png in Resources */ = {isa = PBXBuildFile; fileRef = 1DAB4BA51B6DDFF1008F186F /* daniels.png */; };
		1DAB4BF41B6DDFF1008F186F /* dashboardShot.png in Resources */ = {isa = PBXBuildFile; fileRef = 1DAB4BA61B6DDFF1008F186F /* dashboardShot.png */; };
		1DAB4BF51B6DDFF1008F186F /* facebook-Logo.jpg in Resources */ = {isa = PBXBuildFile; fileRef = 1DAB4BA71B6DDFF1008F186F /* facebook-Logo.jpg */; };
		1DAB4BF61B6DDFF1008F186F /* facebookShot.png in Resources */ = {isa = PBXBuildFile; fileRef = 1DAB4BA81B6DDFF1008F186F /* facebookShot.png */; };
		1DAB4BF71B6DDFF1008F186F /* favoritesShot.png in Resources */ = {isa = PBXBuildFile; fileRef = 1DAB4BA91B6DDFF1008F186F /* favoritesShot.png */; };
		1DAB4BF81B6DDFF1008F186F /* glyphicons-157-show-thumbnails.png in Resources */ = {isa = PBXBuildFile; fileRef = 1DAB4BAA1B6DDFF1008F186F /* glyphicons-157-show-thumbnails.png */; };
		1DAB4BF91B6DDFF1008F186F /* goals.jpg in Resources */ = {isa = PBXBuildFile; fileRef = 1DAB4BAB1B6DDFF1008F186F /* goals.jpg */; };
		1DAB4BFA1B6DDFF1008F186F /* goalsShot.png in Resources */ = {isa = PBXBuildFile; fileRef = 1DAB4BAC1B6DDFF1008F186F /* goalsShot.png */; };
		1DAB4BFB1B6DDFF1008F186F /* icon-120.png in Resources */ = {isa = PBXBuildFile; fileRef = 1DAB4BAD1B6DDFF1008F186F /* icon-120.png */; };
		1DAB4BFC1B6DDFF1008F186F /* icon-152.png in Resources */ = {isa = PBXBuildFile; fileRef = 1DAB4BAE1B6DDFF1008F186F /* icon-152.png */; };
		1DAB4BFD1B6DDFF1008F186F /* icon-76.png in Resources */ = {isa = PBXBuildFile; fileRef = 1DAB4BAF1B6DDFF1008F186F /* icon-76.png */; };
		1DAB4BFE1B6DDFF1008F186F /* iStock_000015216865_Large.jpg in Resources */ = {isa = PBXBuildFile; fileRef = 1DAB4BB01B6DDFF1008F186F /* iStock_000015216865_Large.jpg */; };
		1DAB4BFF1B6DDFF1008F186F /* iStock_000024919385_XXXLarge.jpg in Resources */ = {isa = PBXBuildFile; fileRef = 1DAB4BB11B6DDFF1008F186F /* iStock_000024919385_XXXLarge.jpg */; };
		1DAB4C001B6DDFF1008F186F /* messages.jpeg in Resources */ = {isa = PBXBuildFile; fileRef = 1DAB4BB21B6DDFF1008F186F /* messages.jpeg */; };
		1DAB4C011B6DDFF1008F186F /* minutesShot.png in Resources */ = {isa = PBXBuildFile; fileRef = 1DAB4BB31B6DDFF1008F186F /* minutesShot.png */; };
		1DAB4C021B6DDFF1008F186F /* Mom reading with baby - anglo.jpg in Resources */ = {isa = PBXBuildFile; fileRef = 1DAB4BB41B6DDFF1008F186F /* Mom reading with baby - anglo.jpg */; };
		1DAB4C031B6DDFF1008F186F /* Mom reading with baby - anglo_launch.png in Resources */ = {isa = PBXBuildFile; fileRef = 1DAB4BB51B6DDFF1008F186F /* Mom reading with baby - anglo_launch.png */; };
		1DAB4C041B6DDFF1008F186F /* network.jpg in Resources */ = {isa = PBXBuildFile; fileRef = 1DAB4BB61B6DDFF1008F186F /* network.jpg */; };
		1DAB4C051B6DDFF1008F186F /* page1.png in Resources */ = {isa = PBXBuildFile; fileRef = 1DAB4BB71B6DDFF1008F186F /* page1.png */; };
		1DAB4C061B6DDFF1008F186F /* page2.png in Resources */ = {isa = PBXBuildFile; fileRef = 1DAB4BB81B6DDFF1008F186F /* page2.png */; };
		1DAB4C071B6DDFF1008F186F /* page3.png in Resources */ = {isa = PBXBuildFile; fileRef = 1DAB4BB91B6DDFF1008F186F /* page3.png */; };
		1DAB4C081B6DDFF1008F186F /* page4.png in Resources */ = {isa = PBXBuildFile; fileRef = 1DAB4BBA1B6DDFF1008F186F /* page4.png */; };
		1DAB4C091B6DDFF1008F186F /* Piton.png in Resources */ = {isa = PBXBuildFile; fileRef = 1DAB4BBB1B6DDFF1008F186F /* Piton.png */; };
		1DAB4C0A1B6DDFF1008F186F /* rateMessage.png in Resources */ = {isa = PBXBuildFile; fileRef = 1DAB4BBC1B6DDFF1008F186F /* rateMessage.png */; };
		1DAB4C0B1B6DDFF1008F186F /* setGoals.png in Resources */ = {isa = PBXBuildFile; fileRef = 1DAB4BBD1B6DDFF1008F186F /* setGoals.png */; };
		1DAB4C0C1B6DDFF1008F186F /* Toddler on grass.jpg in Resources */ = {isa = PBXBuildFile; fileRef = 1DAB4BBE1B6DDFF1008F186F /* Toddler on grass.jpg */; };
		1DAB4C0D1B6DDFF1008F186F /* twitter@2x.png in Resources */ = {isa = PBXBuildFile; fileRef = 1DAB4BBF1B6DDFF1008F186F /* twitter@2x.png */; };
		1DAB4C0E1B6DDFF1008F186F /* Untitled.png in Resources */ = {isa = PBXBuildFile; fileRef = 1DAB4BC01B6DDFF1008F186F /* Untitled.png */; };
		1DAB4C0F1B6DDFF1008F186F /* walton.png in Resources */ = {isa = PBXBuildFile; fileRef = 1DAB4BC11B6DDFF1008F186F /* walton.png */; };
		1DAB4C1A1B6DE016008F186F /* HTPressableButton.m in Sources */ = {isa = PBXBuildFile; fileRef = 1DAB4C131B6DE016008F186F /* HTPressableButton.m */; };
		1DAB4C1B1B6DE016008F186F /* HTPressableButtonPrefs.m in Sources */ = {isa = PBXBuildFile; fileRef = 1DAB4C151B6DE016008F186F /* HTPressableButtonPrefs.m */; };
		1DAB4C1C1B6DE016008F186F /* UIColor+HTColor.m in Sources */ = {isa = PBXBuildFile; fileRef = 1DAB4C171B6DE016008F186F /* UIColor+HTColor.m */; };
		1DAB4C1D1B6DE016008F186F /* UIImage+HTButton.m in Sources */ = {isa = PBXBuildFile; fileRef = 1DAB4C191B6DE016008F186F /* UIImage+HTButton.m */; };
		1DAB4C561B6DE751008F186F /* ACPButton.m in Sources */ = {isa = PBXBuildFile; fileRef = 1DAB4C1F1B6DE751008F186F /* ACPButton.m */; };
		1DAB4CAB1B6DE75A008F186F /* DKCircleButton.m in Sources */ = {isa = PBXBuildFile; fileRef = 1DAB4C811B6DE75A008F186F /* DKCircleButton.m */; };
		1DAB4CAC1B6DE75A008F186F /* IQNSArray+Sort.m in Sources */ = {isa = PBXBuildFile; fileRef = 1DAB4C851B6DE75A008F186F /* IQNSArray+Sort.m */; };
		1DAB4CAD1B6DE75A008F186F /* IQUITextFieldView+Additions.m in Sources */ = {isa = PBXBuildFile; fileRef = 1DAB4C871B6DE75A008F186F /* IQUITextFieldView+Additions.m */; };
		1DAB4CAE1B6DE75A008F186F /* IQUIView+Hierarchy.m in Sources */ = {isa = PBXBuildFile; fileRef = 1DAB4C891B6DE75A008F186F /* IQUIView+Hierarchy.m */; };
		1DAB4CAF1B6DE75A008F186F /* IQUIViewController+Additions.m in Sources */ = {isa = PBXBuildFile; fileRef = 1DAB4C8B1B6DE75A008F186F /* IQUIViewController+Additions.m */; };
		1DAB4CB01B6DE75A008F186F /* IQUIWindow+Hierarchy.m in Sources */ = {isa = PBXBuildFile; fileRef = 1DAB4C8D1B6DE75A008F186F /* IQUIWindow+Hierarchy.m */; };
		1DAB4CB11B6DE75A008F186F /* IQKeyboardManager.m in Sources */ = {isa = PBXBuildFile; fileRef = 1DAB4C921B6DE75A008F186F /* IQKeyboardManager.m */; };
		1DAB4CB21B6DE75A008F186F /* IQKeyboardReturnKeyHandler.m in Sources */ = {isa = PBXBuildFile; fileRef = 1DAB4C941B6DE75A008F186F /* IQKeyboardReturnKeyHandler.m */; };
		1DAB4CB31B6DE75A008F186F /* IQSegmentedNextPrevious.m in Sources */ = {isa = PBXBuildFile; fileRef = 1DAB4C971B6DE75A008F186F /* IQSegmentedNextPrevious.m */; };
		1DAB4CB41B6DE75A008F186F /* IQTextView.m in Sources */ = {isa = PBXBuildFile; fileRef = 1DAB4C9A1B6DE75A008F186F /* IQTextView.m */; };
		1DAB4CB51B6DE75A008F186F /* IQBarButtonItem.m in Sources */ = {isa = PBXBuildFile; fileRef = 1DAB4C9D1B6DE75A008F186F /* IQBarButtonItem.m */; };
		1DAB4CB61B6DE75A008F186F /* IQTitleBarButtonItem.m in Sources */ = {isa = PBXBuildFile; fileRef = 1DAB4C9F1B6DE75A008F186F /* IQTitleBarButtonItem.m */; };
		1DAB4CB71B6DE75A008F186F /* IQToolbar.m in Sources */ = {isa = PBXBuildFile; fileRef = 1DAB4CA11B6DE75A008F186F /* IQToolbar.m */; };
		1DAB4CB81B6DE75A008F186F /* IQUIView+IQKeyboardToolbar.m in Sources */ = {isa = PBXBuildFile; fileRef = 1DAB4CA31B6DE75A008F186F /* IQUIView+IQKeyboardToolbar.m */; };
		1DAB4CB91B6DE75A008F186F /* IQKeyboardManager.bundle in Resources */ = {isa = PBXBuildFile; fileRef = 1DAB4CA61B6DE75A008F186F /* IQKeyboardManager.bundle */; };
		1DAB4CBA1B6DE75A008F186F /* MRoundedButton.m in Sources */ = {isa = PBXBuildFile; fileRef = 1DAB4CA81B6DE75A008F186F /* MRoundedButton.m */; };
		1DAB4CF61B6DE8F0008F186F /* AppDelegate.m in Sources */ = {isa = PBXBuildFile; fileRef = 1DAB4CBE1B6DE8F0008F186F /* AppDelegate.m */; };
		1DAB4CF71B6DE8F0008F186F /* AboutUsViewController.m in Sources */ = {isa = PBXBuildFile; fileRef = 1DAB4CC11B6DE8F0008F186F /* AboutUsViewController.m */; };
		1DAB4CF81B6DE8F0008F186F /* badgeViewController.m in Sources */ = {isa = PBXBuildFile; fileRef = 1DAB4CC31B6DE8F0008F186F /* badgeViewController.m */; };
		1DAB4CF91B6DE8F0008F186F /* Dashboard.m in Sources */ = {isa = PBXBuildFile; fileRef = 1DAB4CC51B6DE8F0008F186F /* Dashboard.m */; };
		1DAB4CFA1B6DE8F0008F186F /* DashboardViewController.m in Sources */ = {isa = PBXBuildFile; fileRef = 1DAB4CC71B6DE8F0008F186F /* DashboardViewController.m */; };
		1DAB4CFB1B6DE8F0008F186F /* EnrollNow.m in Sources */ = {isa = PBXBuildFile; fileRef = 1DAB4CC91B6DE8F0008F186F /* EnrollNow.m */; };
		1DAB4CFC1B6DE8F0008F186F /* FavoriteMessagesViewController.m in Sources */ = {isa = PBXBuildFile; fileRef = 1DAB4CCB1B6DE8F0008F186F /* FavoriteMessagesViewController.m */; };
		1DAB4CFD1B6DE8F0008F186F /* FirstViewController.m in Sources */ = {isa = PBXBuildFile; fileRef = 1DAB4CCD1B6DE8F0008F186F /* FirstViewController.m */; };
		1DAB4CFE1B6DE8F0008F186F /* FormTableController.m in Sources */ = {isa = PBXBuildFile; fileRef = 1DAB4CCF1B6DE8F0008F186F /* FormTableController.m */; };
		1DAB4CFF1B6DE8F0008F186F /* GoalsViewController.m in Sources */ = {isa = PBXBuildFile; fileRef = 1DAB4CD11B6DE8F0008F186F /* GoalsViewController.m */; };
		1DAB4D001B6DE8F0008F186F /* LibraryViewController.m in Sources */ = {isa = PBXBuildFile; fileRef = 1DAB4CD31B6DE8F0008F186F /* LibraryViewController.m */; };
		1DAB4D011B6DE8F0008F186F /* LoginViewController.m in Sources */ = {isa = PBXBuildFile; fileRef = 1DAB4CD51B6DE8F0008F186F /* LoginViewController.m */; };
		1DAB4D021B6DE8F0008F186F /* LogMinutes.m in Sources */ = {isa = PBXBuildFile; fileRef = 1DAB4CD71B6DE8F0008F186F /* LogMinutes.m */; };
		1DAB4D031B6DE8F0008F186F /* MyAccountViewController.m in Sources */ = {isa = PBXBuildFile; fileRef = 1DAB4CD91B6DE8F0008F186F /* MyAccountViewController.m */; };
		1DAB4D041B6DE8F0008F186F /* NetworkViewController.m in Sources */ = {isa = PBXBuildFile; fileRef = 1DAB4CDB1B6DE8F0008F186F /* NetworkViewController.m */; };
		1DAB4D051B6DE8F0008F186F /* PageContentViewController.m in Sources */ = {isa = PBXBuildFile; fileRef = 1DAB4CDD1B6DE8F0008F186F /* PageContentViewController.m */; };
		1DAB4D061B6DE8F0008F186F /* PictureViewController.m in Sources */ = {isa = PBXBuildFile; fileRef = 1DAB4CDF1B6DE8F0008F186F /* PictureViewController.m */; };
		1DAB4D071B6DE8F0008F186F /* QuizResponse.m in Sources */ = {isa = PBXBuildFile; fileRef = 1DAB4CE11B6DE8F0008F186F /* QuizResponse.m */; };
		1DAB4D081B6DE8F0008F186F /* rateMessage.m in Sources */ = {isa = PBXBuildFile; fileRef = 1DAB4CE31B6DE8F0008F186F /* rateMessage.m */; };
		1DAB4D091B6DE8F0008F186F /* SecondViewController.m in Sources */ = {isa = PBXBuildFile; fileRef = 1DAB4CE51B6DE8F0008F186F /* SecondViewController.m */; };
		1DAB4D0A1B6DE8F0008F186F /* SettingsViewController.m in Sources */ = {isa = PBXBuildFile; fileRef = 1DAB4CE71B6DE8F0008F186F /* SettingsViewController.m */; };
		1DAB4D0B1B6DE8F0008F186F /* SignupController.m in Sources */ = {isa = PBXBuildFile; fileRef = 1DAB4CE91B6DE8F0008F186F /* SignupController.m */; };
		1DAB4D0C1B6DE8F0008F186F /* signUpViewController.m in Sources */ = {isa = PBXBuildFile; fileRef = 1DAB4CEB1B6DE8F0008F186F /* signUpViewController.m */; };
		1DAB4D0D1B6DE8F0008F186F /* StartViewController.m in Sources */ = {isa = PBXBuildFile; fileRef = 1DAB4CED1B6DE8F0008F186F /* StartViewController.m */; };
		1DAB4D0E1B6DE8F0008F186F /* TextDetailsViewController.m in Sources */ = {isa = PBXBuildFile; fileRef = 1DAB4CEF1B6DE8F0008F186F /* TextDetailsViewController.m */; };
		1DAB4D0F1B6DE8F0008F186F /* TextMessageViewController.m in Sources */ = {isa = PBXBuildFile; fileRef = 1DAB4CF11B6DE8F0008F186F /* TextMessageViewController.m */; };
		1DAB4D101B6DE8F0008F186F /* tutorialDetails.m in Sources */ = {isa = PBXBuildFile; fileRef = 1DAB4CF31B6DE8F0008F186F /* tutorialDetails.m */; };
		1DAB4D111B6DE8F0008F186F /* TutorialViewController.m in Sources */ = {isa = PBXBuildFile; fileRef = 1DAB4CF51B6DE8F0008F186F /* TutorialViewController.m */; };
		1DAB4D141B6DE928008F186F /* StarRatingView.m in Sources */ = {isa = PBXBuildFile; fileRef = 1DAB4D131B6DE928008F186F /* StarRatingView.m */; };
/* End PBXBuildFile section */

/* Begin PBXFileReference section */
		1D3B055A1B71CEBF00675F9E /* LoadingViewController.m */ = {isa = PBXFileReference; fileEncoding = 4; lastKnownFileType = sourcecode.c.objc; path = LoadingViewController.m; sourceTree = "<group>"; };
		1D3B055C1B71CECC00675F9E /* LoadingViewController.h */ = {isa = PBXFileReference; lastKnownFileType = sourcecode.c.h; path = LoadingViewController.h; sourceTree = "<group>"; };
		1D487B381B4A344000A64137 /* Story1.storyboard */ = {isa = PBXFileReference; fileEncoding = 4; lastKnownFileType = file.storyboard; path = Story1.storyboard; sourceTree = "<group>"; };
		1D4FA3BD1B727B1D001181C6 /* blue_minimalistic_gradient_colors_1200x1920.png */ = {isa = PBXFileReference; lastKnownFileType = image.png; path = blue_minimalistic_gradient_colors_1200x1920.png; sourceTree = "<group>"; };
		1D4FA3BF1B727B23001181C6 /* blue_minimalistic_gradient_colors_1920x1200.png */ = {isa = PBXFileReference; lastKnownFileType = image.png; path = blue_minimalistic_gradient_colors_1920x1200.png; sourceTree = "<group>"; };
		1D725B6F1B8794A90006521E /* iStock_000019163656_Double.jpg */ = {isa = PBXFileReference; lastKnownFileType = image.jpeg; path = iStock_000019163656_Double.jpg; sourceTree = "<group>"; };
		1D725B711B8795730006521E /* iStock_000024540608_Double.jpg */ = {isa = PBXFileReference; lastKnownFileType = image.jpeg; path = iStock_000024540608_Double.jpg; sourceTree = "<group>"; };
		1D725B731B8796B30006521E /* iStock_000047232464_Full.jpg */ = {isa = PBXFileReference; lastKnownFileType = image.jpeg; path = iStock_000047232464_Full.jpg; sourceTree = "<group>"; };
		1D8617A71AFACA650047DE56 /* BrightbyThree.app */ = {isa = PBXFileReference; explicitFileType = wrapper.application; includeInIndex = 0; path = BrightbyThree.app; sourceTree = BUILT_PRODUCTS_DIR; };
		1D8617AB1AFACA650047DE56 /* Info.plist */ = {isa = PBXFileReference; lastKnownFileType = text.plist.xml; path = Info.plist; sourceTree = "<group>"; };
		1D8617AC1AFACA650047DE56 /* main.m */ = {isa = PBXFileReference; lastKnownFileType = sourcecode.c.objc; path = main.m; sourceTree = "<group>"; };
		1D8617BA1AFACA650047DE56 /* Images.xcassets */ = {isa = PBXFileReference; lastKnownFileType = folder.assetcatalog; path = Images.xcassets; sourceTree = "<group>"; };
		1D8617BD1AFACA650047DE56 /* Base */ = {isa = PBXFileReference; lastKnownFileType = file.xib; name = Base; path = Base.lproj/LaunchScreen.xib; sourceTree = "<group>"; };
		1D8A32C81B57F9A1006343E1 /* Icon-72.png */ = {isa = PBXFileReference; lastKnownFileType = image.png; name = "Icon-72.png"; path = "BrightbyThree/Images.xcassets/Icon.png.imageset/Icon-72.png"; sourceTree = "<group>"; };
		1D8A32C91B57F9A1006343E1 /* Icon.png */ = {isa = PBXFileReference; lastKnownFileType = image.png; name = Icon.png; path = BrightbyThree/Images.xcassets/Icon.png.imageset/Icon.png; sourceTree = "<group>"; };
		1DAB27E31B37213600A2FA5D /* MessageUI.framework */ = {isa = PBXFileReference; lastKnownFileType = wrapper.framework; name = MessageUI.framework; path = System/Library/Frameworks/MessageUI.framework; sourceTree = SDKROOT; };
		1DAB4B741B6DDFF0008F186F /* 01-refresh.png */ = {isa = PBXFileReference; lastKnownFileType = image.png; path = "01-refresh.png"; sourceTree = "<group>"; };
		1DAB4B751B6DDFF0008F186F /* 06-magnify.png */ = {isa = PBXFileReference; lastKnownFileType = image.png; path = "06-magnify.png"; sourceTree = "<group>"; };
		1DAB4B761B6DDFF0008F186F /* 08-chat.png */ = {isa = PBXFileReference; lastKnownFileType = image.png; path = "08-chat.png"; sourceTree = "<group>"; };
		1DAB4B771B6DDFF0008F186F /* 111-user.png */ = {isa = PBXFileReference; lastKnownFileType = image.png; path = "111-user.png"; sourceTree = "<group>"; };
		1DAB4B781B6DDFF0008F186F /* 117-todo.png */ = {isa = PBXFileReference; lastKnownFileType = image.png; path = "117-todo.png"; sourceTree = "<group>"; };
		1DAB4B791B6DDFF0008F186F /* 13-target.png */ = {isa = PBXFileReference; lastKnownFileType = image.png; path = "13-target.png"; sourceTree = "<group>"; };
		1DAB4B7A1B6DDFF0008F186F /* 18-envelope.png */ = {isa = PBXFileReference; lastKnownFileType = image.png; path = "18-envelope.png"; sourceTree = "<group>"; };
		1DAB4B7B1B6DDFF0008F186F /* 187-pencil.png */ = {isa = PBXFileReference; lastKnownFileType = image.png; path = "187-pencil.png"; sourceTree = "<group>"; };
		1DAB4B7C1B6DDFF0008F186F /* 19-gear.png */ = {isa = PBXFileReference; lastKnownFileType = image.png; path = "19-gear.png"; sourceTree = "<group>"; };
		1DAB4B7D1B6DDFF0008F186F /* 1x.png */ = {isa = PBXFileReference; lastKnownFileType = image.png; path = 1x.png; sourceTree = "<group>"; };
		1DAB4B7E1B6DDFF0008F186F /* 28-star.png */ = {isa = PBXFileReference; lastKnownFileType = image.png; path = "28-star.png"; sourceTree = "<group>"; };
		1DAB4B7F1B6DDFF0008F186F /* 2x.png */ = {isa = PBXFileReference; lastKnownFileType = image.png; path = 2x.png; sourceTree = "<group>"; };
		1DAB4B801B6DDFF0008F186F /* 3x.png */ = {isa = PBXFileReference; lastKnownFileType = image.png; path = 3x.png; sourceTree = "<group>"; };
		1DAB4B811B6DDFF0008F186F /* 53-house.png */ = {isa = PBXFileReference; lastKnownFileType = image.png; path = "53-house.png"; sourceTree = "<group>"; };
		1DAB4B821B6DDFF0008F186F /* 5starsgray.png */ = {isa = PBXFileReference; lastKnownFileType = image.png; path = 5starsgray.png; sourceTree = "<group>"; };
		1DAB4B831B6DDFF0008F186F /* 76-baby.png */ = {isa = PBXFileReference; lastKnownFileType = image.png; path = "76-baby.png"; sourceTree = "<group>"; };
		1DAB4B841B6DDFF0008F186F /* 81-dashboard.png */ = {isa = PBXFileReference; lastKnownFileType = image.png; path = "81-dashboard.png"; sourceTree = "<group>"; };
		1DAB4B851B6DDFF0008F186F /* 85-trophy.png */ = {isa = PBXFileReference; lastKnownFileType = image.png; path = "85-trophy.png"; sourceTree = "<group>"; };
		1DAB4B861B6DDFF0008F186F /* 86-camera.png */ = {isa = PBXFileReference; lastKnownFileType = image.png; path = "86-camera.png"; sourceTree = "<group>"; };
		1DAB4B871B6DDFF0008F186F /* Accords.png */ = {isa = PBXFileReference; lastKnownFileType = image.png; path = Accords.png; sourceTree = "<group>"; };
		1DAB4B881B6DDFF0008F186F /* accountsShot.png */ = {isa = PBXFileReference; lastKnownFileType = image.png; path = accountsShot.png; sourceTree = "<group>"; };
		1DAB4B891B6DDFF0008F186F /* addToFavoritesShot.png */ = {isa = PBXFileReference; lastKnownFileType = image.png; path = addToFavoritesShot.png; sourceTree = "<group>"; };
		1DAB4B8A1B6DDFF0008F186F /* Baby with tongue out.jpg */ = {isa = PBXFileReference; lastKnownFileType = image.jpeg; path = "Baby with tongue out.jpg"; sourceTree = "<group>"; };
		1DAB4B8B1B6DDFF0008F186F /* Badge1000.png */ = {isa = PBXFileReference; lastKnownFileType = image.png; path = Badge1000.png; sourceTree = "<group>"; };
		1DAB4B8C1B6DDFF0008F186F /* Badge150.png */ = {isa = PBXFileReference; lastKnownFileType = image.png; path = Badge150.png; sourceTree = "<group>"; };
		1DAB4B8D1B6DDFF0008F186F /* Badge1500.png */ = {isa = PBXFileReference; lastKnownFileType = image.png; path = Badge1500.png; sourceTree = "<group>"; };
		1DAB4B8E1B6DDFF0008F186F /* Badge2000.png */ = {isa = PBXFileReference; lastKnownFileType = image.png; path = Badge2000.png; sourceTree = "<group>"; };
		1DAB4B8F1B6DDFF0008F186F /* Badge2500.png */ = {isa = PBXFileReference; lastKnownFileType = image.png; path = Badge2500.png; sourceTree = "<group>"; };
		1DAB4B901B6DDFF0008F186F /* Badge3000.png */ = {isa = PBXFileReference; lastKnownFileType = image.png; path = Badge3000.png; sourceTree = "<group>"; };
		1DAB4B911B6DDFF0008F186F /* Badge3500.png */ = {isa = PBXFileReference; lastKnownFileType = image.png; path = Badge3500.png; sourceTree = "<group>"; };
		1DAB4B921B6DDFF0008F186F /* Badge400.png */ = {isa = PBXFileReference; lastKnownFileType = image.png; path = Badge400.png; sourceTree = "<group>"; };
		1DAB4B931B6DDFF0008F186F /* Badge4000.png */ = {isa = PBXFileReference; lastKnownFileType = image.png; path = Badge4000.png; sourceTree = "<group>"; };
		1DAB4B941B6DDFF0008F186F /* Badge4500.png */ = {isa = PBXFileReference; lastKnownFileType = image.png; path = Badge4500.png; sourceTree = "<group>"; };
		1DAB4B951B6DDFF0008F186F /* Badge5000.png */ = {isa = PBXFileReference; lastKnownFileType = image.png; path = Badge5000.png; sourceTree = "<group>"; };
		1DAB4B961B6DDFF0008F186F /* Badge700.png */ = {isa = PBXFileReference; lastKnownFileType = image.png; path = Badge700.png; sourceTree = "<group>"; };
		1DAB4B971B6DDFF0008F186F /* badges.png */ = {isa = PBXFileReference; lastKnownFileType = image.png; path = badges.png; sourceTree = "<group>"; };
		1DAB4B981B6DDFF0008F186F /* badgesShot.png */ = {isa = PBXFileReference; lastKnownFileType = image.png; path = badgesShot.png; sourceTree = "<group>"; };
		1DAB4B991B6DDFF0008F186F /* BB3120.png */ = {isa = PBXFileReference; lastKnownFileType = image.png; path = BB3120.png; sourceTree = "<group>"; };
		1DAB4B9A1B6DDFF0008F186F /* BB3152.png */ = {isa = PBXFileReference; lastKnownFileType = image.png; path = BB3152.png; sourceTree = "<group>"; };
		1DAB4B9B1B6DDFF1008F186F /* BB357.png */ = {isa = PBXFileReference; lastKnownFileType = image.png; path = BB357.png; sourceTree = "<group>"; };
		1DAB4B9C1B6DDFF1008F186F /* BB372.png */ = {isa = PBXFileReference; lastKnownFileType = image.png; path = BB372.png; sourceTree = "<group>"; };
		1DAB4B9D1B6DDFF1008F186F /* BB376.png */ = {isa = PBXFileReference; lastKnownFileType = image.png; path = BB376.png; sourceTree = "<group>"; };
		1DAB4B9E1B6DDFF1008F186F /* BB3_AbousUs.png */ = {isa = PBXFileReference; lastKnownFileType = image.png; path = BB3_AbousUs.png; sourceTree = "<group>"; };
		1DAB4B9F1B6DDFF1008F186F /* BB3_AboutUs.png */ = {isa = PBXFileReference; lastKnownFileType = image.png; path = BB3_AboutUs.png; sourceTree = "<group>"; };
		1DAB4BA01B6DDFF1008F186F /* BB3_logo-icon_WEB_rgb.png */ = {isa = PBXFileReference; lastKnownFileType = image.png; path = "BB3_logo-icon_WEB_rgb.png"; sourceTree = "<group>"; };
		1DAB4BA11B6DDFF1008F186F /* BB3_logo-icon_WEB_rgb_28x28.png */ = {isa = PBXFileReference; lastKnownFileType = image.png; path = "BB3_logo-icon_WEB_rgb_28x28.png"; sourceTree = "<group>"; };
		1DAB4BA21B6DDFF1008F186F /* BB3_logo_horiz_WEB_rgb.png */ = {isa = PBXFileReference; lastKnownFileType = image.png; path = BB3_logo_horiz_WEB_rgb.png; sourceTree = "<group>"; };
		1DAB4BA31B6DDFF1008F186F /* BB3_logo_vert-tag_WEB_rgb_1024.png */ = {isa = PBXFileReference; lastKnownFileType = image.png; path = "BB3_logo_vert-tag_WEB_rgb_1024.png"; sourceTree = "<group>"; };
		1DAB4BA41B6DDFF1008F186F /* childrens.png */ = {isa = PBXFileReference; lastKnownFileType = image.png; path = childrens.png; sourceTree = "<group>"; };
		1DAB4BA51B6DDFF1008F186F /* daniels.png */ = {isa = PBXFileReference; lastKnownFileType = image.png; path = daniels.png; sourceTree = "<group>"; };
		1DAB4BA61B6DDFF1008F186F /* dashboardShot.png */ = {isa = PBXFileReference; lastKnownFileType = image.png; path = dashboardShot.png; sourceTree = "<group>"; };
		1DAB4BA71B6DDFF1008F186F /* facebook-Logo.jpg */ = {isa = PBXFileReference; lastKnownFileType = image.jpeg; path = "facebook-Logo.jpg"; sourceTree = "<group>"; };
		1DAB4BA81B6DDFF1008F186F /* facebookShot.png */ = {isa = PBXFileReference; lastKnownFileType = image.png; path = facebookShot.png; sourceTree = "<group>"; };
		1DAB4BA91B6DDFF1008F186F /* favoritesShot.png */ = {isa = PBXFileReference; lastKnownFileType = image.png; path = favoritesShot.png; sourceTree = "<group>"; };
		1DAB4BAA1B6DDFF1008F186F /* glyphicons-157-show-thumbnails.png */ = {isa = PBXFileReference; lastKnownFileType = image.png; path = "glyphicons-157-show-thumbnails.png"; sourceTree = "<group>"; };
		1DAB4BAB1B6DDFF1008F186F /* goals.jpg */ = {isa = PBXFileReference; lastKnownFileType = image.jpeg; path = goals.jpg; sourceTree = "<group>"; };
		1DAB4BAC1B6DDFF1008F186F /* goalsShot.png */ = {isa = PBXFileReference; lastKnownFileType = image.png; path = goalsShot.png; sourceTree = "<group>"; };
		1DAB4BAD1B6DDFF1008F186F /* icon-120.png */ = {isa = PBXFileReference; lastKnownFileType = image.png; path = "icon-120.png"; sourceTree = "<group>"; };
		1DAB4BAE1B6DDFF1008F186F /* icon-152.png */ = {isa = PBXFileReference; lastKnownFileType = image.png; path = "icon-152.png"; sourceTree = "<group>"; };
		1DAB4BAF1B6DDFF1008F186F /* icon-76.png */ = {isa = PBXFileReference; lastKnownFileType = image.png; path = "icon-76.png"; sourceTree = "<group>"; };
		1DAB4BB01B6DDFF1008F186F /* iStock_000015216865_Large.jpg */ = {isa = PBXFileReference; lastKnownFileType = image.jpeg; path = iStock_000015216865_Large.jpg; sourceTree = "<group>"; };
		1DAB4BB11B6DDFF1008F186F /* iStock_000024919385_XXXLarge.jpg */ = {isa = PBXFileReference; lastKnownFileType = image.jpeg; path = iStock_000024919385_XXXLarge.jpg; sourceTree = "<group>"; };
		1DAB4BB21B6DDFF1008F186F /* messages.jpeg */ = {isa = PBXFileReference; lastKnownFileType = image.jpeg; path = messages.jpeg; sourceTree = "<group>"; };
		1DAB4BB31B6DDFF1008F186F /* minutesShot.png */ = {isa = PBXFileReference; lastKnownFileType = image.png; path = minutesShot.png; sourceTree = "<group>"; };
		1DAB4BB41B6DDFF1008F186F /* Mom reading with baby - anglo.jpg */ = {isa = PBXFileReference; lastKnownFileType = image.jpeg; path = "Mom reading with baby - anglo.jpg"; sourceTree = "<group>"; };
		1DAB4BB51B6DDFF1008F186F /* Mom reading with baby - anglo_launch.png */ = {isa = PBXFileReference; lastKnownFileType = image.png; path = "Mom reading with baby - anglo_launch.png"; sourceTree = "<group>"; };
		1DAB4BB61B6DDFF1008F186F /* network.jpg */ = {isa = PBXFileReference; lastKnownFileType = image.jpeg; path = network.jpg; sourceTree = "<group>"; };
		1DAB4BB71B6DDFF1008F186F /* page1.png */ = {isa = PBXFileReference; lastKnownFileType = image.png; path = page1.png; sourceTree = "<group>"; };
		1DAB4BB81B6DDFF1008F186F /* page2.png */ = {isa = PBXFileReference; lastKnownFileType = image.png; path = page2.png; sourceTree = "<group>"; };
		1DAB4BB91B6DDFF1008F186F /* page3.png */ = {isa = PBXFileReference; lastKnownFileType = image.png; path = page3.png; sourceTree = "<group>"; };
		1DAB4BBA1B6DDFF1008F186F /* page4.png */ = {isa = PBXFileReference; lastKnownFileType = image.png; path = page4.png; sourceTree = "<group>"; };
		1DAB4BBB1B6DDFF1008F186F /* Piton.png */ = {isa = PBXFileReference; lastKnownFileType = image.png; path = Piton.png; sourceTree = "<group>"; };
		1DAB4BBC1B6DDFF1008F186F /* rateMessage.png */ = {isa = PBXFileReference; lastKnownFileType = image.png; path = rateMessage.png; sourceTree = "<group>"; };
		1DAB4BBD1B6DDFF1008F186F /* setGoals.png */ = {isa = PBXFileReference; lastKnownFileType = image.png; path = setGoals.png; sourceTree = "<group>"; };
		1DAB4BBE1B6DDFF1008F186F /* Toddler on grass.jpg */ = {isa = PBXFileReference; lastKnownFileType = image.jpeg; path = "Toddler on grass.jpg"; sourceTree = "<group>"; };
		1DAB4BBF1B6DDFF1008F186F /* twitter@2x.png */ = {isa = PBXFileReference; lastKnownFileType = image.png; path = "twitter@2x.png"; sourceTree = "<group>"; };
		1DAB4BC01B6DDFF1008F186F /* Untitled.png */ = {isa = PBXFileReference; lastKnownFileType = image.png; path = Untitled.png; sourceTree = "<group>"; };
		1DAB4BC11B6DDFF1008F186F /* walton.png */ = {isa = PBXFileReference; lastKnownFileType = image.png; path = walton.png; sourceTree = "<group>"; };
		1DAB4C121B6DE016008F186F /* HTPressableButton.h */ = {isa = PBXFileReference; fileEncoding = 4; lastKnownFileType = sourcecode.c.h; path = HTPressableButton.h; sourceTree = "<group>"; };
		1DAB4C131B6DE016008F186F /* HTPressableButton.m */ = {isa = PBXFileReference; fileEncoding = 4; lastKnownFileType = sourcecode.c.objc; path = HTPressableButton.m; sourceTree = "<group>"; };
		1DAB4C141B6DE016008F186F /* HTPressableButtonPrefs.h */ = {isa = PBXFileReference; fileEncoding = 4; lastKnownFileType = sourcecode.c.h; path = HTPressableButtonPrefs.h; sourceTree = "<group>"; };
		1DAB4C151B6DE016008F186F /* HTPressableButtonPrefs.m */ = {isa = PBXFileReference; fileEncoding = 4; lastKnownFileType = sourcecode.c.objc; path = HTPressableButtonPrefs.m; sourceTree = "<group>"; };
		1DAB4C161B6DE016008F186F /* UIColor+HTColor.h */ = {isa = PBXFileReference; fileEncoding = 4; lastKnownFileType = sourcecode.c.h; path = "UIColor+HTColor.h"; sourceTree = "<group>"; };
		1DAB4C171B6DE016008F186F /* UIColor+HTColor.m */ = {isa = PBXFileReference; fileEncoding = 4; lastKnownFileType = sourcecode.c.objc; path = "UIColor+HTColor.m"; sourceTree = "<group>"; };
		1DAB4C181B6DE016008F186F /* UIImage+HTButton.h */ = {isa = PBXFileReference; fileEncoding = 4; lastKnownFileType = sourcecode.c.h; path = "UIImage+HTButton.h"; sourceTree = "<group>"; };
		1DAB4C191B6DE016008F186F /* UIImage+HTButton.m */ = {isa = PBXFileReference; fileEncoding = 4; lastKnownFileType = sourcecode.c.objc; path = "UIImage+HTButton.m"; sourceTree = "<group>"; };
		1DAB4C1E1B6DE751008F186F /* ACPButton.h */ = {isa = PBXFileReference; fileEncoding = 4; lastKnownFileType = sourcecode.c.h; path = ACPButton.h; sourceTree = "<group>"; };
		1DAB4C1F1B6DE751008F186F /* ACPButton.m */ = {isa = PBXFileReference; fileEncoding = 4; lastKnownFileType = sourcecode.c.objc; path = ACPButton.m; sourceTree = "<group>"; };
		1DAB4C801B6DE75A008F186F /* DKCircleButton.h */ = {isa = PBXFileReference; fileEncoding = 4; lastKnownFileType = sourcecode.c.h; path = DKCircleButton.h; sourceTree = "<group>"; };
		1DAB4C811B6DE75A008F186F /* DKCircleButton.m */ = {isa = PBXFileReference; fileEncoding = 4; lastKnownFileType = sourcecode.c.objc; path = DKCircleButton.m; sourceTree = "<group>"; };
		1DAB4C841B6DE75A008F186F /* IQNSArray+Sort.h */ = {isa = PBXFileReference; fileEncoding = 4; lastKnownFileType = sourcecode.c.h; path = "IQNSArray+Sort.h"; sourceTree = "<group>"; };
		1DAB4C851B6DE75A008F186F /* IQNSArray+Sort.m */ = {isa = PBXFileReference; fileEncoding = 4; lastKnownFileType = sourcecode.c.objc; path = "IQNSArray+Sort.m"; sourceTree = "<group>"; };
		1DAB4C861B6DE75A008F186F /* IQUITextFieldView+Additions.h */ = {isa = PBXFileReference; fileEncoding = 4; lastKnownFileType = sourcecode.c.h; path = "IQUITextFieldView+Additions.h"; sourceTree = "<group>"; };
		1DAB4C871B6DE75A008F186F /* IQUITextFieldView+Additions.m */ = {isa = PBXFileReference; fileEncoding = 4; lastKnownFileType = sourcecode.c.objc; path = "IQUITextFieldView+Additions.m"; sourceTree = "<group>"; };
		1DAB4C881B6DE75A008F186F /* IQUIView+Hierarchy.h */ = {isa = PBXFileReference; fileEncoding = 4; lastKnownFileType = sourcecode.c.h; path = "IQUIView+Hierarchy.h"; sourceTree = "<group>"; };
		1DAB4C891B6DE75A008F186F /* IQUIView+Hierarchy.m */ = {isa = PBXFileReference; fileEncoding = 4; lastKnownFileType = sourcecode.c.objc; path = "IQUIView+Hierarchy.m"; sourceTree = "<group>"; };
		1DAB4C8A1B6DE75A008F186F /* IQUIViewController+Additions.h */ = {isa = PBXFileReference; fileEncoding = 4; lastKnownFileType = sourcecode.c.h; path = "IQUIViewController+Additions.h"; sourceTree = "<group>"; };
		1DAB4C8B1B6DE75A008F186F /* IQUIViewController+Additions.m */ = {isa = PBXFileReference; fileEncoding = 4; lastKnownFileType = sourcecode.c.objc; path = "IQUIViewController+Additions.m"; sourceTree = "<group>"; };
		1DAB4C8C1B6DE75A008F186F /* IQUIWindow+Hierarchy.h */ = {isa = PBXFileReference; fileEncoding = 4; lastKnownFileType = sourcecode.c.h; path = "IQUIWindow+Hierarchy.h"; sourceTree = "<group>"; };
		1DAB4C8D1B6DE75A008F186F /* IQUIWindow+Hierarchy.m */ = {isa = PBXFileReference; fileEncoding = 4; lastKnownFileType = sourcecode.c.objc; path = "IQUIWindow+Hierarchy.m"; sourceTree = "<group>"; };
		1DAB4C8F1B6DE75A008F186F /* IQKeyboardManagerConstants.h */ = {isa = PBXFileReference; fileEncoding = 4; lastKnownFileType = sourcecode.c.h; path = IQKeyboardManagerConstants.h; sourceTree = "<group>"; };
		1DAB4C901B6DE75A008F186F /* IQKeyboardManagerConstantsInternal.h */ = {isa = PBXFileReference; fileEncoding = 4; lastKnownFileType = sourcecode.c.h; path = IQKeyboardManagerConstantsInternal.h; sourceTree = "<group>"; };
		1DAB4C911B6DE75A008F186F /* IQKeyboardManager.h */ = {isa = PBXFileReference; fileEncoding = 4; lastKnownFileType = sourcecode.c.h; path = IQKeyboardManager.h; sourceTree = "<group>"; };
		1DAB4C921B6DE75A008F186F /* IQKeyboardManager.m */ = {isa = PBXFileReference; fileEncoding = 4; lastKnownFileType = sourcecode.c.objc; path = IQKeyboardManager.m; sourceTree = "<group>"; };
		1DAB4C931B6DE75A008F186F /* IQKeyboardReturnKeyHandler.h */ = {isa = PBXFileReference; fileEncoding = 4; lastKnownFileType = sourcecode.c.h; path = IQKeyboardReturnKeyHandler.h; sourceTree = "<group>"; };
		1DAB4C941B6DE75A008F186F /* IQKeyboardReturnKeyHandler.m */ = {isa = PBXFileReference; fileEncoding = 4; lastKnownFileType = sourcecode.c.objc; path = IQKeyboardReturnKeyHandler.m; sourceTree = "<group>"; };
		1DAB4C961B6DE75A008F186F /* IQSegmentedNextPrevious.h */ = {isa = PBXFileReference; fileEncoding = 4; lastKnownFileType = sourcecode.c.h; path = IQSegmentedNextPrevious.h; sourceTree = "<group>"; };
		1DAB4C971B6DE75A008F186F /* IQSegmentedNextPrevious.m */ = {isa = PBXFileReference; fileEncoding = 4; lastKnownFileType = sourcecode.c.objc; path = IQSegmentedNextPrevious.m; sourceTree = "<group>"; };
		1DAB4C991B6DE75A008F186F /* IQTextView.h */ = {isa = PBXFileReference; fileEncoding = 4; lastKnownFileType = sourcecode.c.h; path = IQTextView.h; sourceTree = "<group>"; };
		1DAB4C9A1B6DE75A008F186F /* IQTextView.m */ = {isa = PBXFileReference; fileEncoding = 4; lastKnownFileType = sourcecode.c.objc; path = IQTextView.m; sourceTree = "<group>"; };
		1DAB4C9C1B6DE75A008F186F /* IQBarButtonItem.h */ = {isa = PBXFileReference; fileEncoding = 4; lastKnownFileType = sourcecode.c.h; path = IQBarButtonItem.h; sourceTree = "<group>"; };
		1DAB4C9D1B6DE75A008F186F /* IQBarButtonItem.m */ = {isa = PBXFileReference; fileEncoding = 4; lastKnownFileType = sourcecode.c.objc; path = IQBarButtonItem.m; sourceTree = "<group>"; };
		1DAB4C9E1B6DE75A008F186F /* IQTitleBarButtonItem.h */ = {isa = PBXFileReference; fileEncoding = 4; lastKnownFileType = sourcecode.c.h; path = IQTitleBarButtonItem.h; sourceTree = "<group>"; };
		1DAB4C9F1B6DE75A008F186F /* IQTitleBarButtonItem.m */ = {isa = PBXFileReference; fileEncoding = 4; lastKnownFileType = sourcecode.c.objc; path = IQTitleBarButtonItem.m; sourceTree = "<group>"; };
		1DAB4CA01B6DE75A008F186F /* IQToolbar.h */ = {isa = PBXFileReference; fileEncoding = 4; lastKnownFileType = sourcecode.c.h; path = IQToolbar.h; sourceTree = "<group>"; };
		1DAB4CA11B6DE75A008F186F /* IQToolbar.m */ = {isa = PBXFileReference; fileEncoding = 4; lastKnownFileType = sourcecode.c.objc; path = IQToolbar.m; sourceTree = "<group>"; };
		1DAB4CA21B6DE75A008F186F /* IQUIView+IQKeyboardToolbar.h */ = {isa = PBXFileReference; fileEncoding = 4; lastKnownFileType = sourcecode.c.h; path = "IQUIView+IQKeyboardToolbar.h"; sourceTree = "<group>"; };
		1DAB4CA31B6DE75A008F186F /* IQUIView+IQKeyboardToolbar.m */ = {isa = PBXFileReference; fileEncoding = 4; lastKnownFileType = sourcecode.c.objc; path = "IQUIView+IQKeyboardToolbar.m"; sourceTree = "<group>"; };
		1DAB4CA41B6DE75A008F186F /* KeyboardManager.h */ = {isa = PBXFileReference; fileEncoding = 4; lastKnownFileType = sourcecode.c.h; path = KeyboardManager.h; sourceTree = "<group>"; };
		1DAB4CA61B6DE75A008F186F /* IQKeyboardManager.bundle */ = {isa = PBXFileReference; lastKnownFileType = "wrapper.plug-in"; path = IQKeyboardManager.bundle; sourceTree = "<group>"; };
		1DAB4CA71B6DE75A008F186F /* MRoundedButton.h */ = {isa = PBXFileReference; fileEncoding = 4; lastKnownFileType = sourcecode.c.h; path = MRoundedButton.h; sourceTree = "<group>"; };
		1DAB4CA81B6DE75A008F186F /* MRoundedButton.m */ = {isa = PBXFileReference; fileEncoding = 4; lastKnownFileType = sourcecode.c.objc; path = MRoundedButton.m; sourceTree = "<group>"; };
		1DAB4CBD1B6DE8F0008F186F /* AppDelegate.h */ = {isa = PBXFileReference; fileEncoding = 4; lastKnownFileType = sourcecode.c.h; path = AppDelegate.h; sourceTree = "<group>"; };
		1DAB4CBE1B6DE8F0008F186F /* AppDelegate.m */ = {isa = PBXFileReference; fileEncoding = 4; lastKnownFileType = sourcecode.c.objc; path = AppDelegate.m; sourceTree = "<group>"; };
		1DAB4CC01B6DE8F0008F186F /* AboutUsViewController.h */ = {isa = PBXFileReference; fileEncoding = 4; lastKnownFileType = sourcecode.c.h; path = AboutUsViewController.h; sourceTree = "<group>"; };
		1DAB4CC11B6DE8F0008F186F /* AboutUsViewController.m */ = {isa = PBXFileReference; fileEncoding = 4; lastKnownFileType = sourcecode.c.objc; path = AboutUsViewController.m; sourceTree = "<group>"; };
		1DAB4CC21B6DE8F0008F186F /* badgeViewController.h */ = {isa = PBXFileReference; fileEncoding = 4; lastKnownFileType = sourcecode.c.h; path = badgeViewController.h; sourceTree = "<group>"; };
		1DAB4CC31B6DE8F0008F186F /* badgeViewController.m */ = {isa = PBXFileReference; fileEncoding = 4; lastKnownFileType = sourcecode.c.objc; path = badgeViewController.m; sourceTree = "<group>"; };
		1DAB4CC41B6DE8F0008F186F /* Dashboard.h */ = {isa = PBXFileReference; fileEncoding = 4; lastKnownFileType = sourcecode.c.h; path = Dashboard.h; sourceTree = "<group>"; };
		1DAB4CC51B6DE8F0008F186F /* Dashboard.m */ = {isa = PBXFileReference; fileEncoding = 4; lastKnownFileType = sourcecode.c.objc; path = Dashboard.m; sourceTree = "<group>"; };
		1DAB4CC61B6DE8F0008F186F /* DashboardViewController.h */ = {isa = PBXFileReference; fileEncoding = 4; lastKnownFileType = sourcecode.c.h; path = DashboardViewController.h; sourceTree = "<group>"; };
		1DAB4CC71B6DE8F0008F186F /* DashboardViewController.m */ = {isa = PBXFileReference; fileEncoding = 4; lastKnownFileType = sourcecode.c.objc; path = DashboardViewController.m; sourceTree = "<group>"; };
		1DAB4CC81B6DE8F0008F186F /* EnrollNow.h */ = {isa = PBXFileReference; fileEncoding = 4; lastKnownFileType = sourcecode.c.h; path = EnrollNow.h; sourceTree = "<group>"; };
		1DAB4CC91B6DE8F0008F186F /* EnrollNow.m */ = {isa = PBXFileReference; fileEncoding = 4; lastKnownFileType = sourcecode.c.objc; path = EnrollNow.m; sourceTree = "<group>"; };
		1DAB4CCA1B6DE8F0008F186F /* FavoriteMessagesViewController.h */ = {isa = PBXFileReference; fileEncoding = 4; lastKnownFileType = sourcecode.c.h; path = FavoriteMessagesViewController.h; sourceTree = "<group>"; };
		1DAB4CCB1B6DE8F0008F186F /* FavoriteMessagesViewController.m */ = {isa = PBXFileReference; fileEncoding = 4; lastKnownFileType = sourcecode.c.objc; path = FavoriteMessagesViewController.m; sourceTree = "<group>"; };
		1DAB4CCC1B6DE8F0008F186F /* FirstViewController.h */ = {isa = PBXFileReference; fileEncoding = 4; lastKnownFileType = sourcecode.c.h; path = FirstViewController.h; sourceTree = "<group>"; };
		1DAB4CCD1B6DE8F0008F186F /* FirstViewController.m */ = {isa = PBXFileReference; fileEncoding = 4; lastKnownFileType = sourcecode.c.objc; path = FirstViewController.m; sourceTree = "<group>"; };
		1DAB4CCE1B6DE8F0008F186F /* FormTableController.h */ = {isa = PBXFileReference; fileEncoding = 4; lastKnownFileType = sourcecode.c.h; path = FormTableController.h; sourceTree = "<group>"; };
		1DAB4CCF1B6DE8F0008F186F /* FormTableController.m */ = {isa = PBXFileReference; fileEncoding = 4; lastKnownFileType = sourcecode.c.objc; path = FormTableController.m; sourceTree = "<group>"; };
		1DAB4CD01B6DE8F0008F186F /* GoalsViewController.h */ = {isa = PBXFileReference; fileEncoding = 4; lastKnownFileType = sourcecode.c.h; path = GoalsViewController.h; sourceTree = "<group>"; };
		1DAB4CD11B6DE8F0008F186F /* GoalsViewController.m */ = {isa = PBXFileReference; fileEncoding = 4; lastKnownFileType = sourcecode.c.objc; path = GoalsViewController.m; sourceTree = "<group>"; };
		1DAB4CD21B6DE8F0008F186F /* LibraryViewController.h */ = {isa = PBXFileReference; fileEncoding = 4; lastKnownFileType = sourcecode.c.h; path = LibraryViewController.h; sourceTree = "<group>"; };
		1DAB4CD31B6DE8F0008F186F /* LibraryViewController.m */ = {isa = PBXFileReference; fileEncoding = 4; lastKnownFileType = sourcecode.c.objc; path = LibraryViewController.m; sourceTree = "<group>"; };
		1DAB4CD41B6DE8F0008F186F /* LoginViewController.h */ = {isa = PBXFileReference; fileEncoding = 4; lastKnownFileType = sourcecode.c.h; path = LoginViewController.h; sourceTree = "<group>"; };
		1DAB4CD51B6DE8F0008F186F /* LoginViewController.m */ = {isa = PBXFileReference; fileEncoding = 4; lastKnownFileType = sourcecode.c.objc; path = LoginViewController.m; sourceTree = "<group>"; };
		1DAB4CD61B6DE8F0008F186F /* LogMinutes.h */ = {isa = PBXFileReference; fileEncoding = 4; lastKnownFileType = sourcecode.c.h; path = LogMinutes.h; sourceTree = "<group>"; };
		1DAB4CD71B6DE8F0008F186F /* LogMinutes.m */ = {isa = PBXFileReference; fileEncoding = 4; lastKnownFileType = sourcecode.c.objc; path = LogMinutes.m; sourceTree = "<group>"; };
		1DAB4CD81B6DE8F0008F186F /* MyAccountViewController.h */ = {isa = PBXFileReference; fileEncoding = 4; lastKnownFileType = sourcecode.c.h; path = MyAccountViewController.h; sourceTree = "<group>"; };
		1DAB4CD91B6DE8F0008F186F /* MyAccountViewController.m */ = {isa = PBXFileReference; fileEncoding = 4; lastKnownFileType = sourcecode.c.objc; path = MyAccountViewController.m; sourceTree = "<group>"; };
		1DAB4CDA1B6DE8F0008F186F /* NetworkViewController.h */ = {isa = PBXFileReference; fileEncoding = 4; lastKnownFileType = sourcecode.c.h; path = NetworkViewController.h; sourceTree = "<group>"; };
		1DAB4CDB1B6DE8F0008F186F /* NetworkViewController.m */ = {isa = PBXFileReference; fileEncoding = 4; lastKnownFileType = sourcecode.c.objc; path = NetworkViewController.m; sourceTree = "<group>"; };
		1DAB4CDC1B6DE8F0008F186F /* PageContentViewController.h */ = {isa = PBXFileReference; fileEncoding = 4; lastKnownFileType = sourcecode.c.h; path = PageContentViewController.h; sourceTree = "<group>"; };
		1DAB4CDD1B6DE8F0008F186F /* PageContentViewController.m */ = {isa = PBXFileReference; fileEncoding = 4; lastKnownFileType = sourcecode.c.objc; path = PageContentViewController.m; sourceTree = "<group>"; };
		1DAB4CDE1B6DE8F0008F186F /* PictureViewController.h */ = {isa = PBXFileReference; fileEncoding = 4; lastKnownFileType = sourcecode.c.h; path = PictureViewController.h; sourceTree = "<group>"; };
		1DAB4CDF1B6DE8F0008F186F /* PictureViewController.m */ = {isa = PBXFileReference; fileEncoding = 4; lastKnownFileType = sourcecode.c.objc; path = PictureViewController.m; sourceTree = "<group>"; };
		1DAB4CE01B6DE8F0008F186F /* QuizResponse.h */ = {isa = PBXFileReference; fileEncoding = 4; lastKnownFileType = sourcecode.c.h; path = QuizResponse.h; sourceTree = "<group>"; };
		1DAB4CE11B6DE8F0008F186F /* QuizResponse.m */ = {isa = PBXFileReference; fileEncoding = 4; lastKnownFileType = sourcecode.c.objc; path = QuizResponse.m; sourceTree = "<group>"; };
		1DAB4CE21B6DE8F0008F186F /* rateMessage.h */ = {isa = PBXFileReference; fileEncoding = 4; lastKnownFileType = sourcecode.c.h; path = rateMessage.h; sourceTree = "<group>"; };
		1DAB4CE31B6DE8F0008F186F /* rateMessage.m */ = {isa = PBXFileReference; fileEncoding = 4; lastKnownFileType = sourcecode.c.objc; path = rateMessage.m; sourceTree = "<group>"; };
		1DAB4CE41B6DE8F0008F186F /* SecondViewController.h */ = {isa = PBXFileReference; fileEncoding = 4; lastKnownFileType = sourcecode.c.h; path = SecondViewController.h; sourceTree = "<group>"; };
		1DAB4CE51B6DE8F0008F186F /* SecondViewController.m */ = {isa = PBXFileReference; fileEncoding = 4; lastKnownFileType = sourcecode.c.objc; path = SecondViewController.m; sourceTree = "<group>"; };
		1DAB4CE61B6DE8F0008F186F /* SettingsViewController.h */ = {isa = PBXFileReference; fileEncoding = 4; lastKnownFileType = sourcecode.c.h; path = SettingsViewController.h; sourceTree = "<group>"; };
		1DAB4CE71B6DE8F0008F186F /* SettingsViewController.m */ = {isa = PBXFileReference; fileEncoding = 4; lastKnownFileType = sourcecode.c.objc; path = SettingsViewController.m; sourceTree = "<group>"; };
		1DAB4CE81B6DE8F0008F186F /* SignupController.h */ = {isa = PBXFileReference; fileEncoding = 4; lastKnownFileType = sourcecode.c.h; path = SignupController.h; sourceTree = "<group>"; };
		1DAB4CE91B6DE8F0008F186F /* SignupController.m */ = {isa = PBXFileReference; fileEncoding = 4; lastKnownFileType = sourcecode.c.objc; path = SignupController.m; sourceTree = "<group>"; };
		1DAB4CEA1B6DE8F0008F186F /* signUpViewController.h */ = {isa = PBXFileReference; fileEncoding = 4; lastKnownFileType = sourcecode.c.h; path = signUpViewController.h; sourceTree = "<group>"; };
		1DAB4CEB1B6DE8F0008F186F /* signUpViewController.m */ = {isa = PBXFileReference; fileEncoding = 4; lastKnownFileType = sourcecode.c.objc; path = signUpViewController.m; sourceTree = "<group>"; };
		1DAB4CEC1B6DE8F0008F186F /* StartViewController.h */ = {isa = PBXFileReference; fileEncoding = 4; lastKnownFileType = sourcecode.c.h; path = StartViewController.h; sourceTree = "<group>"; };
		1DAB4CED1B6DE8F0008F186F /* StartViewController.m */ = {isa = PBXFileReference; fileEncoding = 4; lastKnownFileType = sourcecode.c.objc; path = StartViewController.m; sourceTree = "<group>"; };
		1DAB4CEE1B6DE8F0008F186F /* TextDetailsViewController.h */ = {isa = PBXFileReference; fileEncoding = 4; lastKnownFileType = sourcecode.c.h; path = TextDetailsViewController.h; sourceTree = "<group>"; };
		1DAB4CEF1B6DE8F0008F186F /* TextDetailsViewController.m */ = {isa = PBXFileReference; fileEncoding = 4; lastKnownFileType = sourcecode.c.objc; path = TextDetailsViewController.m; sourceTree = "<group>"; };
		1DAB4CF01B6DE8F0008F186F /* TextMessageViewController.h */ = {isa = PBXFileReference; fileEncoding = 4; lastKnownFileType = sourcecode.c.h; path = TextMessageViewController.h; sourceTree = "<group>"; };
		1DAB4CF11B6DE8F0008F186F /* TextMessageViewController.m */ = {isa = PBXFileReference; fileEncoding = 4; lastKnownFileType = sourcecode.c.objc; path = TextMessageViewController.m; sourceTree = "<group>"; };
		1DAB4CF21B6DE8F0008F186F /* tutorialDetails.h */ = {isa = PBXFileReference; fileEncoding = 4; lastKnownFileType = sourcecode.c.h; path = tutorialDetails.h; sourceTree = "<group>"; };
		1DAB4CF31B6DE8F0008F186F /* tutorialDetails.m */ = {isa = PBXFileReference; fileEncoding = 4; lastKnownFileType = sourcecode.c.objc; path = tutorialDetails.m; sourceTree = "<group>"; };
		1DAB4CF41B6DE8F0008F186F /* TutorialViewController.h */ = {isa = PBXFileReference; fileEncoding = 4; lastKnownFileType = sourcecode.c.h; path = TutorialViewController.h; sourceTree = "<group>"; };
		1DAB4CF51B6DE8F0008F186F /* TutorialViewController.m */ = {isa = PBXFileReference; fileEncoding = 4; lastKnownFileType = sourcecode.c.objc; path = TutorialViewController.m; sourceTree = "<group>"; };
		1DAB4D121B6DE928008F186F /* StarRatingView.h */ = {isa = PBXFileReference; fileEncoding = 4; lastKnownFileType = sourcecode.c.h; path = StarRatingView.h; sourceTree = "<group>"; };
		1DAB4D131B6DE928008F186F /* StarRatingView.m */ = {isa = PBXFileReference; fileEncoding = 4; lastKnownFileType = sourcecode.c.objc; path = StarRatingView.m; sourceTree = "<group>"; };
/* End PBXFileReference section */

/* Begin PBXFrameworksBuildPhase section */
		1D8617A41AFACA650047DE56 /* Frameworks */ = {
			isa = PBXFrameworksBuildPhase;
			buildActionMask = 2147483647;
			files = (
				1DAB27E41B37213600A2FA5D /* MessageUI.framework in Frameworks */,
			);
			runOnlyForDeploymentPostprocessing = 0;
		};
/* End PBXFrameworksBuildPhase section */

/* Begin PBXGroup section */
		1D86179E1AFACA650047DE56 = {
			isa = PBXGroup;
			children = (
				1D8617D31AFB15EB0047DE56 /* Resources */,
				1D8617A91AFACA650047DE56 /* BrightbyThree */,
				1D8617A81AFACA650047DE56 /* Products */,
			);
			sourceTree = "<group>";
		};
		1D8617A81AFACA650047DE56 /* Products */ = {
			isa = PBXGroup;
			children = (
				1D8617A71AFACA650047DE56 /* BrightbyThree.app */,
			);
			name = Products;
			sourceTree = "<group>";
		};
		1D8617A91AFACA650047DE56 /* BrightbyThree */ = {
			isa = PBXGroup;
			children = (
				1DAB4CBB1B6DE8F0008F186F /* Src */,
				1DAB4C101B6DE016008F186F /* ExternalResources */,
				1DAB4B731B6DDFF0008F186F /* Images */,
				1D487B381B4A344000A64137 /* Story1.storyboard */,
				1D8617BA1AFACA650047DE56 /* Images.xcassets */,
				1D8617BC1AFACA650047DE56 /* LaunchScreen.xib */,
				1D8617AA1AFACA650047DE56 /* Supporting Files */,
			);
			path = BrightbyThree;
			sourceTree = "<group>";
		};
		1D8617AA1AFACA650047DE56 /* Supporting Files */ = {
			isa = PBXGroup;
			children = (
				1D8617AB1AFACA650047DE56 /* Info.plist */,
				1D8617AC1AFACA650047DE56 /* main.m */,
			);
			name = "Supporting Files";
			sourceTree = "<group>";
		};
		1D8617D31AFB15EB0047DE56 /* Resources */ = {
			isa = PBXGroup;
			children = (
				1DAB27E31B37213600A2FA5D /* MessageUI.framework */,
				1D8A32C81B57F9A1006343E1 /* Icon-72.png */,
				1D8A32C91B57F9A1006343E1 /* Icon.png */,
			);
			name = Resources;
			sourceTree = "<group>";
		};
		1DAB4B731B6DDFF0008F186F /* Images */ = {
			isa = PBXGroup;
			children = (
				1DAB4B741B6DDFF0008F186F /* 01-refresh.png */,
				1DAB4B751B6DDFF0008F186F /* 06-magnify.png */,
				1DAB4B761B6DDFF0008F186F /* 08-chat.png */,
				1D725B711B8795730006521E /* iStock_000024540608_Double.jpg */,
				1DAB4B771B6DDFF0008F186F /* 111-user.png */,
				1DAB4B781B6DDFF0008F186F /* 117-todo.png */,
				1D725B6F1B8794A90006521E /* iStock_000019163656_Double.jpg */,
				1DAB4B791B6DDFF0008F186F /* 13-target.png */,
				1DAB4B7A1B6DDFF0008F186F /* 18-envelope.png */,
				1D4FA3BD1B727B1D001181C6 /* blue_minimalistic_gradient_colors_1200x1920.png */,
				1D4FA3BF1B727B23001181C6 /* blue_minimalistic_gradient_colors_1920x1200.png */,
				1DAB4B7B1B6DDFF0008F186F /* 187-pencil.png */,
				1DAB4B7C1B6DDFF0008F186F /* 19-gear.png */,
				1DAB4B7D1B6DDFF0008F186F /* 1x.png */,
				1DAB4B7E1B6DDFF0008F186F /* 28-star.png */,
				1DAB4B7F1B6DDFF0008F186F /* 2x.png */,
				1DAB4B801B6DDFF0008F186F /* 3x.png */,
				1DAB4B811B6DDFF0008F186F /* 53-house.png */,
				1DAB4B821B6DDFF0008F186F /* 5starsgray.png */,
				1DAB4B831B6DDFF0008F186F /* 76-baby.png */,
				1DAB4B841B6DDFF0008F186F /* 81-dashboard.png */,
				1DAB4B851B6DDFF0008F186F /* 85-trophy.png */,
				1DAB4B861B6DDFF0008F186F /* 86-camera.png */,
				1DAB4B871B6DDFF0008F186F /* Accords.png */,
				1DAB4B881B6DDFF0008F186F /* accountsShot.png */,
				1DAB4B891B6DDFF0008F186F /* addToFavoritesShot.png */,
				1DAB4B8A1B6DDFF0008F186F /* Baby with tongue out.jpg */,
				1DAB4B8B1B6DDFF0008F186F /* Badge1000.png */,
				1DAB4B8C1B6DDFF0008F186F /* Badge150.png */,
				1DAB4B8D1B6DDFF0008F186F /* Badge1500.png */,
				1DAB4B8E1B6DDFF0008F186F /* Badge2000.png */,
				1DAB4B8F1B6DDFF0008F186F /* Badge2500.png */,
				1D725B731B8796B30006521E /* iStock_000047232464_Full.jpg */,
				1DAB4B901B6DDFF0008F186F /* Badge3000.png */,
				1DAB4B911B6DDFF0008F186F /* Badge3500.png */,
				1DAB4B921B6DDFF0008F186F /* Badge400.png */,
				1DAB4B931B6DDFF0008F186F /* Badge4000.png */,
				1DAB4B941B6DDFF0008F186F /* Badge4500.png */,
				1DAB4B951B6DDFF0008F186F /* Badge5000.png */,
				1DAB4B961B6DDFF0008F186F /* Badge700.png */,
				1DAB4B971B6DDFF0008F186F /* badges.png */,
				1DAB4B981B6DDFF0008F186F /* badgesShot.png */,
				1DAB4B991B6DDFF0008F186F /* BB3120.png */,
				1DAB4B9A1B6DDFF0008F186F /* BB3152.png */,
				1DAB4B9B1B6DDFF1008F186F /* BB357.png */,
				1DAB4B9C1B6DDFF1008F186F /* BB372.png */,
				1DAB4B9D1B6DDFF1008F186F /* BB376.png */,
				1DAB4B9E1B6DDFF1008F186F /* BB3_AbousUs.png */,
				1DAB4B9F1B6DDFF1008F186F /* BB3_AboutUs.png */,
				1DAB4BA01B6DDFF1008F186F /* BB3_logo-icon_WEB_rgb.png */,
				1DAB4BA11B6DDFF1008F186F /* BB3_logo-icon_WEB_rgb_28x28.png */,
				1DAB4BA21B6DDFF1008F186F /* BB3_logo_horiz_WEB_rgb.png */,
				1DAB4BA31B6DDFF1008F186F /* BB3_logo_vert-tag_WEB_rgb_1024.png */,
				1DAB4BA41B6DDFF1008F186F /* childrens.png */,
				1DAB4BA51B6DDFF1008F186F /* daniels.png */,
				1DAB4BA61B6DDFF1008F186F /* dashboardShot.png */,
				1DAB4BA71B6DDFF1008F186F /* facebook-Logo.jpg */,
				1DAB4BA81B6DDFF1008F186F /* facebookShot.png */,
				1DAB4BA91B6DDFF1008F186F /* favoritesShot.png */,
				1DAB4BAA1B6DDFF1008F186F /* glyphicons-157-show-thumbnails.png */,
				1DAB4BAB1B6DDFF1008F186F /* goals.jpg */,
				1DAB4BAC1B6DDFF1008F186F /* goalsShot.png */,
				1DAB4BAD1B6DDFF1008F186F /* icon-120.png */,
				1DAB4BAE1B6DDFF1008F186F /* icon-152.png */,
				1DAB4BAF1B6DDFF1008F186F /* icon-76.png */,
				1DAB4BB01B6DDFF1008F186F /* iStock_000015216865_Large.jpg */,
				1DAB4BB11B6DDFF1008F186F /* iStock_000024919385_XXXLarge.jpg */,
				1DAB4BB21B6DDFF1008F186F /* messages.jpeg */,
				1DAB4BB31B6DDFF1008F186F /* minutesShot.png */,
				1DAB4BB41B6DDFF1008F186F /* Mom reading with baby - anglo.jpg */,
				1DAB4BB51B6DDFF1008F186F /* Mom reading with baby - anglo_launch.png */,
				1DAB4BB61B6DDFF1008F186F /* network.jpg */,
				1DAB4BB71B6DDFF1008F186F /* page1.png */,
				1DAB4BB81B6DDFF1008F186F /* page2.png */,
				1DAB4BB91B6DDFF1008F186F /* page3.png */,
				1DAB4BBA1B6DDFF1008F186F /* page4.png */,
				1DAB4BBB1B6DDFF1008F186F /* Piton.png */,
				1DAB4BBC1B6DDFF1008F186F /* rateMessage.png */,
				1DAB4BBD1B6DDFF1008F186F /* setGoals.png */,
				1DAB4BBE1B6DDFF1008F186F /* Toddler on grass.jpg */,
				1DAB4BBF1B6DDFF1008F186F /* twitter@2x.png */,
				1DAB4BC01B6DDFF1008F186F /* Untitled.png */,
				1DAB4BC11B6DDFF1008F186F /* walton.png */,
			);
			path = Images;
			sourceTree = "<group>";
		};
		1DAB4C101B6DE016008F186F /* ExternalResources */ = {
			isa = PBXGroup;
			children = (
				1DAB4D121B6DE928008F186F /* StarRatingView.h */,
				1DAB4D131B6DE928008F186F /* StarRatingView.m */,
				1DAB4C7F1B6DE75A008F186F /* DKCircleButton */,
				1DAB4C821B6DE75A008F186F /* IQKeyBoardManager */,
				1DAB4CA71B6DE75A008F186F /* MRoundedButton.h */,
				1DAB4CA81B6DE75A008F186F /* MRoundedButton.m */,
				1DAB4CA91B6DE75A008F186F /* SDWebImage */,
				1DAB4CAA1B6DE75A008F186F /* UIKit+AFNetworking */,
				1DAB4C1E1B6DE751008F186F /* ACPButton.h */,
				1DAB4C1F1B6DE751008F186F /* ACPButton.m */,
				1DAB4C111B6DE016008F186F /* Classes */,
			);
			path = ExternalResources;
			sourceTree = "<group>";
		};
		1DAB4C111B6DE016008F186F /* Classes */ = {
			isa = PBXGroup;
			children = (
				1DAB4C121B6DE016008F186F /* HTPressableButton.h */,
				1DAB4C131B6DE016008F186F /* HTPressableButton.m */,
				1DAB4C141B6DE016008F186F /* HTPressableButtonPrefs.h */,
				1DAB4C151B6DE016008F186F /* HTPressableButtonPrefs.m */,
				1DAB4C161B6DE016008F186F /* UIColor+HTColor.h */,
				1DAB4C171B6DE016008F186F /* UIColor+HTColor.m */,
				1DAB4C181B6DE016008F186F /* UIImage+HTButton.h */,
				1DAB4C191B6DE016008F186F /* UIImage+HTButton.m */,
			);
			path = Classes;
			sourceTree = "<group>";
		};
		1DAB4C7F1B6DE75A008F186F /* DKCircleButton */ = {
			isa = PBXGroup;
			children = (
				1DAB4C801B6DE75A008F186F /* DKCircleButton.h */,
				1DAB4C811B6DE75A008F186F /* DKCircleButton.m */,
			);
			path = DKCircleButton;
			sourceTree = "<group>";
		};
		1DAB4C821B6DE75A008F186F /* IQKeyBoardManager */ = {
			isa = PBXGroup;
			children = (
				1DAB4C831B6DE75A008F186F /* Categories */,
				1DAB4C8E1B6DE75A008F186F /* Constants */,
				1DAB4C911B6DE75A008F186F /* IQKeyboardManager.h */,
				1DAB4C921B6DE75A008F186F /* IQKeyboardManager.m */,
				1DAB4C931B6DE75A008F186F /* IQKeyboardReturnKeyHandler.h */,
				1DAB4C941B6DE75A008F186F /* IQKeyboardReturnKeyHandler.m */,
				1DAB4C951B6DE75A008F186F /* IQSegmentedNextPrevious */,
				1DAB4C981B6DE75A008F186F /* IQTextView */,
				1DAB4C9B1B6DE75A008F186F /* IQToolbar */,
				1DAB4CA41B6DE75A008F186F /* KeyboardManager.h */,
				1DAB4CA51B6DE75A008F186F /* Resources */,
			);
			path = IQKeyBoardManager;
			sourceTree = "<group>";
		};
		1DAB4C831B6DE75A008F186F /* Categories */ = {
			isa = PBXGroup;
			children = (
				1DAB4C841B6DE75A008F186F /* IQNSArray+Sort.h */,
				1DAB4C851B6DE75A008F186F /* IQNSArray+Sort.m */,
				1DAB4C861B6DE75A008F186F /* IQUITextFieldView+Additions.h */,
				1DAB4C871B6DE75A008F186F /* IQUITextFieldView+Additions.m */,
				1DAB4C881B6DE75A008F186F /* IQUIView+Hierarchy.h */,
				1DAB4C891B6DE75A008F186F /* IQUIView+Hierarchy.m */,
				1DAB4C8A1B6DE75A008F186F /* IQUIViewController+Additions.h */,
				1DAB4C8B1B6DE75A008F186F /* IQUIViewController+Additions.m */,
				1DAB4C8C1B6DE75A008F186F /* IQUIWindow+Hierarchy.h */,
				1DAB4C8D1B6DE75A008F186F /* IQUIWindow+Hierarchy.m */,
			);
			path = Categories;
			sourceTree = "<group>";
		};
		1DAB4C8E1B6DE75A008F186F /* Constants */ = {
			isa = PBXGroup;
			children = (
				1DAB4C8F1B6DE75A008F186F /* IQKeyboardManagerConstants.h */,
				1DAB4C901B6DE75A008F186F /* IQKeyboardManagerConstantsInternal.h */,
			);
			path = Constants;
			sourceTree = "<group>";
		};
		1DAB4C951B6DE75A008F186F /* IQSegmentedNextPrevious */ = {
			isa = PBXGroup;
			children = (
				1DAB4C961B6DE75A008F186F /* IQSegmentedNextPrevious.h */,
				1DAB4C971B6DE75A008F186F /* IQSegmentedNextPrevious.m */,
			);
			path = IQSegmentedNextPrevious;
			sourceTree = "<group>";
		};
		1DAB4C981B6DE75A008F186F /* IQTextView */ = {
			isa = PBXGroup;
			children = (
				1DAB4C991B6DE75A008F186F /* IQTextView.h */,
				1DAB4C9A1B6DE75A008F186F /* IQTextView.m */,
			);
			path = IQTextView;
			sourceTree = "<group>";
		};
		1DAB4C9B1B6DE75A008F186F /* IQToolbar */ = {
			isa = PBXGroup;
			children = (
				1DAB4C9C1B6DE75A008F186F /* IQBarButtonItem.h */,
				1DAB4C9D1B6DE75A008F186F /* IQBarButtonItem.m */,
				1DAB4C9E1B6DE75A008F186F /* IQTitleBarButtonItem.h */,
				1DAB4C9F1B6DE75A008F186F /* IQTitleBarButtonItem.m */,
				1DAB4CA01B6DE75A008F186F /* IQToolbar.h */,
				1DAB4CA11B6DE75A008F186F /* IQToolbar.m */,
				1DAB4CA21B6DE75A008F186F /* IQUIView+IQKeyboardToolbar.h */,
				1DAB4CA31B6DE75A008F186F /* IQUIView+IQKeyboardToolbar.m */,
			);
			path = IQToolbar;
			sourceTree = "<group>";
		};
		1DAB4CA51B6DE75A008F186F /* Resources */ = {
			isa = PBXGroup;
			children = (
				1DAB4CA61B6DE75A008F186F /* IQKeyboardManager.bundle */,
			);
			path = Resources;
			sourceTree = "<group>";
		};
		1DAB4CA91B6DE75A008F186F /* SDWebImage */ = {
			isa = PBXGroup;
			children = (
			);
			path = SDWebImage;
			sourceTree = "<group>";
		};
		1DAB4CAA1B6DE75A008F186F /* UIKit+AFNetworking */ = {
			isa = PBXGroup;
			children = (
			);
			path = "UIKit+AFNetworking";
			sourceTree = "<group>";
		};
		1DAB4CBB1B6DE8F0008F186F /* Src */ = {
			isa = PBXGroup;
			children = (
				1DAB4CBC1B6DE8F0008F186F /* AppDelegate */,
				1DAB4CBF1B6DE8F0008F186F /* ViewControllers */,
			);
			path = Src;
			sourceTree = "<group>";
		};
		1DAB4CBC1B6DE8F0008F186F /* AppDelegate */ = {
			isa = PBXGroup;
			children = (
				1DAB4CBD1B6DE8F0008F186F /* AppDelegate.h */,
				1DAB4CBE1B6DE8F0008F186F /* AppDelegate.m */,
			);
			path = AppDelegate;
			sourceTree = "<group>";
		};
		1DAB4CBF1B6DE8F0008F186F /* ViewControllers */ = {
			isa = PBXGroup;
			children = (
				1DAB4CC01B6DE8F0008F186F /* AboutUsViewController.h */,
				1DAB4CC11B6DE8F0008F186F /* AboutUsViewController.m */,
				1DAB4CC21B6DE8F0008F186F /* badgeViewController.h */,
				1DAB4CC31B6DE8F0008F186F /* badgeViewController.m */,
				1DAB4CC41B6DE8F0008F186F /* Dashboard.h */,
				1DAB4CC51B6DE8F0008F186F /* Dashboard.m */,
				1DAB4CC61B6DE8F0008F186F /* DashboardViewController.h */,
				1DAB4CC71B6DE8F0008F186F /* DashboardViewController.m */,
				1DAB4CC81B6DE8F0008F186F /* EnrollNow.h */,
				1DAB4CC91B6DE8F0008F186F /* EnrollNow.m */,
				1DAB4CCA1B6DE8F0008F186F /* FavoriteMessagesViewController.h */,
				1DAB4CCB1B6DE8F0008F186F /* FavoriteMessagesViewController.m */,
				1DAB4CCC1B6DE8F0008F186F /* FirstViewController.h */,
				1DAB4CCD1B6DE8F0008F186F /* FirstViewController.m */,
				1DAB4CCE1B6DE8F0008F186F /* FormTableController.h */,
				1DAB4CCF1B6DE8F0008F186F /* FormTableController.m */,
				1DAB4CD01B6DE8F0008F186F /* GoalsViewController.h */,
				1DAB4CD11B6DE8F0008F186F /* GoalsViewController.m */,
				1DAB4CD21B6DE8F0008F186F /* LibraryViewController.h */,
				1DAB4CD31B6DE8F0008F186F /* LibraryViewController.m */,
				1DAB4CD41B6DE8F0008F186F /* LoginViewController.h */,
				1DAB4CD51B6DE8F0008F186F /* LoginViewController.m */,
				1DAB4CD61B6DE8F0008F186F /* LogMinutes.h */,
				1DAB4CD71B6DE8F0008F186F /* LogMinutes.m */,
				1DAB4CD81B6DE8F0008F186F /* MyAccountViewController.h */,
				1DAB4CD91B6DE8F0008F186F /* MyAccountViewController.m */,
				1DAB4CDA1B6DE8F0008F186F /* NetworkViewController.h */,
				1DAB4CDB1B6DE8F0008F186F /* NetworkViewController.m */,
				1DAB4CDC1B6DE8F0008F186F /* PageContentViewController.h */,
				1DAB4CDD1B6DE8F0008F186F /* PageContentViewController.m */,
				1DAB4CDE1B6DE8F0008F186F /* PictureViewController.h */,
				1DAB4CDF1B6DE8F0008F186F /* PictureViewController.m */,
				1DAB4CE01B6DE8F0008F186F /* QuizResponse.h */,
				1DAB4CE11B6DE8F0008F186F /* QuizResponse.m */,
				1DAB4CE21B6DE8F0008F186F /* rateMessage.h */,
				1DAB4CE31B6DE8F0008F186F /* rateMessage.m */,
				1DAB4CE41B6DE8F0008F186F /* SecondViewController.h */,
				1DAB4CE51B6DE8F0008F186F /* SecondViewController.m */,
				1DAB4CE61B6DE8F0008F186F /* SettingsViewController.h */,
				1DAB4CE71B6DE8F0008F186F /* SettingsViewController.m */,
				1DAB4CE81B6DE8F0008F186F /* SignupController.h */,
				1DAB4CE91B6DE8F0008F186F /* SignupController.m */,
				1DAB4CEA1B6DE8F0008F186F /* signUpViewController.h */,
				1DAB4CEB1B6DE8F0008F186F /* signUpViewController.m */,
				1DAB4CEC1B6DE8F0008F186F /* StartViewController.h */,
				1DAB4CED1B6DE8F0008F186F /* StartViewController.m */,
				1DAB4CEE1B6DE8F0008F186F /* TextDetailsViewController.h */,
				1DAB4CEF1B6DE8F0008F186F /* TextDetailsViewController.m */,
				1DAB4CF01B6DE8F0008F186F /* TextMessageViewController.h */,
				1DAB4CF11B6DE8F0008F186F /* TextMessageViewController.m */,
				1DAB4CF21B6DE8F0008F186F /* tutorialDetails.h */,
				1DAB4CF31B6DE8F0008F186F /* tutorialDetails.m */,
				1DAB4CF41B6DE8F0008F186F /* TutorialViewController.h */,
				1DAB4CF51B6DE8F0008F186F /* TutorialViewController.m */,
				1D3B055A1B71CEBF00675F9E /* LoadingViewController.m */,
				1D3B055C1B71CECC00675F9E /* LoadingViewController.h */,
			);
			path = ViewControllers;
			sourceTree = "<group>";
		};
/* End PBXGroup section */

/* Begin PBXNativeTarget section */
		1D8617A61AFACA650047DE56 /* BrightbyThree */ = {
			isa = PBXNativeTarget;
			buildConfigurationList = 1D8617CD1AFACA650047DE56 /* Build configuration list for PBXNativeTarget "BrightbyThree" */;
			buildPhases = (
				1D8617A31AFACA650047DE56 /* Sources */,
				1D8617A41AFACA650047DE56 /* Frameworks */,
				1D8617A51AFACA650047DE56 /* Resources */,
			);
			buildRules = (
			);
			dependencies = (
			);
			name = BrightbyThree;
			productName = BrightbyThree;
			productReference = 1D8617A71AFACA650047DE56 /* BrightbyThree.app */;
			productType = "com.apple.product-type.application";
		};
/* End PBXNativeTarget section */

/* Begin PBXProject section */
		1D86179F1AFACA650047DE56 /* Project object */ = {
			isa = PBXProject;
			attributes = {
				LastUpgradeCheck = 0630;
				ORGANIZATIONNAME = "University of Colorado Denver";
				TargetAttributes = {
					1D8617A61AFACA650047DE56 = {
						CreatedOnToolsVersion = 6.3.1;
						DevelopmentTeam = 8B2Z9YK54P;
					};
				};
			};
			buildConfigurationList = 1D8617A21AFACA650047DE56 /* Build configuration list for PBXProject "BrightbyThree" */;
			compatibilityVersion = "Xcode 3.2";
			developmentRegion = English;
			hasScannedForEncodings = 0;
			knownRegions = (
				en,
				Base,
			);
			mainGroup = 1D86179E1AFACA650047DE56;
			productRefGroup = 1D8617A81AFACA650047DE56 /* Products */;
			projectDirPath = "";
			projectRoot = "";
			targets = (
				1D8617A61AFACA650047DE56 /* BrightbyThree */,
			);
		};
/* End PBXProject section */

/* Begin PBXResourcesBuildPhase section */
		1D8617A51AFACA650047DE56 /* Resources */ = {
			isa = PBXResourcesBuildPhase;
			buildActionMask = 2147483647;
			files = (
				1DAB4BFF1B6DDFF1008F186F /* iStock_000024919385_XXXLarge.jpg in Resources */,
				1DAB4BCD1B6DDFF1008F186F /* 2x.png in Resources */,
				1DAB4BD01B6DDFF1008F186F /* 5starsgray.png in Resources */,
				1DAB4BD11B6DDFF1008F186F /* 76-baby.png in Resources */,
				1DAB4BE81B6DDFF1008F186F /* BB3152.png in Resources */,
				1DAB4BFC1B6DDFF1008F186F /* icon-152.png in Resources */,
				1DAB4BEA1B6DDFF1008F186F /* BB372.png in Resources */,
				1DAB4BC51B6DDFF1008F186F /* 111-user.png in Resources */,
				1DAB4BDC1B6DDFF1008F186F /* Badge2000.png in Resources */,
				1DAB4BF21B6DDFF1008F186F /* childrens.png in Resources */,
				1DAB4BC61B6DDFF1008F186F /* 117-todo.png in Resources */,
				1DAB4BF31B6DDFF1008F186F /* daniels.png in Resources */,
				1DAB4BCA1B6DDFF1008F186F /* 19-gear.png in Resources */,
				1DAB4BD31B6DDFF1008F186F /* 85-trophy.png in Resources */,
				1DAB4CB91B6DE75A008F186F /* IQKeyboardManager.bundle in Resources */,
				1D4FA3BE1B727B1D001181C6 /* blue_minimalistic_gradient_colors_1200x1920.png in Resources */,
				1DAB4BDF1B6DDFF1008F186F /* Badge3500.png in Resources */,
				1DAB4BF51B6DDFF1008F186F /* facebook-Logo.jpg in Resources */,
				1DAB4BC91B6DDFF1008F186F /* 187-pencil.png in Resources */,
				1DAB4BD91B6DDFF1008F186F /* Badge1000.png in Resources */,
				1DAB4BE01B6DDFF1008F186F /* Badge400.png in Resources */,
				1DAB4BF11B6DDFF1008F186F /* BB3_logo_vert-tag_WEB_rgb_1024.png in Resources */,
				1DAB4BEB1B6DDFF1008F186F /* BB376.png in Resources */,
				1DAB4C0E1B6DDFF1008F186F /* Untitled.png in Resources */,
				1DAB4C021B6DDFF1008F186F /* Mom reading with baby - anglo.jpg in Resources */,
				1DAB4C071B6DDFF1008F186F /* page3.png in Resources */,
				1DAB4BEF1B6DDFF1008F186F /* BB3_logo-icon_WEB_rgb_28x28.png in Resources */,
				1DAB4BED1B6DDFF1008F186F /* BB3_AboutUs.png in Resources */,
				1DAB4BD51B6DDFF1008F186F /* Accords.png in Resources */,
				1DAB4C011B6DDFF1008F186F /* minutesShot.png in Resources */,
				1DAB4C081B6DDFF1008F186F /* page4.png in Resources */,
				1DAB4BDD1B6DDFF1008F186F /* Badge2500.png in Resources */,
				1DAB4BC71B6DDFF1008F186F /* 13-target.png in Resources */,
				1DAB4C061B6DDFF1008F186F /* page2.png in Resources */,
				1DAB4BFB1B6DDFF1008F186F /* icon-120.png in Resources */,
				1DAB4BC81B6DDFF1008F186F /* 18-envelope.png in Resources */,
				1DAB4BF01B6DDFF1008F186F /* BB3_logo_horiz_WEB_rgb.png in Resources */,
				1DAB4BC21B6DDFF1008F186F /* 01-refresh.png in Resources */,
				1DAB4BE51B6DDFF1008F186F /* badges.png in Resources */,
				1DAB4C0A1B6DDFF1008F186F /* rateMessage.png in Resources */,
				1DAB4BC31B6DDFF1008F186F /* 06-magnify.png in Resources */,
				1DAB4BF71B6DDFF1008F186F /* favoritesShot.png in Resources */,
				1DAB4BF61B6DDFF1008F186F /* facebookShot.png in Resources */,
				1DAB4BE21B6DDFF1008F186F /* Badge4500.png in Resources */,
				1DAB4BFA1B6DDFF1008F186F /* goalsShot.png in Resources */,
				1D8A32CB1B57F9A1006343E1 /* Icon.png in Resources */,
				1DAB4C0D1B6DDFF1008F186F /* twitter@2x.png in Resources */,
				1DAB4BCC1B6DDFF1008F186F /* 28-star.png in Resources */,
				1DAB4BE11B6DDFF1008F186F /* Badge4000.png in Resources */,
				1DAB4C0C1B6DDFF1008F186F /* Toddler on grass.jpg in Resources */,
				1DAB4BF91B6DDFF1008F186F /* goals.jpg in Resources */,
				1DAB4C041B6DDFF1008F186F /* network.jpg in Resources */,
				1DAB4BEC1B6DDFF1008F186F /* BB3_AbousUs.png in Resources */,
				1DAB4C091B6DDFF1008F186F /* Piton.png in Resources */,
				1DAB4BF41B6DDFF1008F186F /* dashboardShot.png in Resources */,
				1DAB4BF81B6DDFF1008F186F /* glyphicons-157-show-thumbnails.png in Resources */,
				1DAB4BDA1B6DDFF1008F186F /* Badge150.png in Resources */,
				1DAB4BDE1B6DDFF1008F186F /* Badge3000.png in Resources */,
				1D8A32CA1B57F9A1006343E1 /* Icon-72.png in Resources */,
				1D725B701B8794A90006521E /* iStock_000019163656_Double.jpg in Resources */,
				1DAB4BFD1B6DDFF1008F186F /* icon-76.png in Resources */,
				1DAB4BD21B6DDFF1008F186F /* 81-dashboard.png in Resources */,
				1DAB4BCB1B6DDFF1008F186F /* 1x.png in Resources */,
				1DAB4C051B6DDFF1008F186F /* page1.png in Resources */,
				1DAB4BCE1B6DDFF1008F186F /* 3x.png in Resources */,
				1DAB4C031B6DDFF1008F186F /* Mom reading with baby - anglo_launch.png in Resources */,
				1DAB4BD81B6DDFF1008F186F /* Baby with tongue out.jpg in Resources */,
				1DAB4BE41B6DDFF1008F186F /* Badge700.png in Resources */,
				1DAB4C0B1B6DDFF1008F186F /* setGoals.png in Resources */,
				1DAB4BE91B6DDFF1008F186F /* BB357.png in Resources */,
				1D8617BE1AFACA650047DE56 /* LaunchScreen.xib in Resources */,
				1DAB4BCF1B6DDFF1008F186F /* 53-house.png in Resources */,
				1DAB4BD71B6DDFF1008F186F /* addToFavoritesShot.png in Resources */,
				1DAB4BEE1B6DDFF1008F186F /* BB3_logo-icon_WEB_rgb.png in Resources */,
				1DAB4C001B6DDFF1008F186F /* messages.jpeg in Resources */,
				1DAB4BD41B6DDFF1008F186F /* 86-camera.png in Resources */,
				1D725B741B8796B30006521E /* iStock_000047232464_Full.jpg in Resources */,
				1D487B391B4A344000A64137 /* Story1.storyboard in Resources */,
				1DAB4BDB1B6DDFF1008F186F /* Badge1500.png in Resources */,
				1DAB4BD61B6DDFF1008F186F /* accountsShot.png in Resources */,
				1DAB4C0F1B6DDFF1008F186F /* walton.png in Resources */,
				1D725B721B8795730006521E /* iStock_000024540608_Double.jpg in Resources */,
				1DAB4BFE1B6DDFF1008F186F /* iStock_000015216865_Large.jpg in Resources */,
				1DAB4BC41B6DDFF1008F186F /* 08-chat.png in Resources */,
				1DAB4BE61B6DDFF1008F186F /* badgesShot.png in Resources */,
				1DAB4BE31B6DDFF1008F186F /* Badge5000.png in Resources */,
				1D8617BB1AFACA650047DE56 /* Images.xcassets in Resources */,
				1D4FA3C01B727B23001181C6 /* blue_minimalistic_gradient_colors_1920x1200.png in Resources */,
				1DAB4BE71B6DDFF1008F186F /* BB3120.png in Resources */,
			);
			runOnlyForDeploymentPostprocessing = 0;
		};
/* End PBXResourcesBuildPhase section */

/* Begin PBXSourcesBuildPhase section */
		1D8617A31AFACA650047DE56 /* Sources */ = {
			isa = PBXSourcesBuildPhase;
			buildActionMask = 2147483647;
			files = (
				1DAB4CF61B6DE8F0008F186F /* AppDelegate.m in Sources */,
				1DAB4C1D1B6DE016008F186F /* UIImage+HTButton.m in Sources */,
				1DAB4CF81B6DE8F0008F186F /* badgeViewController.m in Sources */,
				1DAB4D091B6DE8F0008F186F /* SecondViewController.m in Sources */,
				1DAB4D0F1B6DE8F0008F186F /* TextMessageViewController.m in Sources */,
				1DAB4D061B6DE8F0008F186F /* PictureViewController.m in Sources */,
				1DAB4C1C1B6DE016008F186F /* UIColor+HTColor.m in Sources */,
				1DAB4CAC1B6DE75A008F186F /* IQNSArray+Sort.m in Sources */,
				1DAB4CFF1B6DE8F0008F186F /* GoalsViewController.m in Sources */,
				1DAB4D001B6DE8F0008F186F /* LibraryViewController.m in Sources */,
				1DAB4CAF1B6DE75A008F186F /* IQUIViewController+Additions.m in Sources */,
				1DAB4D0C1B6DE8F0008F186F /* signUpViewController.m in Sources */,
				1DAB4D081B6DE8F0008F186F /* rateMessage.m in Sources */,
				1DAB4D0D1B6DE8F0008F186F /* StartViewController.m in Sources */,
				1DAB4CB41B6DE75A008F186F /* IQTextView.m in Sources */,
				1DAB4D0B1B6DE8F0008F186F /* SignupController.m in Sources */,
				1DAB4CB81B6DE75A008F186F /* IQUIView+IQKeyboardToolbar.m in Sources */,
				1DAB4CFC1B6DE8F0008F186F /* FavoriteMessagesViewController.m in Sources */,
				1DAB4CB61B6DE75A008F186F /* IQTitleBarButtonItem.m in Sources */,
				1DAB4CFE1B6DE8F0008F186F /* FormTableController.m in Sources */,
				1DAB4C1A1B6DE016008F186F /* HTPressableButton.m in Sources */,
				1DAB4CBA1B6DE75A008F186F /* MRoundedButton.m in Sources */,
				1DAB4D101B6DE8F0008F186F /* tutorialDetails.m in Sources */,
				1DAB4C561B6DE751008F186F /* ACPButton.m in Sources */,
				1DAB4D021B6DE8F0008F186F /* LogMinutes.m in Sources */,
				1DAB4D071B6DE8F0008F186F /* QuizResponse.m in Sources */,
				1DAB4D0E1B6DE8F0008F186F /* TextDetailsViewController.m in Sources */,
				1DAB4CF71B6DE8F0008F186F /* AboutUsViewController.m in Sources */,
				1DAB4D111B6DE8F0008F186F /* TutorialViewController.m in Sources */,
				1DAB4D051B6DE8F0008F186F /* PageContentViewController.m in Sources */,
				1DAB4CB71B6DE75A008F186F /* IQToolbar.m in Sources */,
				1DAB4CB21B6DE75A008F186F /* IQKeyboardReturnKeyHandler.m in Sources */,
				1DAB4CB11B6DE75A008F186F /* IQKeyboardManager.m in Sources */,
				1DAB4D011B6DE8F0008F186F /* LoginViewController.m in Sources */,
				1DAB4D0A1B6DE8F0008F186F /* SettingsViewController.m in Sources */,
				1DAB4D141B6DE928008F186F /* StarRatingView.m in Sources */,
				1DAB4C1B1B6DE016008F186F /* HTPressableButtonPrefs.m in Sources */,
				1DAB4CB51B6DE75A008F186F /* IQBarButtonItem.m in Sources */,
				1D8617AD1AFACA650047DE56 /* main.m in Sources */,
				1DAB4CFA1B6DE8F0008F186F /* DashboardViewController.m in Sources */,
				1D3B055B1B71CEBF00675F9E /* LoadingViewController.m in Sources */,
				1DAB4CB01B6DE75A008F186F /* IQUIWindow+Hierarchy.m in Sources */,
				1DAB4CAB1B6DE75A008F186F /* DKCircleButton.m in Sources */,
				1DAB4CB31B6DE75A008F186F /* IQSegmentedNextPrevious.m in Sources */,
				1DAB4CAD1B6DE75A008F186F /* IQUITextFieldView+Additions.m in Sources */,
				1DAB4CFB1B6DE8F0008F186F /* EnrollNow.m in Sources */,
				1DAB4D041B6DE8F0008F186F /* NetworkViewController.m in Sources */,
				1DAB4CAE1B6DE75A008F186F /* IQUIView+Hierarchy.m in Sources */,
				1DAB4CFD1B6DE8F0008F186F /* FirstViewController.m in Sources */,
				1DAB4CF91B6DE8F0008F186F /* Dashboard.m in Sources */,
				1DAB4D031B6DE8F0008F186F /* MyAccountViewController.m in Sources */,
			);
			runOnlyForDeploymentPostprocessing = 0;
		};
/* End PBXSourcesBuildPhase section */

/* Begin PBXVariantGroup section */
		1D8617BC1AFACA650047DE56 /* LaunchScreen.xib */ = {
			isa = PBXVariantGroup;
			children = (
				1D8617BD1AFACA650047DE56 /* Base */,
			);
			name = LaunchScreen.xib;
			sourceTree = "<group>";
		};
/* End PBXVariantGroup section */

/* Begin XCBuildConfiguration section */
		1D8617CB1AFACA650047DE56 /* Debug */ = {
			isa = XCBuildConfiguration;
			buildSettings = {
				ALWAYS_SEARCH_USER_PATHS = YES;
				CLANG_CXX_LANGUAGE_STANDARD = "gnu++0x";
				CLANG_CXX_LIBRARY = "libc++";
				CLANG_ENABLE_MODULES = YES;
				CLANG_ENABLE_OBJC_ARC = YES;
				CLANG_WARN_BOOL_CONVERSION = YES;
				CLANG_WARN_CONSTANT_CONVERSION = YES;
				CLANG_WARN_DIRECT_OBJC_ISA_USAGE = YES_ERROR;
				CLANG_WARN_EMPTY_BODY = YES;
				CLANG_WARN_ENUM_CONVERSION = YES;
				CLANG_WARN_INT_CONVERSION = YES;
				CLANG_WARN_OBJC_ROOT_CLASS = YES_ERROR;
				CLANG_WARN_UNREACHABLE_CODE = YES;
				CLANG_WARN__DUPLICATE_METHOD_MATCH = YES;
				"CODE_SIGN_IDENTITY[sdk=iphoneos*]" = "iPhone Developer";
				COPY_PHASE_STRIP = NO;
				DEBUG_INFORMATION_FORMAT = "dwarf-with-dsym";
				ENABLE_STRICT_OBJC_MSGSEND = YES;
				GCC_C_LANGUAGE_STANDARD = gnu99;
				GCC_DYNAMIC_NO_PIC = NO;
				GCC_NO_COMMON_BLOCKS = YES;
				GCC_OPTIMIZATION_LEVEL = 0;
				GCC_PREPROCESSOR_DEFINITIONS = (
					"DEBUG=1",
					"$(inherited)",
				);
				GCC_SYMBOLS_PRIVATE_EXTERN = NO;
				GCC_WARN_64_TO_32_BIT_CONVERSION = YES;
				GCC_WARN_ABOUT_RETURN_TYPE = YES_ERROR;
				GCC_WARN_UNDECLARED_SELECTOR = YES;
				GCC_WARN_UNINITIALIZED_AUTOS = YES_AGGRESSIVE;
				GCC_WARN_UNUSED_FUNCTION = YES;
				GCC_WARN_UNUSED_VARIABLE = YES;
				HEADER_SEARCH_PATHS = (
					"$(inherited)",
					/Applications/Xcode.app/Contents/Developer/Toolchains/XcodeDefault.xctoolchain/usr/include,
					HEADER_SEARCH_PATHS,
				);
				IPHONEOS_DEPLOYMENT_TARGET = 8.3;
				MTL_ENABLE_DEBUG_INFO = YES;
				ONLY_ACTIVE_ARCH = YES;
				SDKROOT = iphoneos;
				TARGETED_DEVICE_FAMILY = "1,2";
			};
			name = Debug;
		};
		1D8617CC1AFACA650047DE56 /* Release */ = {
			isa = XCBuildConfiguration;
			buildSettings = {
				ALWAYS_SEARCH_USER_PATHS = YES;
				CLANG_CXX_LANGUAGE_STANDARD = "gnu++0x";
				CLANG_CXX_LIBRARY = "libc++";
				CLANG_ENABLE_MODULES = YES;
				CLANG_ENABLE_OBJC_ARC = YES;
				CLANG_WARN_BOOL_CONVERSION = YES;
				CLANG_WARN_CONSTANT_CONVERSION = YES;
				CLANG_WARN_DIRECT_OBJC_ISA_USAGE = YES_ERROR;
				CLANG_WARN_EMPTY_BODY = YES;
				CLANG_WARN_ENUM_CONVERSION = YES;
				CLANG_WARN_INT_CONVERSION = YES;
				CLANG_WARN_OBJC_ROOT_CLASS = YES_ERROR;
				CLANG_WARN_UNREACHABLE_CODE = YES;
				CLANG_WARN__DUPLICATE_METHOD_MATCH = YES;
				"CODE_SIGN_IDENTITY[sdk=iphoneos*]" = "iPhone Developer";
				COPY_PHASE_STRIP = NO;
				DEBUG_INFORMATION_FORMAT = "dwarf-with-dsym";
				ENABLE_NS_ASSERTIONS = NO;
				ENABLE_STRICT_OBJC_MSGSEND = YES;
				GCC_C_LANGUAGE_STANDARD = gnu99;
				GCC_NO_COMMON_BLOCKS = YES;
				GCC_WARN_64_TO_32_BIT_CONVERSION = YES;
				GCC_WARN_ABOUT_RETURN_TYPE = YES_ERROR;
				GCC_WARN_UNDECLARED_SELECTOR = YES;
				GCC_WARN_UNINITIALIZED_AUTOS = YES_AGGRESSIVE;
				GCC_WARN_UNUSED_FUNCTION = YES;
				GCC_WARN_UNUSED_VARIABLE = YES;
				HEADER_SEARCH_PATHS = (
					"$(inherited)",
					/Applications/Xcode.app/Contents/Developer/Toolchains/XcodeDefault.xctoolchain/usr/include,
					HEADER_SEARCH_PATHS,
				);
				IPHONEOS_DEPLOYMENT_TARGET = 8.3;
				MTL_ENABLE_DEBUG_INFO = NO;
				SDKROOT = iphoneos;
				TARGETED_DEVICE_FAMILY = "1,2";
				VALIDATE_PRODUCT = YES;
			};
			name = Release;
		};
		1D8617CE1AFACA650047DE56 /* Debug */ = {
			isa = XCBuildConfiguration;
			buildSettings = {
				ASSETCATALOG_COMPILER_APPICON_NAME = "AppIcon-2";
				ASSETCATALOG_COMPILER_LAUNCHIMAGE_NAME = LaunchImage;
				CODE_SIGN_IDENTITY = "iPhone Distribution: Sheana Bull (8B2Z9YK54P)";
				"CODE_SIGN_IDENTITY[sdk=iphoneos*]" = "iPhone Distribution: Sheana Bull (8B2Z9YK54P)";
				FRAMEWORK_SEARCH_PATHS = "$(PLATFORM_DIR)/Developer/Library/Frameworks";
				INFOPLIST_FILE = BrightbyThree/Info.plist;
				IPHONEOS_DEPLOYMENT_TARGET = 7.0;
				LD_RUNPATH_SEARCH_PATHS = "$(inherited) @executable_path/Frameworks";
				PRODUCT_NAME = "$(TARGET_NAME)";
				PROVISIONING_PROFILE = "";
				TARGETED_DEVICE_FAMILY = "1,2";
			};
			name = Debug;
		};
		1D8617CF1AFACA650047DE56 /* Release */ = {
			isa = XCBuildConfiguration;
			buildSettings = {
				ASSETCATALOG_COMPILER_APPICON_NAME = "AppIcon-2";
				ASSETCATALOG_COMPILER_LAUNCHIMAGE_NAME = LaunchImage;
				CODE_SIGN_IDENTITY = "iPhone Distribution: Sheana Bull (8B2Z9YK54P)";
				"CODE_SIGN_IDENTITY[sdk=iphoneos*]" = "iPhone Distribution: Sheana Bull (8B2Z9YK54P)";
				FRAMEWORK_SEARCH_PATHS = "$(PLATFORM_DIR)/Developer/Library/Frameworks";
				INFOPLIST_FILE = BrightbyThree/Info.plist;
				IPHONEOS_DEPLOYMENT_TARGET = 7.0;
				LD_RUNPATH_SEARCH_PATHS = "$(inherited) @executable_path/Frameworks";
				PRODUCT_NAME = "$(TARGET_NAME)";
				PROVISIONING_PROFILE = "0cdf8238-a70f-4be1-b97d-c359a3d7a2d3";
				"PROVISIONING_PROFILE[sdk=*]" = "0cdf8238-a70f-4be1-b97d-c359a3d7a2d3";
				TARGETED_DEVICE_FAMILY = "1,2";
			};
			name = Release;
		};
/* End XCBuildConfiguration section */

/* Begin XCConfigurationList section */
		1D8617A21AFACA650047DE56 /* Build configuration list for PBXProject "BrightbyThree" */ = {
			isa = XCConfigurationList;
			buildConfigurations = (
				1D8617CB1AFACA650047DE56 /* Debug */,
				1D8617CC1AFACA650047DE56 /* Release */,
			);
			defaultConfigurationIsVisible = 0;
			defaultConfigurationName = Release;
		};
		1D8617CD1AFACA650047DE56 /* Build configuration list for PBXNativeTarget "BrightbyThree" */ = {
			isa = XCConfigurationList;
			buildConfigurations = (
				1D8617CE1AFACA650047DE56 /* Debug */,
				1D8617CF1AFACA650047DE56 /* Release */,
			);
			defaultConfigurationIsVisible = 0;
			defaultConfigurationName = Release;
		};
/* End XCConfigurationList section */
	};
	rootObject = 1D86179F1AFACA650047DE56 /* Project object */;
}
