// !$*UTF8*$!
{
	archiveVersion = 1;
	classes = {
	};
	objectVersion = 46;
	objects = {

/* Begin PBXBuildFile section */
		1D0D87381B02359700BFC6DC /* BB3_logo_horiz_WEB_rgb.png in Resources */ = {isa = PBXBuildFile; fileRef = 1D0D87371B02359700BFC6DC /* BB3_logo_horiz_WEB_rgb.png */; };
		1D0D873A1B02401600BFC6DC /* PageContentViewController.m in Sources */ = {isa = PBXBuildFile; fileRef = 1D0D87391B02401600BFC6DC /* PageContentViewController.m */; };
		1D0D873D1B02498E00BFC6DC /* StartViewController.m in Sources */ = {isa = PBXBuildFile; fileRef = 1D0D873C1B02498E00BFC6DC /* StartViewController.m */; };
		1D0D87471B03123400BFC6DC /* page1.png in Resources */ = {isa = PBXBuildFile; fileRef = 1D0D87431B03123400BFC6DC /* page1.png */; };
		1D0D87481B03123400BFC6DC /* page2.png in Resources */ = {isa = PBXBuildFile; fileRef = 1D0D87441B03123400BFC6DC /* page2.png */; };
		1D0D87491B03123400BFC6DC /* page3.png in Resources */ = {isa = PBXBuildFile; fileRef = 1D0D87451B03123400BFC6DC /* page3.png */; };
		1D0D874A1B03123400BFC6DC /* page4.png in Resources */ = {isa = PBXBuildFile; fileRef = 1D0D87461B03123400BFC6DC /* page4.png */; };
		1D0D874D1B0387E400BFC6DC /* LoginViewController.m in Sources */ = {isa = PBXBuildFile; fileRef = 1D0D874C1B0387E400BFC6DC /* LoginViewController.m */; };
		1D0D9E371B545269009FD90C /* FormTableController.m in Sources */ = {isa = PBXBuildFile; fileRef = 1D0D9E361B545268009FD90C /* FormTableController.m */; };
		1D0D9E3A1B54C19A009FD90C /* SettingsViewController.m in Sources */ = {isa = PBXBuildFile; fileRef = 1D0D9E391B54C19A009FD90C /* SettingsViewController.m */; };
		1D14A5551B504C2A000EECAB /* blackButton.png in Resources */ = {isa = PBXBuildFile; fileRef = 1D14A5381B504C2A000EECAB /* blackButton.png */; };
		1D14A5561B504C2A000EECAB /* blackButton@2x.png in Resources */ = {isa = PBXBuildFile; fileRef = 1D14A5391B504C2A000EECAB /* blackButton@2x.png */; };
		1D14A5571B504C2A000EECAB /* blackButtonHighlight.png in Resources */ = {isa = PBXBuildFile; fileRef = 1D14A53A1B504C2A000EECAB /* blackButtonHighlight.png */; };
		1D14A5581B504C2A000EECAB /* blackButtonHighlight@2x.png in Resources */ = {isa = PBXBuildFile; fileRef = 1D14A53B1B504C2A000EECAB /* blackButtonHighlight@2x.png */; };
		1D14A5591B504C2A000EECAB /* blueButton.png in Resources */ = {isa = PBXBuildFile; fileRef = 1D14A53C1B504C2A000EECAB /* blueButton.png */; };
		1D14A55A1B504C2A000EECAB /* blueButton@2x.png in Resources */ = {isa = PBXBuildFile; fileRef = 1D14A53D1B504C2A000EECAB /* blueButton@2x.png */; };
		1D14A55B1B504C2A000EECAB /* blueButtonHighlight.png in Resources */ = {isa = PBXBuildFile; fileRef = 1D14A53E1B504C2A000EECAB /* blueButtonHighlight.png */; };
		1D14A55C1B504C2A000EECAB /* blueButtonHighlight@2x.png in Resources */ = {isa = PBXBuildFile; fileRef = 1D14A53F1B504C2A000EECAB /* blueButtonHighlight@2x.png */; };
		1D14A55D1B504C2A000EECAB /* greenButton.png in Resources */ = {isa = PBXBuildFile; fileRef = 1D14A5401B504C2A000EECAB /* greenButton.png */; };
		1D14A55E1B504C2A000EECAB /* greenButton@2x.png in Resources */ = {isa = PBXBuildFile; fileRef = 1D14A5411B504C2A000EECAB /* greenButton@2x.png */; };
		1D14A55F1B504C2A000EECAB /* greenButtonHighlight.png in Resources */ = {isa = PBXBuildFile; fileRef = 1D14A5421B504C2A000EECAB /* greenButtonHighlight.png */; };
		1D14A5601B504C2A000EECAB /* greenButtonHighlight@2x.png in Resources */ = {isa = PBXBuildFile; fileRef = 1D14A5431B504C2A000EECAB /* greenButtonHighlight@2x.png */; };
		1D14A5611B504C2A000EECAB /* greyButton.png in Resources */ = {isa = PBXBuildFile; fileRef = 1D14A5441B504C2A000EECAB /* greyButton.png */; };
		1D14A5621B504C2A000EECAB /* greyButton@2x.png in Resources */ = {isa = PBXBuildFile; fileRef = 1D14A5451B504C2A000EECAB /* greyButton@2x.png */; };
		1D14A5631B504C2A000EECAB /* greyButton@2xpng in Resources */ = {isa = PBXBuildFile; fileRef = 1D14A5461B504C2A000EECAB /* greyButton@2xpng */; };
		1D14A5641B504C2A000EECAB /* greyButtonHighlight.png in Resources */ = {isa = PBXBuildFile; fileRef = 1D14A5471B504C2A000EECAB /* greyButtonHighlight.png */; };
		1D14A5651B504C2A000EECAB /* greyButtonHighlight@2x.png in Resources */ = {isa = PBXBuildFile; fileRef = 1D14A5481B504C2A000EECAB /* greyButtonHighlight@2x.png */; };
		1D14A5661B504C2A000EECAB /* orangeButton.png in Resources */ = {isa = PBXBuildFile; fileRef = 1D14A5491B504C2A000EECAB /* orangeButton.png */; };
		1D14A5671B504C2A000EECAB /* orangeButton@2x.png in Resources */ = {isa = PBXBuildFile; fileRef = 1D14A54A1B504C2A000EECAB /* orangeButton@2x.png */; };
		1D14A5681B504C2A000EECAB /* orangeButtonHighlight.png in Resources */ = {isa = PBXBuildFile; fileRef = 1D14A54B1B504C2A000EECAB /* orangeButtonHighlight.png */; };
		1D14A5691B504C2A000EECAB /* orangeButtonHighlight@2x.png in Resources */ = {isa = PBXBuildFile; fileRef = 1D14A54C1B504C2A000EECAB /* orangeButtonHighlight@2x.png */; };
		1D14A56A1B504C2A000EECAB /* tanButton.png in Resources */ = {isa = PBXBuildFile; fileRef = 1D14A54D1B504C2A000EECAB /* tanButton.png */; };
		1D14A56B1B504C2A000EECAB /* tanButton@2x.png in Resources */ = {isa = PBXBuildFile; fileRef = 1D14A54E1B504C2A000EECAB /* tanButton@2x.png */; };
		1D14A56C1B504C2A000EECAB /* tanButtonHighlight.png in Resources */ = {isa = PBXBuildFile; fileRef = 1D14A54F1B504C2A000EECAB /* tanButtonHighlight.png */; };
		1D14A56D1B504C2A000EECAB /* tanButtonHighlight@2x.png in Resources */ = {isa = PBXBuildFile; fileRef = 1D14A5501B504C2A000EECAB /* tanButtonHighlight@2x.png */; };
		1D14A56E1B504C2A000EECAB /* whiteButton.png in Resources */ = {isa = PBXBuildFile; fileRef = 1D14A5511B504C2A000EECAB /* whiteButton.png */; };
		1D14A56F1B504C2A000EECAB /* whiteButton@2x.png in Resources */ = {isa = PBXBuildFile; fileRef = 1D14A5521B504C2A000EECAB /* whiteButton@2x.png */; };
		1D14A5701B504C2A000EECAB /* whiteButtonHighlight.png in Resources */ = {isa = PBXBuildFile; fileRef = 1D14A5531B504C2A000EECAB /* whiteButtonHighlight.png */; };
		1D14A5711B504C2A000EECAB /* whiteButtonHighlight@2x.png in Resources */ = {isa = PBXBuildFile; fileRef = 1D14A5541B504C2A000EECAB /* whiteButtonHighlight@2x.png */; };
		1D14A5AA1B518117000EECAB /* MRoundedButton.m in Sources */ = {isa = PBXBuildFile; fileRef = 1D14A5A91B518117000EECAB /* MRoundedButton.m */; };
		1D14A5AC1B518231000EECAB /* twitter@2x.png in Resources */ = {isa = PBXBuildFile; fileRef = 1D14A5AB1B518231000EECAB /* twitter@2x.png */; };
		1D28EE991B12C54E00C712CC /* GoalsViewController.m in Sources */ = {isa = PBXBuildFile; fileRef = 1D28EE981B12C54E00C712CC /* GoalsViewController.m */; };
		1D28EE9F1B1488E300C712CC /* NetworkViewController.m in Sources */ = {isa = PBXBuildFile; fileRef = 1D28EE9E1B1488E300C712CC /* NetworkViewController.m */; };
		1D487B2F1B446D6700A64137 /* 1x.png in Resources */ = {isa = PBXBuildFile; fileRef = 1D487B2E1B446D6700A64137 /* 1x.png */; };
		1D487B311B446D6D00A64137 /* 2x.png in Resources */ = {isa = PBXBuildFile; fileRef = 1D487B301B446D6D00A64137 /* 2x.png */; };
		1D487B331B446D7300A64137 /* 3x.png in Resources */ = {isa = PBXBuildFile; fileRef = 1D487B321B446D7300A64137 /* 3x.png */; };
		1D487B391B4A344000A64137 /* Story1.storyboard in Resources */ = {isa = PBXBuildFile; fileRef = 1D487B381B4A344000A64137 /* Story1.storyboard */; };
		1D4AAE3F1B182B34002D3F72 /* EnrollNow.m in Sources */ = {isa = PBXBuildFile; fileRef = 1D4AAE3E1B182B34002D3F72 /* EnrollNow.m */; };
		1D4B120F1B39345200D194BA /* HTPressableButton.m in Sources */ = {isa = PBXBuildFile; fileRef = 1D4B12081B39345200D194BA /* HTPressableButton.m */; };
		1D4B12101B39345200D194BA /* HTPressableButtonPrefs.m in Sources */ = {isa = PBXBuildFile; fileRef = 1D4B120A1B39345200D194BA /* HTPressableButtonPrefs.m */; };
		1D4B12111B39345200D194BA /* UIColor+HTColor.m in Sources */ = {isa = PBXBuildFile; fileRef = 1D4B120C1B39345200D194BA /* UIColor+HTColor.m */; };
		1D4B12121B39345200D194BA /* UIImage+HTButton.m in Sources */ = {isa = PBXBuildFile; fileRef = 1D4B120E1B39345200D194BA /* UIImage+HTButton.m */; };
		1D4B65051B1E9C1E007EAFAF /* TutorialViewController.m in Sources */ = {isa = PBXBuildFile; fileRef = 1D4B65041B1E9C1E007EAFAF /* TutorialViewController.m */; };
		1D7279AE1B434FFB00585A94 /* Piton.png in Resources */ = {isa = PBXBuildFile; fileRef = 1D7279AD1B434FFB00585A94 /* Piton.png */; };
		1D7279B01B4350FD00585A94 /* walton.png in Resources */ = {isa = PBXBuildFile; fileRef = 1D7279AF1B4350FD00585A94 /* walton.png */; };
		1D7279B21B4352B000585A94 /* daniels.png in Resources */ = {isa = PBXBuildFile; fileRef = 1D7279B11B4352B000585A94 /* daniels.png */; };
		1D7279B41B4356C800585A94 /* childrens.png in Resources */ = {isa = PBXBuildFile; fileRef = 1D7279B31B4356C800585A94 /* childrens.png */; };
		1D7279B61B4356DB00585A94 /* BB3_AboutUs.png in Resources */ = {isa = PBXBuildFile; fileRef = 1D7279B51B4356DB00585A94 /* BB3_AboutUs.png */; };
		1D7279B81B43574500585A94 /* Accords.png in Resources */ = {isa = PBXBuildFile; fileRef = 1D7279B71B43574500585A94 /* Accords.png */; };
		1D740AC71B4E92380077D370 /* ACPButton.m in Sources */ = {isa = PBXBuildFile; fileRef = 1D740AC61B4E92380077D370 /* ACPButton.m */; };
		1D8617AD1AFACA650047DE56 /* main.m in Sources */ = {isa = PBXBuildFile; fileRef = 1D8617AC1AFACA650047DE56 /* main.m */; };
		1D8617B01AFACA650047DE56 /* AppDelegate.m in Sources */ = {isa = PBXBuildFile; fileRef = 1D8617AF1AFACA650047DE56 /* AppDelegate.m */; };
		1D8617B31AFACA650047DE56 /* FirstViewController.m in Sources */ = {isa = PBXBuildFile; fileRef = 1D8617B21AFACA650047DE56 /* FirstViewController.m */; };
		1D8617B61AFACA650047DE56 /* SecondViewController.m in Sources */ = {isa = PBXBuildFile; fileRef = 1D8617B51AFACA650047DE56 /* SecondViewController.m */; };
		1D8617BB1AFACA650047DE56 /* Images.xcassets in Resources */ = {isa = PBXBuildFile; fileRef = 1D8617BA1AFACA650047DE56 /* Images.xcassets */; };
		1D8617BE1AFACA650047DE56 /* LaunchScreen.xib in Resources */ = {isa = PBXBuildFile; fileRef = 1D8617BC1AFACA650047DE56 /* LaunchScreen.xib */; };
		1D8617D51AFB16210047DE56 /* glyphicons-157-show-thumbnails.png in Resources */ = {isa = PBXBuildFile; fileRef = 1D8617D41AFB16210047DE56 /* glyphicons-157-show-thumbnails.png */; };
		1D8A32CA1B57F9A1006343E1 /* Icon-72.png in Resources */ = {isa = PBXBuildFile; fileRef = 1D8A32C81B57F9A1006343E1 /* Icon-72.png */; };
		1D8A32CB1B57F9A1006343E1 /* Icon.png in Resources */ = {isa = PBXBuildFile; fileRef = 1D8A32C91B57F9A1006343E1 /* Icon.png */; };
		1D9872BF1AFC56DB00C0AC5D /* BB3_logo-icon_WEB_rgb.png in Resources */ = {isa = PBXBuildFile; fileRef = 1D9872BE1AFC56DB00C0AC5D /* BB3_logo-icon_WEB_rgb.png */; };
		1D9872C11AFC5BC600C0AC5D /* Dashboard.m in Sources */ = {isa = PBXBuildFile; fileRef = 1D9872C01AFC5BC600C0AC5D /* Dashboard.m */; };
		1D9872C41B01381B00C0AC5D /* signUpViewController.m in Sources */ = {isa = PBXBuildFile; fileRef = 1D9872C31B01381B00C0AC5D /* signUpViewController.m */; };
		1D99088F1B0A9E5800D2A38F /* LogMinutes.m in Sources */ = {isa = PBXBuildFile; fileRef = 1D99088E1B0A9E5800D2A38F /* LogMinutes.m */; };
		1D9A1EC81B1600AB00DC66CE /* 187-pencil.png in Resources */ = {isa = PBXBuildFile; fileRef = 1D9A1EC71B1600AA00DC66CE /* 187-pencil.png */; };
		1D9A1ECC1B16027C00DC66CE /* DKCircleButton.m in Sources */ = {isa = PBXBuildFile; fileRef = 1D9A1ECB1B16027C00DC66CE /* DKCircleButton.m */; };
		1D9A1ECE1B164E2F00DC66CE /* 28-star.png in Resources */ = {isa = PBXBuildFile; fileRef = 1D9A1ECD1B164E2F00DC66CE /* 28-star.png */; };
		1D9A1ED11B16506E00DC66CE /* TextMessageViewController.m in Sources */ = {isa = PBXBuildFile; fileRef = 1D9A1ED01B16506E00DC66CE /* TextMessageViewController.m */; };
		1D9FB57A1B0922050007886F /* badgeViewController.m in Sources */ = {isa = PBXBuildFile; fileRef = 1D9FB5791B0922050007886F /* badgeViewController.m */; };
		1D9FB5891B092E7E0007886F /* Badge150.png in Resources */ = {isa = PBXBuildFile; fileRef = 1D9FB57C1B092E7E0007886F /* Badge150.png */; };
		1D9FB58A1B092E7E0007886F /* Badge400.png in Resources */ = {isa = PBXBuildFile; fileRef = 1D9FB57D1B092E7E0007886F /* Badge400.png */; };
		1D9FB58B1B092E7E0007886F /* Badge700.png in Resources */ = {isa = PBXBuildFile; fileRef = 1D9FB57E1B092E7E0007886F /* Badge700.png */; };
		1D9FB58C1B092E7E0007886F /* Badge1000.png in Resources */ = {isa = PBXBuildFile; fileRef = 1D9FB57F1B092E7E0007886F /* Badge1000.png */; };
		1D9FB58D1B092E7E0007886F /* Badge1500.png in Resources */ = {isa = PBXBuildFile; fileRef = 1D9FB5801B092E7E0007886F /* Badge1500.png */; };
		1D9FB58E1B092E7E0007886F /* Badge2000.png in Resources */ = {isa = PBXBuildFile; fileRef = 1D9FB5811B092E7E0007886F /* Badge2000.png */; };
		1D9FB58F1B092E7E0007886F /* Badge2500.png in Resources */ = {isa = PBXBuildFile; fileRef = 1D9FB5821B092E7E0007886F /* Badge2500.png */; };
		1D9FB5901B092E7E0007886F /* Badge3000.png in Resources */ = {isa = PBXBuildFile; fileRef = 1D9FB5831B092E7E0007886F /* Badge3000.png */; };
		1D9FB5911B092E7E0007886F /* Badge3500.png in Resources */ = {isa = PBXBuildFile; fileRef = 1D9FB5841B092E7E0007886F /* Badge3500.png */; };
		1D9FB5921B092E7E0007886F /* Badge4000.png in Resources */ = {isa = PBXBuildFile; fileRef = 1D9FB5851B092E7E0007886F /* Badge4000.png */; };
		1D9FB5931B092E7E0007886F /* Badge4500.png in Resources */ = {isa = PBXBuildFile; fileRef = 1D9FB5861B092E7E0007886F /* Badge4500.png */; };
		1D9FB5941B092E7E0007886F /* Badge5000.png in Resources */ = {isa = PBXBuildFile; fileRef = 1D9FB5871B092E7E0007886F /* Badge5000.png */; };
		1D9FB5951B092E7E0007886F /* badges.png in Resources */ = {isa = PBXBuildFile; fileRef = 1D9FB5881B092E7E0007886F /* badges.png */; };
		1D9FB5991B092F040007886F /* facebook-Logo.jpg in Resources */ = {isa = PBXBuildFile; fileRef = 1D9FB5981B092F040007886F /* facebook-Logo.jpg */; };
		1D9FB59D1B092F1A0007886F /* 81-dashboard.png in Resources */ = {isa = PBXBuildFile; fileRef = 1D9FB59A1B092F1A0007886F /* 81-dashboard.png */; };
		1D9FB59E1B092F1A0007886F /* 85-trophy.png in Resources */ = {isa = PBXBuildFile; fileRef = 1D9FB59B1B092F1A0007886F /* 85-trophy.png */; };
		1D9FB59F1B092F1A0007886F /* 86-camera.png in Resources */ = {isa = PBXBuildFile; fileRef = 1D9FB59C1B092F1A0007886F /* 86-camera.png */; };
		1D9FB5A21B092F250007886F /* 111-user.png in Resources */ = {isa = PBXBuildFile; fileRef = 1D9FB5A01B092F250007886F /* 111-user.png */; };
		1D9FB5A31B092F250007886F /* 117-todo.png in Resources */ = {isa = PBXBuildFile; fileRef = 1D9FB5A11B092F250007886F /* 117-todo.png */; };
		1D9FB5A61B092F820007886F /* rateMessage.png in Resources */ = {isa = PBXBuildFile; fileRef = 1D9FB5A41B092F820007886F /* rateMessage.png */; };
		1D9FB5A71B092F820007886F /* setGoals.png in Resources */ = {isa = PBXBuildFile; fileRef = 1D9FB5A51B092F820007886F /* setGoals.png */; };
		1D9FB5A91B092FE40007886F /* 01-refresh.png in Resources */ = {isa = PBXBuildFile; fileRef = 1D9FB5A81B092FE40007886F /* 01-refresh.png */; };
		1D9FB5AB1B092FF00007886F /* 08-chat.png in Resources */ = {isa = PBXBuildFile; fileRef = 1D9FB5AA1B092FF00007886F /* 08-chat.png */; };
		1D9FB5AD1B092FF90007886F /* 13-target.png in Resources */ = {isa = PBXBuildFile; fileRef = 1D9FB5AC1B092FF90007886F /* 13-target.png */; };
		1D9FB5AF1B092FFF0007886F /* 18-envelope.png in Resources */ = {isa = PBXBuildFile; fileRef = 1D9FB5AE1B092FFF0007886F /* 18-envelope.png */; };
		1D9FB5B11B0930180007886F /* 53-house.png in Resources */ = {isa = PBXBuildFile; fileRef = 1D9FB5B01B0930180007886F /* 53-house.png */; };
		1D9FB5B31B0930260007886F /* 76-baby.png in Resources */ = {isa = PBXBuildFile; fileRef = 1D9FB5B21B0930260007886F /* 76-baby.png */; };
		1D9FB5B51B0930570007886F /* 19-gear.png in Resources */ = {isa = PBXBuildFile; fileRef = 1D9FB5B41B0930570007886F /* 19-gear.png */; };
		1D9FBB661B1017FA0075E097 /* BB3_logo-icon_WEB_rgb_28x28.png in Resources */ = {isa = PBXBuildFile; fileRef = 1D9FBB651B1017FA0075E097 /* BB3_logo-icon_WEB_rgb_28x28.png */; };
		1DA9635F1B4C8C800055758A /* Toddler on grass.jpg in Resources */ = {isa = PBXBuildFile; fileRef = 1DA9635E1B4C8C800055758A /* Toddler on grass.jpg */; };
		1DAB27E21B35925000A2FA5D /* messages.jpeg in Resources */ = {isa = PBXBuildFile; fileRef = 1DAB27E11B35925000A2FA5D /* messages.jpeg */; };
		1DAB27E41B37213600A2FA5D /* MessageUI.framework in Frameworks */ = {isa = PBXBuildFile; fileRef = 1DAB27E31B37213600A2FA5D /* MessageUI.framework */; };
		1DBA0E451B3B2A900018E759 /* 06-magnify.png in Resources */ = {isa = PBXBuildFile; fileRef = 1DBA0E441B3B2A900018E759 /* 06-magnify.png */; };
		1DBA0E481B3B2B4F0018E759 /* DashboardViewController.m in Sources */ = {isa = PBXBuildFile; fileRef = 1DBA0E471B3B2B4F0018E759 /* DashboardViewController.m */; };
		1DBA0E4A1B3B33040018E759 /* Mom reading with baby - anglo.jpg in Resources */ = {isa = PBXBuildFile; fileRef = 1DBA0E491B3B33040018E759 /* Mom reading with baby - anglo.jpg */; };
		1DBA0E4C1B3B44620018E759 /* Baby with tongue out.jpg in Resources */ = {isa = PBXBuildFile; fileRef = 1DBA0E4B1B3B44620018E759 /* Baby with tongue out.jpg */; };
		1DBA0E4E1B3B449E0018E759 /* iStock_000024919385_XXXLarge.jpg in Resources */ = {isa = PBXBuildFile; fileRef = 1DBA0E4D1B3B449E0018E759 /* iStock_000024919385_XXXLarge.jpg */; };
		1DBA0E501B3B44A50018E759 /* iStock_000015216865_Large.jpg in Resources */ = {isa = PBXBuildFile; fileRef = 1DBA0E4F1B3B44A50018E759 /* iStock_000015216865_Large.jpg */; };
		1DBA0E521B3B49810018E759 /* network.jpg in Resources */ = {isa = PBXBuildFile; fileRef = 1DBA0E511B3B49810018E759 /* network.jpg */; };
		1DBA0E541B3C9EEF0018E759 /* AboutUsViewController.m in Sources */ = {isa = PBXBuildFile; fileRef = 1DBA0E531B3C9EEF0018E759 /* AboutUsViewController.m */; };
		1DBA20E51B52858900982CA1 /* tutorialDetails.m in Sources */ = {isa = PBXBuildFile; fileRef = 1DBA20E41B52858900982CA1 /* tutorialDetails.m */; };
		1DEF81EB1B3E9D1B003EEF92 /* goals.jpg in Resources */ = {isa = PBXBuildFile; fileRef = 1DEF81EA1B3E9D1B003EEF92 /* goals.jpg */; };
		1DEF81EE1B3EACF7003EEF92 /* MyAccountViewController.m in Sources */ = {isa = PBXBuildFile; fileRef = 1DEF81ED1B3EACF7003EEF92 /* MyAccountViewController.m */; };
/* End PBXBuildFile section */

/* Begin PBXFileReference section */
		1D0D87361B01477800BFC6DC /* Dashboard.h */ = {isa = PBXFileReference; lastKnownFileType = sourcecode.c.h; path = Dashboard.h; sourceTree = "<group>"; };
		1D0D87371B02359700BFC6DC /* BB3_logo_horiz_WEB_rgb.png */ = {isa = PBXFileReference; lastKnownFileType = image.png; path = BB3_logo_horiz_WEB_rgb.png; sourceTree = "<group>"; };
		1D0D87391B02401600BFC6DC /* PageContentViewController.m */ = {isa = PBXFileReference; fileEncoding = 4; lastKnownFileType = sourcecode.c.objc; path = PageContentViewController.m; sourceTree = "<group>"; };
		1D0D873B1B0240CF00BFC6DC /* PageContentViewController.h */ = {isa = PBXFileReference; lastKnownFileType = sourcecode.c.h; path = PageContentViewController.h; sourceTree = "<group>"; };
		1D0D873C1B02498E00BFC6DC /* StartViewController.m */ = {isa = PBXFileReference; fileEncoding = 4; lastKnownFileType = sourcecode.c.objc; path = StartViewController.m; sourceTree = "<group>"; };
		1D0D873E1B0249A000BFC6DC /* StartViewController.h */ = {isa = PBXFileReference; lastKnownFileType = sourcecode.c.h; path = StartViewController.h; sourceTree = "<group>"; };
		1D0D87431B03123400BFC6DC /* page1.png */ = {isa = PBXFileReference; lastKnownFileType = image.png; path = page1.png; sourceTree = "<group>"; };
		1D0D87441B03123400BFC6DC /* page2.png */ = {isa = PBXFileReference; lastKnownFileType = image.png; path = page2.png; sourceTree = "<group>"; };
		1D0D87451B03123400BFC6DC /* page3.png */ = {isa = PBXFileReference; lastKnownFileType = image.png; path = page3.png; sourceTree = "<group>"; };
		1D0D87461B03123400BFC6DC /* page4.png */ = {isa = PBXFileReference; lastKnownFileType = image.png; path = page4.png; sourceTree = "<group>"; };
		1D0D874B1B0387AF00BFC6DC /* LoginViewController.h */ = {isa = PBXFileReference; lastKnownFileType = sourcecode.c.h; path = LoginViewController.h; sourceTree = "<group>"; };
		1D0D874C1B0387E400BFC6DC /* LoginViewController.m */ = {isa = PBXFileReference; fileEncoding = 4; lastKnownFileType = sourcecode.c.objc; path = LoginViewController.m; sourceTree = "<group>"; };
		1D0D9E351B545268009FD90C /* FormTableController.h */ = {isa = PBXFileReference; fileEncoding = 4; lastKnownFileType = sourcecode.c.h; path = FormTableController.h; sourceTree = "<group>"; };
		1D0D9E361B545268009FD90C /* FormTableController.m */ = {isa = PBXFileReference; fileEncoding = 4; lastKnownFileType = sourcecode.c.objc; path = FormTableController.m; sourceTree = "<group>"; };
		1D0D9E381B54C189009FD90C /* SettingsViewController.h */ = {isa = PBXFileReference; lastKnownFileType = sourcecode.c.h; path = SettingsViewController.h; sourceTree = "<group>"; };
		1D0D9E391B54C19A009FD90C /* SettingsViewController.m */ = {isa = PBXFileReference; fileEncoding = 4; lastKnownFileType = sourcecode.c.objc; path = SettingsViewController.m; sourceTree = "<group>"; };
		1D14A5381B504C2A000EECAB /* blackButton.png */ = {isa = PBXFileReference; lastKnownFileType = image.png; path = blackButton.png; sourceTree = "<group>"; };
		1D14A5391B504C2A000EECAB /* blackButton@2x.png */ = {isa = PBXFileReference; lastKnownFileType = image.png; path = "blackButton@2x.png"; sourceTree = "<group>"; };
		1D14A53A1B504C2A000EECAB /* blackButtonHighlight.png */ = {isa = PBXFileReference; lastKnownFileType = image.png; path = blackButtonHighlight.png; sourceTree = "<group>"; };
		1D14A53B1B504C2A000EECAB /* blackButtonHighlight@2x.png */ = {isa = PBXFileReference; lastKnownFileType = image.png; path = "blackButtonHighlight@2x.png"; sourceTree = "<group>"; };
		1D14A53C1B504C2A000EECAB /* blueButton.png */ = {isa = PBXFileReference; lastKnownFileType = image.png; path = blueButton.png; sourceTree = "<group>"; };
		1D14A53D1B504C2A000EECAB /* blueButton@2x.png */ = {isa = PBXFileReference; lastKnownFileType = image.png; path = "blueButton@2x.png"; sourceTree = "<group>"; };
		1D14A53E1B504C2A000EECAB /* blueButtonHighlight.png */ = {isa = PBXFileReference; lastKnownFileType = image.png; path = blueButtonHighlight.png; sourceTree = "<group>"; };
		1D14A53F1B504C2A000EECAB /* blueButtonHighlight@2x.png */ = {isa = PBXFileReference; lastKnownFileType = image.png; path = "blueButtonHighlight@2x.png"; sourceTree = "<group>"; };
		1D14A5401B504C2A000EECAB /* greenButton.png */ = {isa = PBXFileReference; lastKnownFileType = image.png; path = greenButton.png; sourceTree = "<group>"; };
		1D14A5411B504C2A000EECAB /* greenButton@2x.png */ = {isa = PBXFileReference; lastKnownFileType = image.png; path = "greenButton@2x.png"; sourceTree = "<group>"; };
		1D14A5421B504C2A000EECAB /* greenButtonHighlight.png */ = {isa = PBXFileReference; lastKnownFileType = image.png; path = greenButtonHighlight.png; sourceTree = "<group>"; };
		1D14A5431B504C2A000EECAB /* greenButtonHighlight@2x.png */ = {isa = PBXFileReference; lastKnownFileType = image.png; path = "greenButtonHighlight@2x.png"; sourceTree = "<group>"; };
		1D14A5441B504C2A000EECAB /* greyButton.png */ = {isa = PBXFileReference; lastKnownFileType = image.png; path = greyButton.png; sourceTree = "<group>"; };
		1D14A5451B504C2A000EECAB /* greyButton@2x.png */ = {isa = PBXFileReference; lastKnownFileType = image.png; path = "greyButton@2x.png"; sourceTree = "<group>"; };
		1D14A5461B504C2A000EECAB /* greyButton@2xpng */ = {isa = PBXFileReference; lastKnownFileType = file; path = "greyButton@2xpng"; sourceTree = "<group>"; };
		1D14A5471B504C2A000EECAB /* greyButtonHighlight.png */ = {isa = PBXFileReference; lastKnownFileType = image.png; path = greyButtonHighlight.png; sourceTree = "<group>"; };
		1D14A5481B504C2A000EECAB /* greyButtonHighlight@2x.png */ = {isa = PBXFileReference; lastKnownFileType = image.png; path = "greyButtonHighlight@2x.png"; sourceTree = "<group>"; };
		1D14A5491B504C2A000EECAB /* orangeButton.png */ = {isa = PBXFileReference; lastKnownFileType = image.png; path = orangeButton.png; sourceTree = "<group>"; };
		1D14A54A1B504C2A000EECAB /* orangeButton@2x.png */ = {isa = PBXFileReference; lastKnownFileType = image.png; path = "orangeButton@2x.png"; sourceTree = "<group>"; };
		1D14A54B1B504C2A000EECAB /* orangeButtonHighlight.png */ = {isa = PBXFileReference; lastKnownFileType = image.png; path = orangeButtonHighlight.png; sourceTree = "<group>"; };
		1D14A54C1B504C2A000EECAB /* orangeButtonHighlight@2x.png */ = {isa = PBXFileReference; lastKnownFileType = image.png; path = "orangeButtonHighlight@2x.png"; sourceTree = "<group>"; };
		1D14A54D1B504C2A000EECAB /* tanButton.png */ = {isa = PBXFileReference; lastKnownFileType = image.png; path = tanButton.png; sourceTree = "<group>"; };
		1D14A54E1B504C2A000EECAB /* tanButton@2x.png */ = {isa = PBXFileReference; lastKnownFileType = image.png; path = "tanButton@2x.png"; sourceTree = "<group>"; };
		1D14A54F1B504C2A000EECAB /* tanButtonHighlight.png */ = {isa = PBXFileReference; lastKnownFileType = image.png; path = tanButtonHighlight.png; sourceTree = "<group>"; };
		1D14A5501B504C2A000EECAB /* tanButtonHighlight@2x.png */ = {isa = PBXFileReference; lastKnownFileType = image.png; path = "tanButtonHighlight@2x.png"; sourceTree = "<group>"; };
		1D14A5511B504C2A000EECAB /* whiteButton.png */ = {isa = PBXFileReference; lastKnownFileType = image.png; path = whiteButton.png; sourceTree = "<group>"; };
		1D14A5521B504C2A000EECAB /* whiteButton@2x.png */ = {isa = PBXFileReference; lastKnownFileType = image.png; path = "whiteButton@2x.png"; sourceTree = "<group>"; };
		1D14A5531B504C2A000EECAB /* whiteButtonHighlight.png */ = {isa = PBXFileReference; lastKnownFileType = image.png; path = whiteButtonHighlight.png; sourceTree = "<group>"; };
		1D14A5541B504C2A000EECAB /* whiteButtonHighlight@2x.png */ = {isa = PBXFileReference; lastKnownFileType = image.png; path = "whiteButtonHighlight@2x.png"; sourceTree = "<group>"; };
		1D14A5A81B518117000EECAB /* MRoundedButton.h */ = {isa = PBXFileReference; fileEncoding = 4; lastKnownFileType = sourcecode.c.h; path = MRoundedButton.h; sourceTree = "<group>"; };
		1D14A5A91B518117000EECAB /* MRoundedButton.m */ = {isa = PBXFileReference; fileEncoding = 4; lastKnownFileType = sourcecode.c.objc; path = MRoundedButton.m; sourceTree = "<group>"; };
		1D14A5AB1B518231000EECAB /* twitter@2x.png */ = {isa = PBXFileReference; lastKnownFileType = image.png; path = "twitter@2x.png"; sourceTree = "<group>"; };
		1D28EE981B12C54E00C712CC /* GoalsViewController.m */ = {isa = PBXFileReference; fileEncoding = 4; lastKnownFileType = sourcecode.c.objc; path = GoalsViewController.m; sourceTree = "<group>"; };
		1D28EE9A1B12C55D00C712CC /* GoalsViewController.h */ = {isa = PBXFileReference; lastKnownFileType = sourcecode.c.h; path = GoalsViewController.h; sourceTree = "<group>"; };
		1D28EE9E1B1488E300C712CC /* NetworkViewController.m */ = {isa = PBXFileReference; fileEncoding = 4; lastKnownFileType = sourcecode.c.objc; name = NetworkViewController.m; path = ../NetworkViewController.m; sourceTree = "<group>"; };
		1D28EEA01B1488F400C712CC /* NetworkViewController.h */ = {isa = PBXFileReference; lastKnownFileType = sourcecode.c.h; name = NetworkViewController.h; path = ../NetworkViewController.h; sourceTree = "<group>"; };
		1D487B271B4397CE00A64137 /* AFJSONRequestOperation.h */ = {isa = PBXFileReference; fileEncoding = 4; lastKnownFileType = sourcecode.c.h; path = AFJSONRequestOperation.h; sourceTree = "<group>"; };
		1D487B281B4397CE00A64137 /* AFJSONRequestOperation.m */ = {isa = PBXFileReference; fileEncoding = 4; lastKnownFileType = sourcecode.c.objc; path = AFJSONRequestOperation.m; sourceTree = "<group>"; };
		1D487B291B4397CE00A64137 /* AFJSONUtilities.h */ = {isa = PBXFileReference; fileEncoding = 4; lastKnownFileType = sourcecode.c.h; path = AFJSONUtilities.h; sourceTree = "<group>"; };
		1D487B2A1B4397CE00A64137 /* AFJSONUtilities.m */ = {isa = PBXFileReference; fileEncoding = 4; lastKnownFileType = sourcecode.c.objc; path = AFJSONUtilities.m; sourceTree = "<group>"; };
		1D487B2E1B446D6700A64137 /* 1x.png */ = {isa = PBXFileReference; lastKnownFileType = image.png; path = 1x.png; sourceTree = "<group>"; };
		1D487B301B446D6D00A64137 /* 2x.png */ = {isa = PBXFileReference; lastKnownFileType = image.png; path = 2x.png; sourceTree = "<group>"; };
		1D487B321B446D7300A64137 /* 3x.png */ = {isa = PBXFileReference; lastKnownFileType = image.png; path = 3x.png; sourceTree = "<group>"; };
		1D487B381B4A344000A64137 /* Story1.storyboard */ = {isa = PBXFileReference; fileEncoding = 4; lastKnownFileType = file.storyboard; path = Story1.storyboard; sourceTree = "<group>"; };
		1D4AAE3D1B182B29002D3F72 /* EnrollNow.h */ = {isa = PBXFileReference; lastKnownFileType = sourcecode.c.h; path = EnrollNow.h; sourceTree = "<group>"; };
		1D4AAE3E1B182B34002D3F72 /* EnrollNow.m */ = {isa = PBXFileReference; fileEncoding = 4; lastKnownFileType = sourcecode.c.objc; path = EnrollNow.m; sourceTree = "<group>"; };
		1D4B11621B3929B800D194BA /* DKCircleButton.h */ = {isa = PBXFileReference; fileEncoding = 4; lastKnownFileType = sourcecode.c.h; path = DKCircleButton.h; sourceTree = "<group>"; };
		1D4B11631B3929B800D194BA /* DKCircleButton.m */ = {isa = PBXFileReference; fileEncoding = 4; lastKnownFileType = sourcecode.c.objc; path = DKCircleButton.m; sourceTree = "<group>"; };
		1D4B12071B39345200D194BA /* HTPressableButton.h */ = {isa = PBXFileReference; fileEncoding = 4; lastKnownFileType = sourcecode.c.h; path = HTPressableButton.h; sourceTree = "<group>"; };
		1D4B12081B39345200D194BA /* HTPressableButton.m */ = {isa = PBXFileReference; fileEncoding = 4; lastKnownFileType = sourcecode.c.objc; path = HTPressableButton.m; sourceTree = "<group>"; };
		1D4B12091B39345200D194BA /* HTPressableButtonPrefs.h */ = {isa = PBXFileReference; fileEncoding = 4; lastKnownFileType = sourcecode.c.h; path = HTPressableButtonPrefs.h; sourceTree = "<group>"; };
		1D4B120A1B39345200D194BA /* HTPressableButtonPrefs.m */ = {isa = PBXFileReference; fileEncoding = 4; lastKnownFileType = sourcecode.c.objc; path = HTPressableButtonPrefs.m; sourceTree = "<group>"; };
		1D4B120B1B39345200D194BA /* UIColor+HTColor.h */ = {isa = PBXFileReference; fileEncoding = 4; lastKnownFileType = sourcecode.c.h; path = "UIColor+HTColor.h"; sourceTree = "<group>"; };
		1D4B120C1B39345200D194BA /* UIColor+HTColor.m */ = {isa = PBXFileReference; fileEncoding = 4; lastKnownFileType = sourcecode.c.objc; path = "UIColor+HTColor.m"; sourceTree = "<group>"; };
		1D4B120D1B39345200D194BA /* UIImage+HTButton.h */ = {isa = PBXFileReference; fileEncoding = 4; lastKnownFileType = sourcecode.c.h; path = "UIImage+HTButton.h"; sourceTree = "<group>"; };
		1D4B120E1B39345200D194BA /* UIImage+HTButton.m */ = {isa = PBXFileReference; fileEncoding = 4; lastKnownFileType = sourcecode.c.objc; path = "UIImage+HTButton.m"; sourceTree = "<group>"; };
		1D4B65041B1E9C1E007EAFAF /* TutorialViewController.m */ = {isa = PBXFileReference; fileEncoding = 4; lastKnownFileType = sourcecode.c.objc; path = TutorialViewController.m; sourceTree = "<group>"; };
		1D4B65061B1E9C2D007EAFAF /* TutorialViewController.h */ = {isa = PBXFileReference; lastKnownFileType = sourcecode.c.h; path = TutorialViewController.h; sourceTree = "<group>"; };
		1D7279AD1B434FFB00585A94 /* Piton.png */ = {isa = PBXFileReference; lastKnownFileType = image.png; path = Piton.png; sourceTree = "<group>"; };
		1D7279AF1B4350FD00585A94 /* walton.png */ = {isa = PBXFileReference; lastKnownFileType = image.png; path = walton.png; sourceTree = "<group>"; };
		1D7279B11B4352B000585A94 /* daniels.png */ = {isa = PBXFileReference; lastKnownFileType = image.png; path = daniels.png; sourceTree = "<group>"; };
		1D7279B31B4356C800585A94 /* childrens.png */ = {isa = PBXFileReference; lastKnownFileType = image.png; name = childrens.png; path = BrightbyThree/childrens.png; sourceTree = "<group>"; };
		1D7279B51B4356DB00585A94 /* BB3_AboutUs.png */ = {isa = PBXFileReference; lastKnownFileType = image.png; name = BB3_AboutUs.png; path = BrightbyThree/BB3_AboutUs.png; sourceTree = "<group>"; };
		1D7279B71B43574500585A94 /* Accords.png */ = {isa = PBXFileReference; lastKnownFileType = image.png; path = Accords.png; sourceTree = "<group>"; };
		1D740AC51B4E92380077D370 /* ACPButton.h */ = {isa = PBXFileReference; fileEncoding = 4; lastKnownFileType = sourcecode.c.h; path = ACPButton.h; sourceTree = "<group>"; };
		1D740AC61B4E92380077D370 /* ACPButton.m */ = {isa = PBXFileReference; fileEncoding = 4; lastKnownFileType = sourcecode.c.objc; path = ACPButton.m; sourceTree = "<group>"; };
		1D8617A71AFACA650047DE56 /* BrightbyThree.app */ = {isa = PBXFileReference; explicitFileType = wrapper.application; includeInIndex = 0; path = BrightbyThree.app; sourceTree = BUILT_PRODUCTS_DIR; };
		1D8617AB1AFACA650047DE56 /* Info.plist */ = {isa = PBXFileReference; lastKnownFileType = text.plist.xml; path = Info.plist; sourceTree = "<group>"; };
		1D8617AC1AFACA650047DE56 /* main.m */ = {isa = PBXFileReference; lastKnownFileType = sourcecode.c.objc; path = main.m; sourceTree = "<group>"; };
		1D8617AE1AFACA650047DE56 /* AppDelegate.h */ = {isa = PBXFileReference; lastKnownFileType = sourcecode.c.h; path = AppDelegate.h; sourceTree = "<group>"; };
		1D8617AF1AFACA650047DE56 /* AppDelegate.m */ = {isa = PBXFileReference; lastKnownFileType = sourcecode.c.objc; path = AppDelegate.m; sourceTree = "<group>"; };
		1D8617B11AFACA650047DE56 /* FirstViewController.h */ = {isa = PBXFileReference; lastKnownFileType = sourcecode.c.h; path = FirstViewController.h; sourceTree = "<group>"; };
		1D8617B21AFACA650047DE56 /* FirstViewController.m */ = {isa = PBXFileReference; lastKnownFileType = sourcecode.c.objc; path = FirstViewController.m; sourceTree = "<group>"; };
		1D8617B41AFACA650047DE56 /* SecondViewController.h */ = {isa = PBXFileReference; lastKnownFileType = sourcecode.c.h; path = SecondViewController.h; sourceTree = "<group>"; };
		1D8617B51AFACA650047DE56 /* SecondViewController.m */ = {isa = PBXFileReference; lastKnownFileType = sourcecode.c.objc; path = SecondViewController.m; sourceTree = "<group>"; };
		1D8617BA1AFACA650047DE56 /* Images.xcassets */ = {isa = PBXFileReference; lastKnownFileType = folder.assetcatalog; path = Images.xcassets; sourceTree = "<group>"; };
		1D8617BD1AFACA650047DE56 /* Base */ = {isa = PBXFileReference; lastKnownFileType = file.xib; name = Base; path = Base.lproj/LaunchScreen.xib; sourceTree = "<group>"; };
		1D8617D41AFB16210047DE56 /* glyphicons-157-show-thumbnails.png */ = {isa = PBXFileReference; lastKnownFileType = image.png; path = "glyphicons-157-show-thumbnails.png"; sourceTree = "<group>"; };
		1D8A32C81B57F9A1006343E1 /* Icon-72.png */ = {isa = PBXFileReference; lastKnownFileType = image.png; name = "Icon-72.png"; path = "BrightbyThree/Images.xcassets/Icon.png.imageset/Icon-72.png"; sourceTree = "<group>"; };
		1D8A32C91B57F9A1006343E1 /* Icon.png */ = {isa = PBXFileReference; lastKnownFileType = image.png; name = Icon.png; path = BrightbyThree/Images.xcassets/Icon.png.imageset/Icon.png; sourceTree = "<group>"; };
		1D9872BE1AFC56DB00C0AC5D /* BB3_logo-icon_WEB_rgb.png */ = {isa = PBXFileReference; lastKnownFileType = image.png; path = "BB3_logo-icon_WEB_rgb.png"; sourceTree = "<group>"; };
		1D9872C01AFC5BC600C0AC5D /* Dashboard.m */ = {isa = PBXFileReference; fileEncoding = 4; lastKnownFileType = sourcecode.c.objc; path = Dashboard.m; sourceTree = "<group>"; };
		1D9872C31B01381B00C0AC5D /* signUpViewController.m */ = {isa = PBXFileReference; fileEncoding = 4; lastKnownFileType = sourcecode.c.objc; path = signUpViewController.m; sourceTree = "<group>"; };
		1D9872C51B01382A00C0AC5D /* signUpViewController.h */ = {isa = PBXFileReference; lastKnownFileType = sourcecode.c.h; path = signUpViewController.h; sourceTree = "<group>"; };
		1D99088D1B0A9E1400D2A38F /* LogMinutes.h */ = {isa = PBXFileReference; lastKnownFileType = sourcecode.c.h; path = LogMinutes.h; sourceTree = "<group>"; };
		1D99088E1B0A9E5800D2A38F /* LogMinutes.m */ = {isa = PBXFileReference; fileEncoding = 4; lastKnownFileType = sourcecode.c.objc; path = LogMinutes.m; sourceTree = "<group>"; };
		1D9A1EC71B1600AA00DC66CE /* 187-pencil.png */ = {isa = PBXFileReference; lastKnownFileType = image.png; path = "187-pencil.png"; sourceTree = "<group>"; };
		1D9A1ECA1B16027C00DC66CE /* DKCircleButton.h */ = {isa = PBXFileReference; fileEncoding = 4; lastKnownFileType = sourcecode.c.h; path = DKCircleButton.h; sourceTree = "<group>"; };
		1D9A1ECB1B16027C00DC66CE /* DKCircleButton.m */ = {isa = PBXFileReference; fileEncoding = 4; lastKnownFileType = sourcecode.c.objc; path = DKCircleButton.m; sourceTree = "<group>"; };
		1D9A1ECD1B164E2F00DC66CE /* 28-star.png */ = {isa = PBXFileReference; lastKnownFileType = image.png; path = "28-star.png"; sourceTree = "<group>"; };
		1D9A1ECF1B16505D00DC66CE /* TextMessageViewController.h */ = {isa = PBXFileReference; lastKnownFileType = sourcecode.c.h; path = TextMessageViewController.h; sourceTree = "<group>"; };
		1D9A1ED01B16506E00DC66CE /* TextMessageViewController.m */ = {isa = PBXFileReference; fileEncoding = 4; lastKnownFileType = sourcecode.c.objc; path = TextMessageViewController.m; sourceTree = "<group>"; };
		1D9FB5791B0922050007886F /* badgeViewController.m */ = {isa = PBXFileReference; fileEncoding = 4; lastKnownFileType = sourcecode.c.objc; path = badgeViewController.m; sourceTree = "<group>"; };
		1D9FB57B1B0922100007886F /* badgeViewController.h */ = {isa = PBXFileReference; lastKnownFileType = sourcecode.c.h; path = badgeViewController.h; sourceTree = "<group>"; };
		1D9FB57C1B092E7E0007886F /* Badge150.png */ = {isa = PBXFileReference; lastKnownFileType = image.png; path = Badge150.png; sourceTree = "<group>"; };
		1D9FB57D1B092E7E0007886F /* Badge400.png */ = {isa = PBXFileReference; lastKnownFileType = image.png; path = Badge400.png; sourceTree = "<group>"; };
		1D9FB57E1B092E7E0007886F /* Badge700.png */ = {isa = PBXFileReference; lastKnownFileType = image.png; path = Badge700.png; sourceTree = "<group>"; };
		1D9FB57F1B092E7E0007886F /* Badge1000.png */ = {isa = PBXFileReference; lastKnownFileType = image.png; path = Badge1000.png; sourceTree = "<group>"; };
		1D9FB5801B092E7E0007886F /* Badge1500.png */ = {isa = PBXFileReference; lastKnownFileType = image.png; path = Badge1500.png; sourceTree = "<group>"; };
		1D9FB5811B092E7E0007886F /* Badge2000.png */ = {isa = PBXFileReference; lastKnownFileType = image.png; path = Badge2000.png; sourceTree = "<group>"; };
		1D9FB5821B092E7E0007886F /* Badge2500.png */ = {isa = PBXFileReference; lastKnownFileType = image.png; path = Badge2500.png; sourceTree = "<group>"; };
		1D9FB5831B092E7E0007886F /* Badge3000.png */ = {isa = PBXFileReference; lastKnownFileType = image.png; path = Badge3000.png; sourceTree = "<group>"; };
		1D9FB5841B092E7E0007886F /* Badge3500.png */ = {isa = PBXFileReference; lastKnownFileType = image.png; path = Badge3500.png; sourceTree = "<group>"; };
		1D9FB5851B092E7E0007886F /* Badge4000.png */ = {isa = PBXFileReference; lastKnownFileType = image.png; path = Badge4000.png; sourceTree = "<group>"; };
		1D9FB5861B092E7E0007886F /* Badge4500.png */ = {isa = PBXFileReference; lastKnownFileType = image.png; path = Badge4500.png; sourceTree = "<group>"; };
		1D9FB5871B092E7E0007886F /* Badge5000.png */ = {isa = PBXFileReference; lastKnownFileType = image.png; path = Badge5000.png; sourceTree = "<group>"; };
		1D9FB5881B092E7E0007886F /* badges.png */ = {isa = PBXFileReference; lastKnownFileType = image.png; path = badges.png; sourceTree = "<group>"; };
		1D9FB5981B092F040007886F /* facebook-Logo.jpg */ = {isa = PBXFileReference; lastKnownFileType = image.jpeg; path = "facebook-Logo.jpg"; sourceTree = "<group>"; };
		1D9FB59A1B092F1A0007886F /* 81-dashboard.png */ = {isa = PBXFileReference; lastKnownFileType = image.png; path = "81-dashboard.png"; sourceTree = "<group>"; };
		1D9FB59B1B092F1A0007886F /* 85-trophy.png */ = {isa = PBXFileReference; lastKnownFileType = image.png; path = "85-trophy.png"; sourceTree = "<group>"; };
		1D9FB59C1B092F1A0007886F /* 86-camera.png */ = {isa = PBXFileReference; lastKnownFileType = image.png; path = "86-camera.png"; sourceTree = "<group>"; };
		1D9FB5A01B092F250007886F /* 111-user.png */ = {isa = PBXFileReference; lastKnownFileType = image.png; path = "111-user.png"; sourceTree = "<group>"; };
		1D9FB5A11B092F250007886F /* 117-todo.png */ = {isa = PBXFileReference; lastKnownFileType = image.png; path = "117-todo.png"; sourceTree = "<group>"; };
		1D9FB5A41B092F820007886F /* rateMessage.png */ = {isa = PBXFileReference; lastKnownFileType = image.png; path = rateMessage.png; sourceTree = "<group>"; };
		1D9FB5A51B092F820007886F /* setGoals.png */ = {isa = PBXFileReference; lastKnownFileType = image.png; path = setGoals.png; sourceTree = "<group>"; };
		1D9FB5A81B092FE40007886F /* 01-refresh.png */ = {isa = PBXFileReference; lastKnownFileType = image.png; path = "01-refresh.png"; sourceTree = "<group>"; };
		1D9FB5AA1B092FF00007886F /* 08-chat.png */ = {isa = PBXFileReference; lastKnownFileType = image.png; path = "08-chat.png"; sourceTree = "<group>"; };
		1D9FB5AC1B092FF90007886F /* 13-target.png */ = {isa = PBXFileReference; lastKnownFileType = image.png; path = "13-target.png"; sourceTree = "<group>"; };
		1D9FB5AE1B092FFF0007886F /* 18-envelope.png */ = {isa = PBXFileReference; lastKnownFileType = image.png; path = "18-envelope.png"; sourceTree = "<group>"; };
		1D9FB5B01B0930180007886F /* 53-house.png */ = {isa = PBXFileReference; lastKnownFileType = image.png; path = "53-house.png"; sourceTree = "<group>"; };
		1D9FB5B21B0930260007886F /* 76-baby.png */ = {isa = PBXFileReference; lastKnownFileType = image.png; path = "76-baby.png"; sourceTree = "<group>"; };
		1D9FB5B41B0930570007886F /* 19-gear.png */ = {isa = PBXFileReference; lastKnownFileType = image.png; path = "19-gear.png"; sourceTree = "<group>"; };
		1D9FBB651B1017FA0075E097 /* BB3_logo-icon_WEB_rgb_28x28.png */ = {isa = PBXFileReference; lastKnownFileType = image.png; path = "BB3_logo-icon_WEB_rgb_28x28.png"; sourceTree = "<group>"; };
		1DA6E8271B156458001EE788 /* AFHTTPRequestOperation.h */ = {isa = PBXFileReference; fileEncoding = 4; lastKnownFileType = sourcecode.c.h; path = AFHTTPRequestOperation.h; sourceTree = "<group>"; };
		1DA6E8281B156458001EE788 /* AFHTTPRequestOperation.m */ = {isa = PBXFileReference; fileEncoding = 4; lastKnownFileType = sourcecode.c.objc; path = AFHTTPRequestOperation.m; sourceTree = "<group>"; };
		1DA6E8291B156458001EE788 /* AFHTTPRequestOperationManager.h */ = {isa = PBXFileReference; fileEncoding = 4; lastKnownFileType = sourcecode.c.h; path = AFHTTPRequestOperationManager.h; sourceTree = "<group>"; };
		1DA6E82A1B156458001EE788 /* AFHTTPRequestOperationManager.m */ = {isa = PBXFileReference; fileEncoding = 4; lastKnownFileType = sourcecode.c.objc; path = AFHTTPRequestOperationManager.m; sourceTree = "<group>"; };
		1DA6E82B1B156458001EE788 /* AFHTTPSessionManager.h */ = {isa = PBXFileReference; fileEncoding = 4; lastKnownFileType = sourcecode.c.h; path = AFHTTPSessionManager.h; sourceTree = "<group>"; };
		1DA6E82C1B156458001EE788 /* AFHTTPSessionManager.m */ = {isa = PBXFileReference; fileEncoding = 4; lastKnownFileType = sourcecode.c.objc; path = AFHTTPSessionManager.m; sourceTree = "<group>"; };
		1DA6E82D1B156458001EE788 /* AFNetworking.h */ = {isa = PBXFileReference; fileEncoding = 4; lastKnownFileType = sourcecode.c.h; path = AFNetworking.h; sourceTree = "<group>"; };
		1DA6E82E1B156458001EE788 /* AFNetworkReachabilityManager.h */ = {isa = PBXFileReference; fileEncoding = 4; lastKnownFileType = sourcecode.c.h; path = AFNetworkReachabilityManager.h; sourceTree = "<group>"; };
		1DA6E82F1B156458001EE788 /* AFNetworkReachabilityManager.m */ = {isa = PBXFileReference; fileEncoding = 4; lastKnownFileType = sourcecode.c.objc; path = AFNetworkReachabilityManager.m; sourceTree = "<group>"; };
		1DA6E8301B156458001EE788 /* AFSecurityPolicy.h */ = {isa = PBXFileReference; fileEncoding = 4; lastKnownFileType = sourcecode.c.h; path = AFSecurityPolicy.h; sourceTree = "<group>"; };
		1DA6E8311B156458001EE788 /* AFSecurityPolicy.m */ = {isa = PBXFileReference; fileEncoding = 4; lastKnownFileType = sourcecode.c.objc; path = AFSecurityPolicy.m; sourceTree = "<group>"; };
		1DA6E8321B156458001EE788 /* AFURLConnectionOperation.h */ = {isa = PBXFileReference; fileEncoding = 4; lastKnownFileType = sourcecode.c.h; path = AFURLConnectionOperation.h; sourceTree = "<group>"; };
		1DA6E8331B156458001EE788 /* AFURLConnectionOperation.m */ = {isa = PBXFileReference; fileEncoding = 4; lastKnownFileType = sourcecode.c.objc; path = AFURLConnectionOperation.m; sourceTree = "<group>"; };
		1DA6E8341B156458001EE788 /* AFURLRequestSerialization.h */ = {isa = PBXFileReference; fileEncoding = 4; lastKnownFileType = sourcecode.c.h; path = AFURLRequestSerialization.h; sourceTree = "<group>"; };
		1DA6E8351B156458001EE788 /* AFURLRequestSerialization.m */ = {isa = PBXFileReference; fileEncoding = 4; lastKnownFileType = sourcecode.c.objc; path = AFURLRequestSerialization.m; sourceTree = "<group>"; };
		1DA6E8361B156458001EE788 /* AFURLResponseSerialization.h */ = {isa = PBXFileReference; fileEncoding = 4; lastKnownFileType = sourcecode.c.h; path = AFURLResponseSerialization.h; sourceTree = "<group>"; };
		1DA6E8371B156458001EE788 /* AFURLResponseSerialization.m */ = {isa = PBXFileReference; fileEncoding = 4; lastKnownFileType = sourcecode.c.objc; path = AFURLResponseSerialization.m; sourceTree = "<group>"; };
		1DA6E8381B156458001EE788 /* AFURLSessionManager.h */ = {isa = PBXFileReference; fileEncoding = 4; lastKnownFileType = sourcecode.c.h; path = AFURLSessionManager.h; sourceTree = "<group>"; };
		1DA6E8391B156458001EE788 /* AFURLSessionManager.m */ = {isa = PBXFileReference; fileEncoding = 4; lastKnownFileType = sourcecode.c.objc; path = AFURLSessionManager.m; sourceTree = "<group>"; };
		1DA9635E1B4C8C800055758A /* Toddler on grass.jpg */ = {isa = PBXFileReference; lastKnownFileType = image.jpeg; path = "Toddler on grass.jpg"; sourceTree = "<group>"; };
		1DAB27E11B35925000A2FA5D /* messages.jpeg */ = {isa = PBXFileReference; lastKnownFileType = image.jpeg; path = messages.jpeg; sourceTree = "<group>"; };
		1DAB27E31B37213600A2FA5D /* MessageUI.framework */ = {isa = PBXFileReference; lastKnownFileType = wrapper.framework; name = MessageUI.framework; path = System/Library/Frameworks/MessageUI.framework; sourceTree = SDKROOT; };
		1DBA0E441B3B2A900018E759 /* 06-magnify.png */ = {isa = PBXFileReference; lastKnownFileType = image.png; path = "06-magnify.png"; sourceTree = "<group>"; };
		1DBA0E461B3B2B2B0018E759 /* DashboardViewController.h */ = {isa = PBXFileReference; lastKnownFileType = sourcecode.c.h; name = DashboardViewController.h; path = ../DashboardViewController.h; sourceTree = "<group>"; };
		1DBA0E471B3B2B4F0018E759 /* DashboardViewController.m */ = {isa = PBXFileReference; fileEncoding = 4; lastKnownFileType = sourcecode.c.objc; name = DashboardViewController.m; path = ../DashboardViewController.m; sourceTree = "<group>"; };
		1DBA0E491B3B33040018E759 /* Mom reading with baby - anglo.jpg */ = {isa = PBXFileReference; lastKnownFileType = image.jpeg; path = "Mom reading with baby - anglo.jpg"; sourceTree = "<group>"; };
		1DBA0E4B1B3B44620018E759 /* Baby with tongue out.jpg */ = {isa = PBXFileReference; lastKnownFileType = image.jpeg; path = "Baby with tongue out.jpg"; sourceTree = "<group>"; };
		1DBA0E4D1B3B449E0018E759 /* iStock_000024919385_XXXLarge.jpg */ = {isa = PBXFileReference; lastKnownFileType = image.jpeg; path = iStock_000024919385_XXXLarge.jpg; sourceTree = "<group>"; };
		1DBA0E4F1B3B44A50018E759 /* iStock_000015216865_Large.jpg */ = {isa = PBXFileReference; lastKnownFileType = image.jpeg; path = iStock_000015216865_Large.jpg; sourceTree = "<group>"; };
		1DBA0E511B3B49810018E759 /* network.jpg */ = {isa = PBXFileReference; lastKnownFileType = image.jpeg; path = network.jpg; sourceTree = "<group>"; };
		1DBA0E531B3C9EEF0018E759 /* AboutUsViewController.m */ = {isa = PBXFileReference; fileEncoding = 4; lastKnownFileType = sourcecode.c.objc; path = AboutUsViewController.m; sourceTree = "<group>"; };
		1DBA0E551B3C9EFC0018E759 /* AboutUsViewController.h */ = {isa = PBXFileReference; lastKnownFileType = sourcecode.c.h; path = AboutUsViewController.h; sourceTree = "<group>"; };
		1DBA20E41B52858900982CA1 /* tutorialDetails.m */ = {isa = PBXFileReference; fileEncoding = 4; lastKnownFileType = sourcecode.c.objc; path = tutorialDetails.m; sourceTree = "<group>"; };
		1DBA20E61B52859600982CA1 /* tutorialDetails.h */ = {isa = PBXFileReference; lastKnownFileType = sourcecode.c.h; path = tutorialDetails.h; sourceTree = "<group>"; };
		1DEF81EA1B3E9D1B003EEF92 /* goals.jpg */ = {isa = PBXFileReference; lastKnownFileType = image.jpeg; path = goals.jpg; sourceTree = "<group>"; };
		1DEF81EC1B3EACDC003EEF92 /* MyAccountViewController.h */ = {isa = PBXFileReference; lastKnownFileType = sourcecode.c.h; path = MyAccountViewController.h; sourceTree = "<group>"; };
		1DEF81ED1B3EACF7003EEF92 /* MyAccountViewController.m */ = {isa = PBXFileReference; fileEncoding = 4; lastKnownFileType = sourcecode.c.objc; path = MyAccountViewController.m; sourceTree = "<group>"; };
/* End PBXFileReference section */

/* Begin PBXFrameworksBuildPhase section */
		1D8617A41AFACA650047DE56 /* Frameworks */ = {
			isa = PBXFrameworksBuildPhase;
			buildActionMask = 2147483647;
			files = (
				1DAB27E41B37213600A2FA5D /* MessageUI.framework in Frameworks */,
			);
			runOnlyForDeploymentPostprocessing = 0;
		};
/* End PBXFrameworksBuildPhase section */

/* Begin PBXGroup section */
		1D14A5371B504C2A000EECAB /* buttons */ = {
			isa = PBXGroup;
			children = (
				1D14A5381B504C2A000EECAB /* blackButton.png */,
				1D14A5391B504C2A000EECAB /* blackButton@2x.png */,
				1D14A53A1B504C2A000EECAB /* blackButtonHighlight.png */,
				1D14A53B1B504C2A000EECAB /* blackButtonHighlight@2x.png */,
				1D14A53C1B504C2A000EECAB /* blueButton.png */,
				1D14A53D1B504C2A000EECAB /* blueButton@2x.png */,
				1D14A53E1B504C2A000EECAB /* blueButtonHighlight.png */,
				1D14A53F1B504C2A000EECAB /* blueButtonHighlight@2x.png */,
				1D14A5401B504C2A000EECAB /* greenButton.png */,
				1D14A5411B504C2A000EECAB /* greenButton@2x.png */,
				1D14A5421B504C2A000EECAB /* greenButtonHighlight.png */,
				1D14A5431B504C2A000EECAB /* greenButtonHighlight@2x.png */,
				1D14A5441B504C2A000EECAB /* greyButton.png */,
				1D14A5451B504C2A000EECAB /* greyButton@2x.png */,
				1D14A5461B504C2A000EECAB /* greyButton@2xpng */,
				1D14A5471B504C2A000EECAB /* greyButtonHighlight.png */,
				1D14A5481B504C2A000EECAB /* greyButtonHighlight@2x.png */,
				1D14A5491B504C2A000EECAB /* orangeButton.png */,
				1D14A54A1B504C2A000EECAB /* orangeButton@2x.png */,
				1D14A54B1B504C2A000EECAB /* orangeButtonHighlight.png */,
				1D14A54C1B504C2A000EECAB /* orangeButtonHighlight@2x.png */,
				1D14A54D1B504C2A000EECAB /* tanButton.png */,
				1D14A54E1B504C2A000EECAB /* tanButton@2x.png */,
				1D14A54F1B504C2A000EECAB /* tanButtonHighlight.png */,
				1D14A5501B504C2A000EECAB /* tanButtonHighlight@2x.png */,
				1D14A5511B504C2A000EECAB /* whiteButton.png */,
				1D14A5521B504C2A000EECAB /* whiteButton@2x.png */,
				1D14A5531B504C2A000EECAB /* whiteButtonHighlight.png */,
				1D14A5541B504C2A000EECAB /* whiteButtonHighlight@2x.png */,
			);
			name = buttons;
			path = AFNetworking/buttons;
			sourceTree = "<group>";
		};
		1D4B11611B3929B800D194BA /* DKCircleButton */ = {
			isa = PBXGroup;
			children = (
				1D4B11621B3929B800D194BA /* DKCircleButton.h */,
				1D4B11631B3929B800D194BA /* DKCircleButton.m */,
			);
			path = DKCircleButton;
			sourceTree = "<group>";
		};
		1D4B12061B39345200D194BA /* Classes */ = {
			isa = PBXGroup;
			children = (
				1D4B12071B39345200D194BA /* HTPressableButton.h */,
				1D4B12081B39345200D194BA /* HTPressableButton.m */,
				1D4B12091B39345200D194BA /* HTPressableButtonPrefs.h */,
				1D4B120A1B39345200D194BA /* HTPressableButtonPrefs.m */,
				1D4B120B1B39345200D194BA /* UIColor+HTColor.h */,
				1D4B120C1B39345200D194BA /* UIColor+HTColor.m */,
				1D4B120D1B39345200D194BA /* UIImage+HTButton.h */,
				1D4B120E1B39345200D194BA /* UIImage+HTButton.m */,
			);
			path = Classes;
			sourceTree = "<group>";
		};
		1D86179E1AFACA650047DE56 = {
			isa = PBXGroup;
			children = (
				1D740AC51B4E92380077D370 /* ACPButton.h */,
				1D740AC61B4E92380077D370 /* ACPButton.m */,
				1D4B12061B39345200D194BA /* Classes */,
				1D9A1EC91B16027C00DC66CE /* DKCircleButton */,
				1DA6E8261B156458001EE788 /* AFNetworking */,
				1D8617D31AFB15EB0047DE56 /* Resources */,
				1D14A5371B504C2A000EECAB /* buttons */,
				1D8617A91AFACA650047DE56 /* BrightbyThree */,
				1D8617A81AFACA650047DE56 /* Products */,
			);
			sourceTree = "<group>";
		};
		1D8617A81AFACA650047DE56 /* Products */ = {
			isa = PBXGroup;
			children = (
				1D8617A71AFACA650047DE56 /* BrightbyThree.app */,
			);
			name = Products;
			sourceTree = "<group>";
		};
		1D8617A91AFACA650047DE56 /* BrightbyThree */ = {
			isa = PBXGroup;
			children = (
				1D487B381B4A344000A64137 /* Story1.storyboard */,
				1D0D9E381B54C189009FD90C /* SettingsViewController.h */,
				1D0D9E391B54C19A009FD90C /* SettingsViewController.m */,
				1DEF81EC1B3EACDC003EEF92 /* MyAccountViewController.h */,
				1DEF81ED1B3EACF7003EEF92 /* MyAccountViewController.m */,
				1DBA0E531B3C9EEF0018E759 /* AboutUsViewController.m */,
				1DBA0E551B3C9EFC0018E759 /* AboutUsViewController.h */,
				1D4B65041B1E9C1E007EAFAF /* TutorialViewController.m */,
				1D4B65061B1E9C2D007EAFAF /* TutorialViewController.h */,
				1DBA20E41B52858900982CA1 /* tutorialDetails.m */,
				1DBA20E61B52859600982CA1 /* tutorialDetails.h */,
				1D4AAE3D1B182B29002D3F72 /* EnrollNow.h */,
				1D4AAE3E1B182B34002D3F72 /* EnrollNow.m */,
				1D9A1ECF1B16505D00DC66CE /* TextMessageViewController.h */,
				1D9A1ED01B16506E00DC66CE /* TextMessageViewController.m */,
				1D8617AE1AFACA650047DE56 /* AppDelegate.h */,
				1D8617AF1AFACA650047DE56 /* AppDelegate.m */,
				1D8617B11AFACA650047DE56 /* FirstViewController.h */,
				1D8617B21AFACA650047DE56 /* FirstViewController.m */,
				1D8617B41AFACA650047DE56 /* SecondViewController.h */,
				1D8617B51AFACA650047DE56 /* SecondViewController.m */,
				1D28EE9A1B12C55D00C712CC /* GoalsViewController.h */,
				1D28EE981B12C54E00C712CC /* GoalsViewController.m */,
				1D28EEA01B1488F400C712CC /* NetworkViewController.h */,
				1D28EE9E1B1488E300C712CC /* NetworkViewController.m */,
				1D0D9E351B545268009FD90C /* FormTableController.h */,
				1D0D9E361B545268009FD90C /* FormTableController.m */,
				1D9FB5791B0922050007886F /* badgeViewController.m */,
				1D9FB57B1B0922100007886F /* badgeViewController.h */,
				1D99088D1B0A9E1400D2A38F /* LogMinutes.h */,
				1D99088E1B0A9E5800D2A38F /* LogMinutes.m */,
				1D0D874B1B0387AF00BFC6DC /* LoginViewController.h */,
				1D0D874C1B0387E400BFC6DC /* LoginViewController.m */,
				1DBA0E461B3B2B2B0018E759 /* DashboardViewController.h */,
				1DBA0E471B3B2B4F0018E759 /* DashboardViewController.m */,
				1D0D873C1B02498E00BFC6DC /* StartViewController.m */,
				1D0D873E1B0249A000BFC6DC /* StartViewController.h */,
				1D0D873B1B0240CF00BFC6DC /* PageContentViewController.h */,
				1D0D87391B02401600BFC6DC /* PageContentViewController.m */,
				1D9872C31B01381B00C0AC5D /* signUpViewController.m */,
				1D9872C51B01382A00C0AC5D /* signUpViewController.h */,
				1D9872C01AFC5BC600C0AC5D /* Dashboard.m */,
				1D0D87361B01477800BFC6DC /* Dashboard.h */,
				1D8617BA1AFACA650047DE56 /* Images.xcassets */,
				1D8617BC1AFACA650047DE56 /* LaunchScreen.xib */,
				1D8617AA1AFACA650047DE56 /* Supporting Files */,
			);
			path = BrightbyThree;
			sourceTree = "<group>";
		};
		1D8617AA1AFACA650047DE56 /* Supporting Files */ = {
			isa = PBXGroup;
			children = (
				1D8617AB1AFACA650047DE56 /* Info.plist */,
				1D8617AC1AFACA650047DE56 /* main.m */,
			);
			name = "Supporting Files";
			sourceTree = "<group>";
		};
		1D8617D31AFB15EB0047DE56 /* Resources */ = {
			isa = PBXGroup;
			children = (
				1D14A5A81B518117000EECAB /* MRoundedButton.h */,
				1D14A5A91B518117000EECAB /* MRoundedButton.m */,
				1D4B11611B3929B800D194BA /* DKCircleButton */,
				1DAB27E31B37213600A2FA5D /* MessageUI.framework */,
				1D9A1ECD1B164E2F00DC66CE /* 28-star.png */,
				1D14A5AB1B518231000EECAB /* twitter@2x.png */,
				1DAB27E11B35925000A2FA5D /* messages.jpeg */,
				1DBA0E4F1B3B44A50018E759 /* iStock_000015216865_Large.jpg */,
				1DBA0E4D1B3B449E0018E759 /* iStock_000024919385_XXXLarge.jpg */,
				1D8A32C81B57F9A1006343E1 /* Icon-72.png */,
				1D8A32C91B57F9A1006343E1 /* Icon.png */,
				1DBA0E4B1B3B44620018E759 /* Baby with tongue out.jpg */,
				1DEF81EA1B3E9D1B003EEF92 /* goals.jpg */,
				1DBA0E491B3B33040018E759 /* Mom reading with baby - anglo.jpg */,
				1DA9635E1B4C8C800055758A /* Toddler on grass.jpg */,
				1DBA0E511B3B49810018E759 /* network.jpg */,
				1D9A1EC71B1600AA00DC66CE /* 187-pencil.png */,
				1D9FB57C1B092E7E0007886F /* Badge150.png */,
				1D7279B31B4356C800585A94 /* childrens.png */,
				1D7279B51B4356DB00585A94 /* BB3_AboutUs.png */,
				1D7279AF1B4350FD00585A94 /* walton.png */,
				1D7279B71B43574500585A94 /* Accords.png */,
				1D7279B11B4352B000585A94 /* daniels.png */,
				1D7279AD1B434FFB00585A94 /* Piton.png */,
				1D9FB57D1B092E7E0007886F /* Badge400.png */,
				1D9FB57E1B092E7E0007886F /* Badge700.png */,
				1DBA0E441B3B2A900018E759 /* 06-magnify.png */,
				1D9FB57F1B092E7E0007886F /* Badge1000.png */,
				1D9FB5801B092E7E0007886F /* Badge1500.png */,
				1D9FB5811B092E7E0007886F /* Badge2000.png */,
				1D9FB5821B092E7E0007886F /* Badge2500.png */,
				1D9FB5831B092E7E0007886F /* Badge3000.png */,
				1D9FB5841B092E7E0007886F /* Badge3500.png */,
				1D9FB5851B092E7E0007886F /* Badge4000.png */,
				1D9FB5981B092F040007886F /* facebook-Logo.jpg */,
				1D9FB59A1B092F1A0007886F /* 81-dashboard.png */,
				1D9FB5AA1B092FF00007886F /* 08-chat.png */,
				1D9FB5A81B092FE40007886F /* 01-refresh.png */,
				1D9FB5AE1B092FFF0007886F /* 18-envelope.png */,
				1D9FBB651B1017FA0075E097 /* BB3_logo-icon_WEB_rgb_28x28.png */,
				1D487B2E1B446D6700A64137 /* 1x.png */,
				1D9FB5AC1B092FF90007886F /* 13-target.png */,
				1D487B321B446D7300A64137 /* 3x.png */,
				1D9FB5A41B092F820007886F /* rateMessage.png */,
				1D9FB5A51B092F820007886F /* setGoals.png */,
				1D9FB5B41B0930570007886F /* 19-gear.png */,
				1D487B301B446D6D00A64137 /* 2x.png */,
				1D9FB59B1B092F1A0007886F /* 85-trophy.png */,
				1D9FB5A01B092F250007886F /* 111-user.png */,
				1D9FB5B21B0930260007886F /* 76-baby.png */,
				1D9FB5B01B0930180007886F /* 53-house.png */,
				1D9FB5A11B092F250007886F /* 117-todo.png */,
				1D9FB59C1B092F1A0007886F /* 86-camera.png */,
				1D9FB5861B092E7E0007886F /* Badge4500.png */,
				1D9FB5871B092E7E0007886F /* Badge5000.png */,
				1D9FB5881B092E7E0007886F /* badges.png */,
				1D0D87431B03123400BFC6DC /* page1.png */,
				1D0D87441B03123400BFC6DC /* page2.png */,
				1D0D87451B03123400BFC6DC /* page3.png */,
				1D0D87461B03123400BFC6DC /* page4.png */,
				1D0D87371B02359700BFC6DC /* BB3_logo_horiz_WEB_rgb.png */,
				1D9872BE1AFC56DB00C0AC5D /* BB3_logo-icon_WEB_rgb.png */,
				1D8617D41AFB16210047DE56 /* glyphicons-157-show-thumbnails.png */,
			);
			name = Resources;
			sourceTree = "<group>";
		};
		1D9A1EC91B16027C00DC66CE /* DKCircleButton */ = {
			isa = PBXGroup;
			children = (
				1D9A1ECA1B16027C00DC66CE /* DKCircleButton.h */,
				1D9A1ECB1B16027C00DC66CE /* DKCircleButton.m */,
			);
			path = DKCircleButton;
			sourceTree = "<group>";
		};
		1DA6E8261B156458001EE788 /* AFNetworking */ = {
			isa = PBXGroup;
			children = (
				1DA6E8271B156458001EE788 /* AFHTTPRequestOperation.h */,
				1DA6E8281B156458001EE788 /* AFHTTPRequestOperation.m */,
				1DA6E8291B156458001EE788 /* AFHTTPRequestOperationManager.h */,
				1DA6E82A1B156458001EE788 /* AFHTTPRequestOperationManager.m */,
				1DA6E82B1B156458001EE788 /* AFHTTPSessionManager.h */,
				1DA6E82C1B156458001EE788 /* AFHTTPSessionManager.m */,
				1DA6E82D1B156458001EE788 /* AFNetworking.h */,
				1DA6E82E1B156458001EE788 /* AFNetworkReachabilityManager.h */,
				1D487B271B4397CE00A64137 /* AFJSONRequestOperation.h */,
				1D487B281B4397CE00A64137 /* AFJSONRequestOperation.m */,
				1D487B291B4397CE00A64137 /* AFJSONUtilities.h */,
				1D487B2A1B4397CE00A64137 /* AFJSONUtilities.m */,
				1DA6E82F1B156458001EE788 /* AFNetworkReachabilityManager.m */,
				1DA6E8301B156458001EE788 /* AFSecurityPolicy.h */,
				1DA6E8311B156458001EE788 /* AFSecurityPolicy.m */,
				1DA6E8321B156458001EE788 /* AFURLConnectionOperation.h */,
				1DA6E8331B156458001EE788 /* AFURLConnectionOperation.m */,
				1DA6E8341B156458001EE788 /* AFURLRequestSerialization.h */,
				1DA6E8351B156458001EE788 /* AFURLRequestSerialization.m */,
				1DA6E8361B156458001EE788 /* AFURLResponseSerialization.h */,
				1DA6E8371B156458001EE788 /* AFURLResponseSerialization.m */,
				1DA6E8381B156458001EE788 /* AFURLSessionManager.h */,
				1DA6E8391B156458001EE788 /* AFURLSessionManager.m */,
			);
			path = AFNetworking;
			sourceTree = "<group>";
		};
/* End PBXGroup section */

/* Begin PBXNativeTarget section */
		1D8617A61AFACA650047DE56 /* BrightbyThree */ = {
			isa = PBXNativeTarget;
			buildConfigurationList = 1D8617CD1AFACA650047DE56 /* Build configuration list for PBXNativeTarget "BrightbyThree" */;
			buildPhases = (
				1D8617A31AFACA650047DE56 /* Sources */,
				1D8617A41AFACA650047DE56 /* Frameworks */,
				1D8617A51AFACA650047DE56 /* Resources */,
			);
			buildRules = (
			);
			dependencies = (
			);
			name = BrightbyThree;
			productName = BrightbyThree;
			productReference = 1D8617A71AFACA650047DE56 /* BrightbyThree.app */;
			productType = "com.apple.product-type.application";
		};
/* End PBXNativeTarget section */

/* Begin PBXProject section */
		1D86179F1AFACA650047DE56 /* Project object */ = {
			isa = PBXProject;
			attributes = {
				LastUpgradeCheck = 0630;
				ORGANIZATIONNAME = "University of Colorado Denver";
				TargetAttributes = {
					1D8617A61AFACA650047DE56 = {
						CreatedOnToolsVersion = 6.3.1;
						DevelopmentTeam = 8B2Z9YK54P;
					};
				};
			};
			buildConfigurationList = 1D8617A21AFACA650047DE56 /* Build configuration list for PBXProject "BrightbyThree" */;
			compatibilityVersion = "Xcode 3.2";
			developmentRegion = English;
			hasScannedForEncodings = 0;
			knownRegions = (
				en,
				Base,
			);
			mainGroup = 1D86179E1AFACA650047DE56;
			productRefGroup = 1D8617A81AFACA650047DE56 /* Products */;
			projectDirPath = "";
			projectRoot = "";
			targets = (
				1D8617A61AFACA650047DE56 /* BrightbyThree */,
			);
		};
/* End PBXProject section */

/* Begin PBXResourcesBuildPhase section */
		1D8617A51AFACA650047DE56 /* Resources */ = {
			isa = PBXResourcesBuildPhase;
			buildActionMask = 2147483647;
			files = (
				1D7279AE1B434FFB00585A94 /* Piton.png in Resources */,
				1D0D874A1B03123400BFC6DC /* page4.png in Resources */,
				1D14A55A1B504C2A000EECAB /* blueButton@2x.png in Resources */,
				1D487B2F1B446D6700A64137 /* 1x.png in Resources */,
				1D9FB5A71B092F820007886F /* setGoals.png in Resources */,
				1D14A56A1B504C2A000EECAB /* tanButton.png in Resources */,
				1D9FB58A1B092E7E0007886F /* Badge400.png in Resources */,
				1DBA0E4C1B3B44620018E759 /* Baby with tongue out.jpg in Resources */,
				1D14A5701B504C2A000EECAB /* whiteButtonHighlight.png in Resources */,
				1D14A55C1B504C2A000EECAB /* blueButtonHighlight@2x.png in Resources */,
				1D14A56B1B504C2A000EECAB /* tanButton@2x.png in Resources */,
				1D9FB5A61B092F820007886F /* rateMessage.png in Resources */,
				1D9FB5B11B0930180007886F /* 53-house.png in Resources */,
				1D14A5581B504C2A000EECAB /* blackButtonHighlight@2x.png in Resources */,
				1D8617D51AFB16210047DE56 /* glyphicons-157-show-thumbnails.png in Resources */,
				1D14A5691B504C2A000EECAB /* orangeButtonHighlight@2x.png in Resources */,
				1D487B331B446D7300A64137 /* 3x.png in Resources */,
				1D9A1EC81B1600AB00DC66CE /* 187-pencil.png in Resources */,
				1D0D87491B03123400BFC6DC /* page3.png in Resources */,
				1D14A5AC1B518231000EECAB /* twitter@2x.png in Resources */,
				1D9FB5A31B092F250007886F /* 117-todo.png in Resources */,
				1D14A5641B504C2A000EECAB /* greyButtonHighlight.png in Resources */,
				1D14A5591B504C2A000EECAB /* blueButton.png in Resources */,
				1D9FB58C1B092E7E0007886F /* Badge1000.png in Resources */,
				1D14A5621B504C2A000EECAB /* greyButton@2x.png in Resources */,
				1D9FB5991B092F040007886F /* facebook-Logo.jpg in Resources */,
				1D14A55D1B504C2A000EECAB /* greenButton.png in Resources */,
				1D14A5601B504C2A000EECAB /* greenButtonHighlight@2x.png in Resources */,
				1D9FB5921B092E7E0007886F /* Badge4000.png in Resources */,
				1D14A5651B504C2A000EECAB /* greyButtonHighlight@2x.png in Resources */,
				1D9FB5891B092E7E0007886F /* Badge150.png in Resources */,
				1D14A5571B504C2A000EECAB /* blackButtonHighlight.png in Resources */,
				1D9FB59D1B092F1A0007886F /* 81-dashboard.png in Resources */,
				1D14A56C1B504C2A000EECAB /* tanButtonHighlight.png in Resources */,
				1D0D87471B03123400BFC6DC /* page1.png in Resources */,
				1D9FB58E1B092E7E0007886F /* Badge2000.png in Resources */,
				1D14A5611B504C2A000EECAB /* greyButton.png in Resources */,
				1D9FB5931B092E7E0007886F /* Badge4500.png in Resources */,
				1D14A5561B504C2A000EECAB /* blackButton@2x.png in Resources */,
				1DA9635F1B4C8C800055758A /* Toddler on grass.jpg in Resources */,
				1D9FB5951B092E7E0007886F /* badges.png in Resources */,
				1D7279B81B43574500585A94 /* Accords.png in Resources */,
				1D7279B61B4356DB00585A94 /* BB3_AboutUs.png in Resources */,
				1D8A32CB1B57F9A1006343E1 /* Icon.png in Resources */,
				1DBA0E501B3B44A50018E759 /* iStock_000015216865_Large.jpg in Resources */,
				1DBA0E521B3B49810018E759 /* network.jpg in Resources */,
				1D14A56F1B504C2A000EECAB /* whiteButton@2x.png in Resources */,
				1D7279B21B4352B000585A94 /* daniels.png in Resources */,
				1D8A32CA1B57F9A1006343E1 /* Icon-72.png in Resources */,
				1DEF81EB1B3E9D1B003EEF92 /* goals.jpg in Resources */,
				1D9872BF1AFC56DB00C0AC5D /* BB3_logo-icon_WEB_rgb.png in Resources */,
				1DBA0E4E1B3B449E0018E759 /* iStock_000024919385_XXXLarge.jpg in Resources */,
				1D14A5681B504C2A000EECAB /* orangeButtonHighlight.png in Resources */,
				1D9FB5AF1B092FFF0007886F /* 18-envelope.png in Resources */,
				1D9FB58F1B092E7E0007886F /* Badge2500.png in Resources */,
				1D9FB5B51B0930570007886F /* 19-gear.png in Resources */,
				1D9FB5AB1B092FF00007886F /* 08-chat.png in Resources */,
				1D9FB59E1B092F1A0007886F /* 85-trophy.png in Resources */,
				1D7279B41B4356C800585A94 /* childrens.png in Resources */,
				1D9FB58D1B092E7E0007886F /* Badge1500.png in Resources */,
				1D14A55E1B504C2A000EECAB /* greenButton@2x.png in Resources */,
				1D9FBB661B1017FA0075E097 /* BB3_logo-icon_WEB_rgb_28x28.png in Resources */,
				1D14A5661B504C2A000EECAB /* orangeButton.png in Resources */,
				1D9FB5A91B092FE40007886F /* 01-refresh.png in Resources */,
				1D487B311B446D6D00A64137 /* 2x.png in Resources */,
				1D7279B01B4350FD00585A94 /* walton.png in Resources */,
				1D8617BE1AFACA650047DE56 /* LaunchScreen.xib in Resources */,
				1D0D87481B03123400BFC6DC /* page2.png in Resources */,
				1D9FB5901B092E7E0007886F /* Badge3000.png in Resources */,
				1D14A56D1B504C2A000EECAB /* tanButtonHighlight@2x.png in Resources */,
				1D0D87381B02359700BFC6DC /* BB3_logo_horiz_WEB_rgb.png in Resources */,
				1D14A56E1B504C2A000EECAB /* whiteButton.png in Resources */,
				1D9FB5A21B092F250007886F /* 111-user.png in Resources */,
				1D14A5671B504C2A000EECAB /* orangeButton@2x.png in Resources */,
				1D9FB5B31B0930260007886F /* 76-baby.png in Resources */,
				1D9FB58B1B092E7E0007886F /* Badge700.png in Resources */,
				1D487B391B4A344000A64137 /* Story1.storyboard in Resources */,
				1D9A1ECE1B164E2F00DC66CE /* 28-star.png in Resources */,
				1D9FB59F1B092F1A0007886F /* 86-camera.png in Resources */,
				1D9FB5941B092E7E0007886F /* Badge5000.png in Resources */,
				1D14A5711B504C2A000EECAB /* whiteButtonHighlight@2x.png in Resources */,
				1DBA0E451B3B2A900018E759 /* 06-magnify.png in Resources */,
				1D9FB5AD1B092FF90007886F /* 13-target.png in Resources */,
				1D14A55F1B504C2A000EECAB /* greenButtonHighlight.png in Resources */,
				1D14A5551B504C2A000EECAB /* blackButton.png in Resources */,
				1D14A55B1B504C2A000EECAB /* blueButtonHighlight.png in Resources */,
				1DAB27E21B35925000A2FA5D /* messages.jpeg in Resources */,
				1D14A5631B504C2A000EECAB /* greyButton@2xpng in Resources */,
				1DBA0E4A1B3B33040018E759 /* Mom reading with baby - anglo.jpg in Resources */,
				1D8617BB1AFACA650047DE56 /* Images.xcassets in Resources */,
				1D9FB5911B092E7E0007886F /* Badge3500.png in Resources */,
			);
			runOnlyForDeploymentPostprocessing = 0;
		};
/* End PBXResourcesBuildPhase section */

/* Begin PBXSourcesBuildPhase section */
		1D8617A31AFACA650047DE56 /* Sources */ = {
			isa = PBXSourcesBuildPhase;
			buildActionMask = 2147483647;
			files = (
				1D4B120F1B39345200D194BA /* HTPressableButton.m in Sources */,
				1D14A5AA1B518117000EECAB /* MRoundedButton.m in Sources */,
				1D9872C41B01381B00C0AC5D /* signUpViewController.m in Sources */,
				1D28EE991B12C54E00C712CC /* GoalsViewController.m in Sources */,
				1D8617B61AFACA650047DE56 /* SecondViewController.m in Sources */,
				1D4B12111B39345200D194BA /* UIColor+HTColor.m in Sources */,
				1D28EE9F1B1488E300C712CC /* NetworkViewController.m in Sources */,
				1D0D873A1B02401600BFC6DC /* PageContentViewController.m in Sources */,
				1D4AAE3F1B182B34002D3F72 /* EnrollNow.m in Sources */,
				1D740AC71B4E92380077D370 /* ACPButton.m in Sources */,
				1D0D9E3A1B54C19A009FD90C /* SettingsViewController.m in Sources */,
				1D8617B01AFACA650047DE56 /* AppDelegate.m in Sources */,
				1D4B65051B1E9C1E007EAFAF /* TutorialViewController.m in Sources */,
				1D4B12101B39345200D194BA /* HTPressableButtonPrefs.m in Sources */,
				1D4B12121B39345200D194BA /* UIImage+HTButton.m in Sources */,
				1DBA0E481B3B2B4F0018E759 /* DashboardViewController.m in Sources */,
				1D9A1ECC1B16027C00DC66CE /* DKCircleButton.m in Sources */,
				1D8617B31AFACA650047DE56 /* FirstViewController.m in Sources */,
				1DBA0E541B3C9EEF0018E759 /* AboutUsViewController.m in Sources */,
				1D0D874D1B0387E400BFC6DC /* LoginViewController.m in Sources */,
				1D9FB57A1B0922050007886F /* badgeViewController.m in Sources */,
				1D0D9E371B545269009FD90C /* FormTableController.m in Sources */,
				1D0D873D1B02498E00BFC6DC /* StartViewController.m in Sources */,
				1D8617AD1AFACA650047DE56 /* main.m in Sources */,
				1DBA20E51B52858900982CA1 /* tutorialDetails.m in Sources */,
				1D99088F1B0A9E5800D2A38F /* LogMinutes.m in Sources */,
				1DEF81EE1B3EACF7003EEF92 /* MyAccountViewController.m in Sources */,
				1D9872C11AFC5BC600C0AC5D /* Dashboard.m in Sources */,
				1D9A1ED11B16506E00DC66CE /* TextMessageViewController.m in Sources */,
			);
			runOnlyForDeploymentPostprocessing = 0;
		};
/* End PBXSourcesBuildPhase section */

/* Begin PBXVariantGroup section */
		1D8617BC1AFACA650047DE56 /* LaunchScreen.xib */ = {
			isa = PBXVariantGroup;
			children = (
				1D8617BD1AFACA650047DE56 /* Base */,
			);
			name = LaunchScreen.xib;
			sourceTree = "<group>";
		};
/* End PBXVariantGroup section */

/* Begin XCBuildConfiguration section */
		1D8617CB1AFACA650047DE56 /* Debug */ = {
			isa = XCBuildConfiguration;
			buildSettings = {
				ALWAYS_SEARCH_USER_PATHS = YES;
				CLANG_CXX_LANGUAGE_STANDARD = "gnu++0x";
				CLANG_CXX_LIBRARY = "libc++";
				CLANG_ENABLE_MODULES = YES;
				CLANG_ENABLE_OBJC_ARC = YES;
				CLANG_WARN_BOOL_CONVERSION = YES;
				CLANG_WARN_CONSTANT_CONVERSION = YES;
				CLANG_WARN_DIRECT_OBJC_ISA_USAGE = YES_ERROR;
				CLANG_WARN_EMPTY_BODY = YES;
				CLANG_WARN_ENUM_CONVERSION = YES;
				CLANG_WARN_INT_CONVERSION = YES;
				CLANG_WARN_OBJC_ROOT_CLASS = YES_ERROR;
				CLANG_WARN_UNREACHABLE_CODE = YES;
				CLANG_WARN__DUPLICATE_METHOD_MATCH = YES;
				"CODE_SIGN_IDENTITY[sdk=iphoneos*]" = "iPhone Developer";
				COPY_PHASE_STRIP = NO;
				DEBUG_INFORMATION_FORMAT = "dwarf-with-dsym";
				ENABLE_STRICT_OBJC_MSGSEND = YES;
				GCC_C_LANGUAGE_STANDARD = gnu99;
				GCC_DYNAMIC_NO_PIC = NO;
				GCC_NO_COMMON_BLOCKS = YES;
				GCC_OPTIMIZATION_LEVEL = 0;
				GCC_PREPROCESSOR_DEFINITIONS = (
					"DEBUG=1",
					"$(inherited)",
				);
				GCC_SYMBOLS_PRIVATE_EXTERN = NO;
				GCC_WARN_64_TO_32_BIT_CONVERSION = YES;
				GCC_WARN_ABOUT_RETURN_TYPE = YES_ERROR;
				GCC_WARN_UNDECLARED_SELECTOR = YES;
				GCC_WARN_UNINITIALIZED_AUTOS = YES_AGGRESSIVE;
				GCC_WARN_UNUSED_FUNCTION = YES;
				GCC_WARN_UNUSED_VARIABLE = YES;
				HEADER_SEARCH_PATHS = (
					"$(inherited)",
					/Applications/Xcode.app/Contents/Developer/Toolchains/XcodeDefault.xctoolchain/usr/include,
					HEADER_SEARCH_PATHS,
				);
				IPHONEOS_DEPLOYMENT_TARGET = 8.3;
				MTL_ENABLE_DEBUG_INFO = YES;
				ONLY_ACTIVE_ARCH = YES;
				SDKROOT = iphoneos;
				TARGETED_DEVICE_FAMILY = "1,2";
			};
			name = Debug;
		};
		1D8617CC1AFACA650047DE56 /* Release */ = {
			isa = XCBuildConfiguration;
			buildSettings = {
				ALWAYS_SEARCH_USER_PATHS = YES;
				CLANG_CXX_LANGUAGE_STANDARD = "gnu++0x";
				CLANG_CXX_LIBRARY = "libc++";
				CLANG_ENABLE_MODULES = YES;
				CLANG_ENABLE_OBJC_ARC = YES;
				CLANG_WARN_BOOL_CONVERSION = YES;
				CLANG_WARN_CONSTANT_CONVERSION = YES;
				CLANG_WARN_DIRECT_OBJC_ISA_USAGE = YES_ERROR;
				CLANG_WARN_EMPTY_BODY = YES;
				CLANG_WARN_ENUM_CONVERSION = YES;
				CLANG_WARN_INT_CONVERSION = YES;
				CLANG_WARN_OBJC_ROOT_CLASS = YES_ERROR;
				CLANG_WARN_UNREACHABLE_CODE = YES;
				CLANG_WARN__DUPLICATE_METHOD_MATCH = YES;
				"CODE_SIGN_IDENTITY[sdk=iphoneos*]" = "iPhone Developer";
				COPY_PHASE_STRIP = NO;
				DEBUG_INFORMATION_FORMAT = "dwarf-with-dsym";
				ENABLE_NS_ASSERTIONS = NO;
				ENABLE_STRICT_OBJC_MSGSEND = YES;
				GCC_C_LANGUAGE_STANDARD = gnu99;
				GCC_NO_COMMON_BLOCKS = YES;
				GCC_WARN_64_TO_32_BIT_CONVERSION = YES;
				GCC_WARN_ABOUT_RETURN_TYPE = YES_ERROR;
				GCC_WARN_UNDECLARED_SELECTOR = YES;
				GCC_WARN_UNINITIALIZED_AUTOS = YES_AGGRESSIVE;
				GCC_WARN_UNUSED_FUNCTION = YES;
				GCC_WARN_UNUSED_VARIABLE = YES;
				HEADER_SEARCH_PATHS = (
					"$(inherited)",
					/Applications/Xcode.app/Contents/Developer/Toolchains/XcodeDefault.xctoolchain/usr/include,
					HEADER_SEARCH_PATHS,
				);
				IPHONEOS_DEPLOYMENT_TARGET = 8.3;
				MTL_ENABLE_DEBUG_INFO = NO;
				SDKROOT = iphoneos;
				TARGETED_DEVICE_FAMILY = "1,2";
				VALIDATE_PRODUCT = YES;
			};
			name = Release;
		};
		1D8617CE1AFACA650047DE56 /* Debug */ = {
			isa = XCBuildConfiguration;
			buildSettings = {
				ASSETCATALOG_COMPILER_APPICON_NAME = "AppIcon-2";
				ASSETCATALOG_COMPILER_LAUNCHIMAGE_NAME = LaunchImage;
				CODE_SIGN_IDENTITY = "iPhone Distribution: Sheana Bull (8B2Z9YK54P)";
				"CODE_SIGN_IDENTITY[sdk=iphoneos*]" = "iPhone Distribution: Sheana Bull (8B2Z9YK54P)";
				FRAMEWORK_SEARCH_PATHS = "$(PLATFORM_DIR)/Developer/Library/Frameworks";
				INFOPLIST_FILE = BrightbyThree/Info.plist;
				IPHONEOS_DEPLOYMENT_TARGET = 7.0;
				LD_RUNPATH_SEARCH_PATHS = "$(inherited) @executable_path/Frameworks";
				PRODUCT_NAME = "$(TARGET_NAME)";
				PROVISIONING_PROFILE = "555aeb1c-189f-47e0-99db-3d46fe18f00e";
				TARGETED_DEVICE_FAMILY = "1,2";
			};
			name = Debug;
		};
		1D8617CF1AFACA650047DE56 /* Release */ = {
			isa = XCBuildConfiguration;
			buildSettings = {
				ASSETCATALOG_COMPILER_APPICON_NAME = "AppIcon-2";
				ASSETCATALOG_COMPILER_LAUNCHIMAGE_NAME = LaunchImage;
				CODE_SIGN_IDENTITY = "iPhone Distribution: Sheana Bull (8B2Z9YK54P)";
				"CODE_SIGN_IDENTITY[sdk=iphoneos*]" = "iPhone Distribution: Sheana Bull (8B2Z9YK54P)";
				FRAMEWORK_SEARCH_PATHS = "$(PLATFORM_DIR)/Developer/Library/Frameworks";
				INFOPLIST_FILE = BrightbyThree/Info.plist;
				IPHONEOS_DEPLOYMENT_TARGET = 7.0;
				LD_RUNPATH_SEARCH_PATHS = "$(inherited) @executable_path/Frameworks";
				PRODUCT_NAME = "$(TARGET_NAME)";
				PROVISIONING_PROFILE = "555aeb1c-189f-47e0-99db-3d46fe18f00e";
				"PROVISIONING_PROFILE[sdk=*]" = "555aeb1c-189f-47e0-99db-3d46fe18f00e";
				TARGETED_DEVICE_FAMILY = "1,2";
			};
			name = Release;
		};
/* End XCBuildConfiguration section */

/* Begin XCConfigurationList section */
		1D8617A21AFACA650047DE56 /* Build configuration list for PBXProject "BrightbyThree" */ = {
			isa = XCConfigurationList;
			buildConfigurations = (
				1D8617CB1AFACA650047DE56 /* Debug */,
				1D8617CC1AFACA650047DE56 /* Release */,
			);
			defaultConfigurationIsVisible = 0;
			defaultConfigurationName = Release;
		};
		1D8617CD1AFACA650047DE56 /* Build configuration list for PBXNativeTarget "BrightbyThree" */ = {
			isa = XCConfigurationList;
			buildConfigurations = (
				1D8617CE1AFACA650047DE56 /* Debug */,
				1D8617CF1AFACA650047DE56 /* Release */,
			);
			defaultConfigurationIsVisible = 0;
			defaultConfigurationName = Release;
		};
/* End XCConfigurationList section */
	};
	rootObject = 1D86179F1AFACA650047DE56 /* Project object */;
}
